<?xml version="1.0" encoding="utf-8"?>
<Project ToolsVersion="4.0" xmlns="http://schemas.microsoft.com/developer/msbuild/2003">
  <ItemGroup>
    <Filter Include="ui">
      <UniqueIdentifier>{b9a74087-c86c-47f2-9e87-25fddf73d37e}</UniqueIdentifier>
    </Filter>
    <Filter Include="create">
      <UniqueIdentifier>{e9dffd18-2376-49a7-aa98-9d25ac03b6c7}</UniqueIdentifier>
    </Filter>
    <Filter Include="create\container">
      <UniqueIdentifier>{40552907-990c-4096-942e-ab5d35747453}</UniqueIdentifier>
    </Filter>
    <Filter Include="ui\message">
      <UniqueIdentifier>{911d38e6-50c1-435d-9714-598234e89f30}</UniqueIdentifier>
    </Filter>
  </ItemGroup>
  <ItemGroup>
    <ClCompile Include="wab\ui\Builder_WndProc.cpp" />
    <ClCompile Include="wab\ui\Button.cpp" />
    <ClCompile Include="wab\ui\Combobox.cpp" />
    <ClCompile Include="wab\ui\Control.cpp" />
    <ClCompile Include="wab\ui\Edit.cpp" />
    <ClCompile Include="wab\ui\Listbox.cpp" />
    <ClCompile Include="wab\ui\ListView.cpp" />
    <ClCompile Include="wab\ui\Menu.cpp" />
    <ClCompile Include="wab\ui\MenuItem.cpp" />
    <ClCompile Include="wab\ui\Richtext.cpp" />
    <ClCompile Include="wab\ui\Static.cpp" />
    <ClCompile Include="wab\ui\Treeview.cpp" />
    <ClCompile Include="wab\ui\Window.cpp" />
    <ClCompile Include="wab\create\Create_Button.cpp">
      <Filter>create</Filter>
    </ClCompile>
    <ClCompile Include="wab\create\container\Create_Canvas.cpp">
      <Filter>create</Filter>
    </ClCompile>
    <ClCompile Include="wab\create\Create_Combobox.cpp">
      <Filter>create</Filter>
    </ClCompile>
    <ClCompile Include="wab\create\container\Create_Container.cpp">
      <Filter>create</Filter>
    </ClCompile>
    <ClCompile Include="wab\create\Create_Control.cpp">
      <Filter>create</Filter>
    </ClCompile>
    <ClCompile Include="wab\create\Create_Edit.cpp">
      <Filter>create</Filter>
    </ClCompile>
    <ClCompile Include="wab\create\Create_Listbox.cpp">
      <Filter>create</Filter>
    </ClCompile>
    <ClCompile Include="wab\create\Create_ListView.cpp">
      <Filter>create</Filter>
    </ClCompile>
    <ClCompile Include="wab\create\Create_Menu.cpp">
      <Filter>create</Filter>
    </ClCompile>
    <ClCompile Include="wab\create\Create_Richtext.cpp">
      <Filter>create</Filter>
    </ClCompile>
    <ClCompile Include="wab\create\container\Create_StackPanel.cpp">
      <Filter>create</Filter>
    </ClCompile>
    <ClCompile Include="wab\create\Create_Static.cpp">
      <Filter>create</Filter>
    </ClCompile>
    <ClCompile Include="wab\create\Create_Treeview.cpp">
      <Filter>create</Filter>
    </ClCompile>
  </ItemGroup>
  <ItemGroup>
    <ClInclude Include="wab\ui\Builder.h" />
    <ClInclude Include="wab\ui\Builder_WndProc.h" />
    <ClInclude Include="wab\ui\Button.h" />
    <ClInclude Include="wab\ui\Combobox.h" />
    <ClInclude Include="wab\ui\Control.h" />
    <ClInclude Include="wab\ui\Edit.h" />
    <ClInclude Include="wab\ui\IControl.h" />
    <ClInclude Include="wab\ui\IWindow.h" />
    <ClInclude Include="wab\ui\Listbox.h" />
    <ClInclude Include="wab\ui\ListView.h" />
    <ClInclude Include="wab\ui\Menu.h" />
    <ClInclude Include="wab\ui\MenuItem.h" />
    <ClInclude Include="wab\ui\message\ControlCommand.h" />
    <ClInclude Include="wab\ui\message\MenuCommand.h" />
    <ClInclude Include="wab\ui\message\MenuSelect.h" />
    <ClInclude Include="wab\ui\message\Message.h" />
    <ClInclude Include="wab\ui\message\Messages.h" />
    <ClInclude Include="wab\ui\message\Notify.h" />
    <ClInclude Include="wab\ui\message\Params.h" />
    <ClInclude Include="wab\ui\message\Timer.h" />
    <ClInclude Include="wab\ui\message\User.h" />
    <ClInclude Include="wab\ui\POD.h" />
    <ClInclude Include="wab\ui\Richtext.h" />
    <ClInclude Include="wab\ui\Static.h" />
    <ClInclude Include="wab\ui\Treeview.h" />
    <ClInclude Include="wab\ui\Window.h" />
    <ClInclude Include="wab\create\Create_Treeview.h">
      <Filter>create</Filter>
    </ClInclude>
    <ClInclude Include="wab\create\Create_Button.h">
      <Filter>create</Filter>
    </ClInclude>
    <ClInclude Include="wab\create\container\Create_Canvas.h">
      <Filter>create</Filter>
    </ClInclude>
    <ClInclude Include="wab\create\Create_Combobox.h">
      <Filter>create</Filter>
    </ClInclude>
    <ClInclude Include="wab\create\container\Create_Container.h">
      <Filter>create</Filter>
    </ClInclude>
    <ClInclude Include="wab\create\Create_Control.h">
      <Filter>create</Filter>
    </ClInclude>
    <ClInclude Include="wab\create\Create_Edit.h">
      <Filter>create</Filter>
    </ClInclude>
    <ClInclude Include="wab\create\Create_IControl.h">
      <Filter>create</Filter>
    </ClInclude>
    <ClInclude Include="wab\create\Create_Listbox.h">
      <Filter>create</Filter>
    </ClInclude>
    <ClInclude Include="wab\create\Create_ListView.h">
      <Filter>create</Filter>
    </ClInclude>
    <ClInclude Include="wab\create\Create_Menu.h">
      <Filter>create</Filter>
    </ClInclude>
    <ClInclude Include="wab\create\Create_Richtext.h">
      <Filter>create</Filter>
    </ClInclude>
    <ClInclude Include="wab\create\container\Create_StackPanel.h">
      <Filter>create</Filter>
    </ClInclude>
    <ClInclude Include="wab\create\Create_Static.h">
      <Filter>create</Filter>
    </ClInclude>
  </ItemGroup>
</Project>