
Microsoft Visual Studio Solution File, Format Version 12.00
# Visual Studio 14
VisualStudioVersion = 14.0.25420.1
MinimumVisualStudioVersion = 10.0.40219.1
Project("{2150E333-8FDC-42A3-9474-1A3956D46DE8}") = "Orderer Tests OpenGL", "Orderer Tests OpenGL", "{0ACAB752-0AD7-4562-8ACE-F06D00ECC55A}"
EndProject
Project("{2150E333-8FDC-42A3-9474-1A3956D46DE8}") = "Orderer Tests DirectX", "Orderer Tests DirectX", "{1AC78C67-FF2C-45A5-9C3F-9BD0D61DAC62}"
EndProject
Project("{8BC9CEB8-8B4A-11D0-8D11-00A0C91BC942}") = "Test01-Device and 2D Quad", "Test01-Device and 2D Quad\Test01-Device and 2D Quad.vcxproj", "{69EA05C5-3E6F-4768-857A-4C0827549676}"
EndProject
Project("{8BC9CEB8-8B4A-11D0-8D11-00A0C91BC942}") = "Test02-RotatingCube", "Test02-RotatingCube\Test02-RotatingCube.vcxproj", "{44D53BCD-C8A4-4716-AE5B-ABC0CE1B0B5A}"
EndProject
Project("{8BC9CEB8-8B4A-11D0-8D11-00A0C91BC942}") = "Test03-Direct2Dwith3D", "Test03-Direct2Dwith3D\Test03-Direct2Dwith3D.vcxproj", "{4EC1B9F7-5716-4EC3-92EF-7933AEC1C1C9}"
EndProject
Project("{8BC9CEB8-8B4A-11D0-8D11-00A0C91BC942}") = "Test04-Direct2Dwith3DOffscreened", "Test04-Direct2Dwith3DOffscreened\Test04-Direct2Dwith3DOffscreened.vcxproj", "{334A55C6-E8F9-4482-8DA9-970032733F2B}"
EndProject
Project("{8BC9CEB8-8B4A-11D0-8D11-00A0C91BC942}") = "Test05-DirectWriteAnd3D", "Test05-DirectWriteAnd3D\Test05-DirectWriteAnd3D.vcxproj", "{BBDB7331-5E30-47EA-A7AB-1B2C66DF70CF}"
EndProject
Project("{8BC9CEB8-8B4A-11D0-8D11-00A0C91BC942}") = "Test06-FiveQuad", "Test06-FiveQuad\Test06-FiveQuad.vcxproj", "{9CFD4912-C77E-4432-83DF-343A3AE2BF0B}"
EndProject
Project("{8BC9CEB8-8B4A-11D0-8D11-00A0C91BC942}") = "Test07-ComputeShader", "Test07-ComputeShader\Test07-ComputeShader.vcxproj", "{09B142B1-1D20-49FC-AB2E-83B987C8B633}"
EndProject
Project("{8BC9CEB8-8B4A-11D0-8D11-00A0C91BC942}") = "Test08-TexturedCubeProgrammatic", "Test08-TexturedCubeProgrammatic\Test08-TexturedCubeProgrammatic.vcxproj", "{84CB46EF-E4BA-436A-A545-A9C66407095A}"
EndProject
Project("{8BC9CEB8-8B4A-11D0-8D11-00A0C91BC942}") = "Test09-TexturedCubeFromFile", "Test09-TexturedCubeFromFile\Test09-TexturedCubeFromFile.vcxproj", "{4456DD63-DF57-41C0-9886-C8AF21DAB229}"
EndProject
Project("{8BC9CEB8-8B4A-11D0-8D11-00A0C91BC942}") = "Test10-LotsOfCubes", "Test10-LotsOfCubes\Test10-LotsOfCubes.vcxproj", "{C9C80DDA-D431-463C-A509-34FC5C9A2CFA}"
EndProject
Project("{8BC9CEB8-8B4A-11D0-8D11-00A0C91BC942}") = "Test11-LotsOfCubesOptimizedPQ", "Test11-LotsOfCubesOptimized\Test11-LotsOfCubesOptimized.vcxproj", "{6BC84A03-0BAD-462E-AB0E-E79C8459C279}"
EndProject
Project("{8BC9CEB8-8B4A-11D0-8D11-00A0C91BC942}") = "GLTest01-Device and 2D Quad", "GLTest01-Device and 2D Quad\GLTest01-Device and 2D Quad.vcxproj", "{00A9D055-DC39-4736-B54D-99533E3A7470}"
EndProject
Project("{8BC9CEB8-8B4A-11D0-8D11-00A0C91BC942}") = "Test12-LotsOfCubesOptimizedMatrix", "Test12-LotsOfCubesOptimizedMatrix\Test12-LotsOfCubesOptimizedMatrix.vcxproj", "{6C2C9358-6ED3-4D9A-BF6A-F0F002A53CE1}"
EndProject
Global
	GlobalSection(SolutionConfigurationPlatforms) = preSolution
		Debug|Win32 = Debug|Win32
		Debug|x64 = Debug|x64
		Release|Win32 = Release|Win32
		Release|x64 = Release|x64
	EndGlobalSection
	GlobalSection(ProjectConfigurationPlatforms) = postSolution
		{69EA05C5-3E6F-4768-857A-4C0827549676}.Debug|Win32.ActiveCfg = Debug|Win32
		{69EA05C5-3E6F-4768-857A-4C0827549676}.Debug|Win32.Build.0 = Debug|Win32
		{69EA05C5-3E6F-4768-857A-4C0827549676}.Debug|Win32.Deploy.0 = Debug|Win32
		{69EA05C5-3E6F-4768-857A-4C0827549676}.Debug|x64.ActiveCfg = Debug|Win32
		{69EA05C5-3E6F-4768-857A-4C0827549676}.Release|Win32.ActiveCfg = Release|Win32
		{69EA05C5-3E6F-4768-857A-4C0827549676}.Release|Win32.Build.0 = Release|Win32
		{69EA05C5-3E6F-4768-857A-4C0827549676}.Release|Win32.Deploy.0 = Release|Win32
		{69EA05C5-3E6F-4768-857A-4C0827549676}.Release|x64.ActiveCfg = Release|Win32
		{44D53BCD-C8A4-4716-AE5B-ABC0CE1B0B5A}.Debug|Win32.ActiveCfg = Debug|Win32
		{44D53BCD-C8A4-4716-AE5B-ABC0CE1B0B5A}.Debug|Win32.Build.0 = Debug|Win32
		{44D53BCD-C8A4-4716-AE5B-ABC0CE1B0B5A}.Debug|Win32.Deploy.0 = Debug|Win32
		{44D53BCD-C8A4-4716-AE5B-ABC0CE1B0B5A}.Debug|x64.ActiveCfg = Debug|Win32
		{44D53BCD-C8A4-4716-AE5B-ABC0CE1B0B5A}.Release|Win32.ActiveCfg = Release|Win32
		{44D53BCD-C8A4-4716-AE5B-ABC0CE1B0B5A}.Release|Win32.Build.0 = Release|Win32
		{44D53BCD-C8A4-4716-AE5B-ABC0CE1B0B5A}.Release|Win32.Deploy.0 = Release|Win32
		{44D53BCD-C8A4-4716-AE5B-ABC0CE1B0B5A}.Release|x64.ActiveCfg = Release|Win32
		{4EC1B9F7-5716-4EC3-92EF-7933AEC1C1C9}.Debug|Win32.ActiveCfg = Debug|Win32
		{4EC1B9F7-5716-4EC3-92EF-7933AEC1C1C9}.Debug|Win32.Build.0 = Debug|Win32
		{4EC1B9F7-5716-4EC3-92EF-7933AEC1C1C9}.Debug|Win32.Deploy.0 = Debug|Win32
		{4EC1B9F7-5716-4EC3-92EF-7933AEC1C1C9}.Debug|x64.ActiveCfg = Debug|Win32
		{4EC1B9F7-5716-4EC3-92EF-7933AEC1C1C9}.Release|Win32.ActiveCfg = Release|Win32
		{4EC1B9F7-5716-4EC3-92EF-7933AEC1C1C9}.Release|Win32.Build.0 = Release|Win32
		{4EC1B9F7-5716-4EC3-92EF-7933AEC1C1C9}.Release|Win32.Deploy.0 = Release|Win32
		{4EC1B9F7-5716-4EC3-92EF-7933AEC1C1C9}.Release|x64.ActiveCfg = Release|Win32
		{334A55C6-E8F9-4482-8DA9-970032733F2B}.Debug|Win32.ActiveCfg = Debug|Win32
		{334A55C6-E8F9-4482-8DA9-970032733F2B}.Debug|Win32.Build.0 = Debug|Win32
		{334A55C6-E8F9-4482-8DA9-970032733F2B}.Debug|Win32.Deploy.0 = Debug|Win32
		{334A55C6-E8F9-4482-8DA9-970032733F2B}.Debug|x64.ActiveCfg = Debug|Win32
		{334A55C6-E8F9-4482-8DA9-970032733F2B}.Release|Win32.ActiveCfg = Release|Win32
		{334A55C6-E8F9-4482-8DA9-970032733F2B}.Release|Win32.Build.0 = Release|Win32
		{334A55C6-E8F9-4482-8DA9-970032733F2B}.Release|Win32.Deploy.0 = Release|Win32
		{334A55C6-E8F9-4482-8DA9-970032733F2B}.Release|x64.ActiveCfg = Release|Win32
		{BBDB7331-5E30-47EA-A7AB-1B2C66DF70CF}.Debug|Win32.ActiveCfg = Debug|Win32
		{BBDB7331-5E30-47EA-A7AB-1B2C66DF70CF}.Debug|Win32.Build.0 = Debug|Win32
		{BBDB7331-5E30-47EA-A7AB-1B2C66DF70CF}.Debug|Win32.Deploy.0 = Debug|Win32
		{BBDB7331-5E30-47EA-A7AB-1B2C66DF70CF}.Debug|x64.ActiveCfg = Debug|Win32
		{BBDB7331-5E30-47EA-A7AB-1B2C66DF70CF}.Release|Win32.ActiveCfg = Release|Win32
		{BBDB7331-5E30-47EA-A7AB-1B2C66DF70CF}.Release|Win32.Build.0 = Release|Win32
		{BBDB7331-5E30-47EA-A7AB-1B2C66DF70CF}.Release|Win32.Deploy.0 = Release|Win32
		{BBDB7331-5E30-47EA-A7AB-1B2C66DF70CF}.Release|x64.ActiveCfg = Release|Win32
		{9CFD4912-C77E-4432-83DF-343A3AE2BF0B}.Debug|Win32.ActiveCfg = Debug|Win32
		{9CFD4912-C77E-4432-83DF-343A3AE2BF0B}.Debug|Win32.Build.0 = Debug|Win32
		{9CFD4912-C77E-4432-83DF-343A3AE2BF0B}.Debug|x64.ActiveCfg = Debug|Win32
		{9CFD4912-C77E-4432-83DF-343A3AE2BF0B}.Release|Win32.ActiveCfg = Release|Win32
		{9CFD4912-C77E-4432-83DF-343A3AE2BF0B}.Release|Win32.Build.0 = Release|Win32
		{9CFD4912-C77E-4432-83DF-343A3AE2BF0B}.Release|x64.ActiveCfg = Release|Win32
		{09B142B1-1D20-49FC-AB2E-83B987C8B633}.Debug|Win32.ActiveCfg = Debug|Win32
		{09B142B1-1D20-49FC-AB2E-83B987C8B633}.Debug|Win32.Build.0 = Debug|Win32
		{09B142B1-1D20-49FC-AB2E-83B987C8B633}.Debug|x64.ActiveCfg = Debug|Win32
		{09B142B1-1D20-49FC-AB2E-83B987C8B633}.Release|Win32.ActiveCfg = Release|Win32
		{09B142B1-1D20-49FC-AB2E-83B987C8B633}.Release|Win32.Build.0 = Release|Win32
		{09B142B1-1D20-49FC-AB2E-83B987C8B633}.Release|x64.ActiveCfg = Release|Win32
		{84CB46EF-E4BA-436A-A545-A9C66407095A}.Debug|Win32.ActiveCfg = Debug|Win32
		{84CB46EF-E4BA-436A-A545-A9C66407095A}.Debug|Win32.Build.0 = Debug|Win32
		{84CB46EF-E4BA-436A-A545-A9C66407095A}.Debug|x64.ActiveCfg = Debug|Win32
		{84CB46EF-E4BA-436A-A545-A9C66407095A}.Release|Win32.ActiveCfg = Release|Win32
		{84CB46EF-E4BA-436A-A545-A9C66407095A}.Release|Win32.Build.0 = Release|Win32
		{84CB46EF-E4BA-436A-A545-A9C66407095A}.Release|x64.ActiveCfg = Release|Win32
		{4456DD63-DF57-41C0-9886-C8AF21DAB229}.Debug|Win32.ActiveCfg = Debug|Win32
		{4456DD63-DF57-41C0-9886-C8AF21DAB229}.Debug|Win32.Build.0 = Debug|Win32
		{4456DD63-DF57-41C0-9886-C8AF21DAB229}.Debug|x64.ActiveCfg = Debug|Win32
		{4456DD63-DF57-41C0-9886-C8AF21DAB229}.Release|Win32.ActiveCfg = Release|Win32
		{4456DD63-DF57-41C0-9886-C8AF21DAB229}.Release|Win32.Build.0 = Release|Win32
		{4456DD63-DF57-41C0-9886-C8AF21DAB229}.Release|x64.ActiveCfg = Release|Win32
		{C9C80DDA-D431-463C-A509-34FC5C9A2CFA}.Debug|Win32.ActiveCfg = Debug|Win32
		{C9C80DDA-D431-463C-A509-34FC5C9A2CFA}.Debug|Win32.Build.0 = Debug|Win32
		{C9C80DDA-D431-463C-A509-34FC5C9A2CFA}.Debug|x64.ActiveCfg = Debug|Win32
		{C9C80DDA-D431-463C-A509-34FC5C9A2CFA}.Release|Win32.ActiveCfg = Release|Win32
		{C9C80DDA-D431-463C-A509-34FC5C9A2CFA}.Release|Win32.Build.0 = Release|Win32
		{C9C80DDA-D431-463C-A509-34FC5C9A2CFA}.Release|x64.ActiveCfg = Release|Win32
		{6BC84A03-0BAD-462E-AB0E-E79C8459C279}.Debug|Win32.ActiveCfg = Debug|Win32
		{6BC84A03-0BAD-462E-AB0E-E79C8459C279}.Debug|Win32.Build.0 = Debug|Win32
		{6BC84A03-0BAD-462E-AB0E-E79C8459C279}.Debug|x64.ActiveCfg = Debug|Win32
		{6BC84A03-0BAD-462E-AB0E-E79C8459C279}.Release|Win32.ActiveCfg = Release|Win32
		{6BC84A03-0BAD-462E-AB0E-E79C8459C279}.Release|Win32.Build.0 = Release|Win32
		{6BC84A03-0BAD-462E-AB0E-E79C8459C279}.Release|x64.ActiveCfg = Release|Win32
		{00A9D055-DC39-4736-B54D-99533E3A7470}.Debug|Win32.ActiveCfg = Debug|Win32
		{00A9D055-DC39-4736-B54D-99533E3A7470}.Debug|Win32.Build.0 = Debug|Win32
		{00A9D055-DC39-4736-B54D-99533E3A7470}.Debug|x64.ActiveCfg = Debug|Win32
		{00A9D055-DC39-4736-B54D-99533E3A7470}.Release|Win32.ActiveCfg = Release|Win32
		{00A9D055-DC39-4736-B54D-99533E3A7470}.Release|Win32.Build.0 = Release|Win32
		{00A9D055-DC39-4736-B54D-99533E3A7470}.Release|x64.ActiveCfg = Release|Win32
		{6C2C9358-6ED3-4D9A-BF6A-F0F002A53CE1}.Debug|Win32.ActiveCfg = Debug|Win32
		{6C2C9358-6ED3-4D9A-BF6A-F0F002A53CE1}.Debug|Win32.Build.0 = Debug|Win32
		{6C2C9358-6ED3-4D9A-BF6A-F0F002A53CE1}.Debug|x64.ActiveCfg = Debug|x64
		{6C2C9358-6ED3-4D9A-BF6A-F0F002A53CE1}.Debug|x64.Build.0 = Debug|x64
		{6C2C9358-6ED3-4D9A-BF6A-F0F002A53CE1}.Release|Win32.ActiveCfg = Release|Win32
		{6C2C9358-6ED3-4D9A-BF6A-F0F002A53CE1}.Release|Win32.Build.0 = Release|Win32
		{6C2C9358-6ED3-4D9A-BF6A-F0F002A53CE1}.Release|x64.ActiveCfg = Release|x64
		{6C2C9358-6ED3-4D9A-BF6A-F0F002A53CE1}.Release|x64.Build.0 = Release|x64
	EndGlobalSection
	GlobalSection(SolutionProperties) = preSolution
		HideSolutionNode = FALSE
	EndGlobalSection
	GlobalSection(NestedProjects) = preSolution
		{69EA05C5-3E6F-4768-857A-4C0827549676} = {1AC78C67-FF2C-45A5-9C3F-9BD0D61DAC62}
		{44D53BCD-C8A4-4716-AE5B-ABC0CE1B0B5A} = {1AC78C67-FF2C-45A5-9C3F-9BD0D61DAC62}
		{4EC1B9F7-5716-4EC3-92EF-7933AEC1C1C9} = {1AC78C67-FF2C-45A5-9C3F-9BD0D61DAC62}
		{334A55C6-E8F9-4482-8DA9-970032733F2B} = {1AC78C67-FF2C-45A5-9C3F-9BD0D61DAC62}
		{BBDB7331-5E30-47EA-A7AB-1B2C66DF70CF} = {1AC78C67-FF2C-45A5-9C3F-9BD0D61DAC62}
		{9CFD4912-C77E-4432-83DF-343A3AE2BF0B} = {1AC78C67-FF2C-45A5-9C3F-9BD0D61DAC62}
		{09B142B1-1D20-49FC-AB2E-83B987C8B633} = {1AC78C67-FF2C-45A5-9C3F-9BD0D61DAC62}
		{84CB46EF-E4BA-436A-A545-A9C66407095A} = {1AC78C67-FF2C-45A5-9C3F-9BD0D61DAC62}
		{4456DD63-DF57-41C0-9886-C8AF21DAB229} = {1AC78C67-FF2C-45A5-9C3F-9BD0D61DAC62}
		{C9C80DDA-D431-463C-A509-34FC5C9A2CFA} = {1AC78C67-FF2C-45A5-9C3F-9BD0D61DAC62}
		{6BC84A03-0BAD-462E-AB0E-E79C8459C279} = {1AC78C67-FF2C-45A5-9C3F-9BD0D61DAC62}
		{00A9D055-DC39-4736-B54D-99533E3A7470} = {0ACAB752-0AD7-4562-8ACE-F06D00ECC55A}
		{6C2C9358-6ED3-4D9A-BF6A-F0F002A53CE1} = {1AC78C67-FF2C-45A5-9C3F-9BD0D61DAC62}
	EndGlobalSection
EndGlobal
