
Microsoft Visual Studio Solution File, Format Version 12.00
# Visual Studio 2012
Project("{8BC9CEB8-8B4A-11D0-8D11-00A0C91BC942}") = "Test05-DirectWriteAnd3D", "Test05-DirectWriteAnd3D.vcxproj", "{BBDB7331-5E30-47EA-A7AB-1B2C66DF70CF}"
EndProject
Global
	GlobalSection(SolutionConfigurationPlatforms) = preSolution
		Debug|Win32 = Debug|Win32
		Release|Win32 = Release|Win32
	EndGlobalSection
	GlobalSection(ProjectConfigurationPlatforms) = postSolution
		{BBDB7331-5E30-47EA-A7AB-1B2C66DF70CF}.Debug|Win32.ActiveCfg = Debug|Win32
		{BBDB7331-5E30-47EA-A7AB-1B2C66DF70CF}.Debug|Win32.Build.0 = Debug|Win32
		{BBDB7331-5E30-47EA-A7AB-1B2C66DF70CF}.Release|Win32.ActiveCfg = Release|Win32
		{BBDB7331-5E30-47EA-A7AB-1B2C66DF70CF}.Release|Win32.Build.0 = Release|Win32
	EndGlobalSection
	GlobalSection(SolutionProperties) = preSolution
		HideSolutionNode = FALSE
	EndGlobalSection
EndGlobal
