<?xml version="1.0" encoding="utf-8"?>
<Project ToolsVersion="4.0" xmlns="http://schemas.microsoft.com/developer/msbuild/2003">
  <ItemGroup>
    <ClCompile Include="source\dxi\animation\SpriteManager.cpp">
      <Filter>dxi\animation</Filter>
    </ClCompile>
    <ClCompile Include="source\dxi\font\TextBox.cpp">
      <Filter>dxi\font</Filter>
    </ClCompile>
    <ClCompile Include="source\dxi\font\TextBox3D.cpp">
      <Filter>dxi\font</Filter>
    </ClCompile>
    <ClCompile Include="source\dxi\pathing\Path.cpp">
      <Filter>dxi\pathing</Filter>
    </ClCompile>
    <ClCompile Include="source\dxi\pathing\PathController.cpp">
      <Filter>dxi\pathing</Filter>
    </ClCompile>
    <ClCompile Include="source\dxi\pathing\PathSystem.cpp">
      <Filter>dxi\pathing</Filter>
    </ClCompile>
    <ClCompile Include="source\dxi\pathing\position\RotateAbout.cpp">
      <Filter>dxi\pathing\position</Filter>
    </ClCompile>
    <ClCompile Include="source\dxi\Sprite.cpp">
      <Filter>dxi</Filter>
    </ClCompile>
    <ClCompile Include="source\dxi\SpriteList.cpp">
      <Filter>dxi</Filter>
    </ClCompile>
    <ClCompile Include="source\dxi\animation\AnimationFrame.cpp">
      <Filter>dxi\animation</Filter>
    </ClCompile>
    <ClCompile Include="source\dxi\pathing\position\AttachTo.cpp">
      <Filter>dxi\pathing\position</Filter>
    </ClCompile>
    <ClCompile Include="source\dxi\font\Character.cpp">
      <Filter>dxi\font</Filter>
    </ClCompile>
    <ClCompile Include="source\dxi\font\CharacterKey.cpp">
      <Filter>dxi\font</Filter>
    </ClCompile>
    <ClCompile Include="source\dxi\font\CharacterRender.cpp">
      <Filter>dxi\font</Filter>
    </ClCompile>
    <ClCompile Include="source\dxi\font\Font.cpp">
      <Filter>dxi\font</Filter>
    </ClCompile>
    <ClCompile Include="source\dxi\font\FontManager.cpp">
      <Filter>dxi\font</Filter>
    </ClCompile>
    <ClCompile Include="source\dxi\font\FontString.cpp">
      <Filter>dxi\font</Filter>
    </ClCompile>
    <ClCompile Include="source\dxi\animation\Group.cpp">
      <Filter>dxi\animation</Filter>
    </ClCompile>
    <ClCompile Include="source\dxi\animation\Sequence.cpp">
      <Filter>dxi\animation</Filter>
    </ClCompile>
    <ClCompile Include="source\dxi\animation\Instance.cpp">
      <Filter>dxi\animation</Filter>
    </ClCompile>
    <ClInclude Include="source\dxi\animation\SpriteManager.h">
      <Filter>dxi\animation</Filter>
    </ClInclude>
    <ClInclude Include="source\dxi\font\IText.h">
      <Filter>dxi\font</Filter>
    </ClInclude>
    <ClInclude Include="source\dxi\font\TextBox.h">
      <Filter>dxi\font</Filter>
    </ClInclude>
    <ClInclude Include="source\dxi\font\TextBox3D.h">
      <Filter>dxi\font</Filter>
    </ClInclude>
    <ClInclude Include="source\dxi\pathing\Modifier.h">
      <Filter>dxi\pathing</Filter>
    </ClInclude>
    <ClInclude Include="source\dxi\pathing\Path.h">
      <Filter>dxi\pathing</Filter>
    </ClInclude>
    <ClInclude Include="source\dxi\pathing\PathController.h">
      <Filter>dxi\pathing</Filter>
    </ClInclude>
    <ClInclude Include="source\dxi\pathing\PathSystem.h">
      <Filter>dxi\pathing</Filter>
    </ClInclude>
    <ClInclude Include="source\dxi\pathing\position\RotateAbout.h">
      <Filter>dxi\pathing\position</Filter>
    </ClInclude>
    <ClInclude Include="source\dxi\PlacementEntry.h">
      <Filter>dxi</Filter>
    </ClInclude>
    <ClInclude Include="source\dxi\QCommonShaders.h">
      <Filter>dxi</Filter>
    </ClInclude>
    <ClInclude Include="source\dxi\QGizmo.h">
      <Filter>dxi</Filter>
    </ClInclude>
    <ClInclude Include="source\dxi\QGizmoCommon.h">
      <Filter>dxi</Filter>
    </ClInclude>
    <ClInclude Include="source\dxi\Sprite.h">
      <Filter>dxi</Filter>
    </ClInclude>
    <ClInclude Include="source\dxi\SpriteList.h">
      <Filter>dxi</Filter>
    </ClInclude>
    <ClInclude Include="source\dxi\pathing\position\AttachTo.h">
      <Filter>dxi\pathing\position</Filter>
    </ClInclude>
    <ClInclude Include="source\dxi\font\Character.h">
      <Filter>dxi\font</Filter>
    </ClInclude>
    <ClInclude Include="source\dxi\font\CharacterKey.h">
      <Filter>dxi\font</Filter>
    </ClInclude>
    <ClInclude Include="source\dxi\font\CharacterRender.h">
      <Filter>dxi\font</Filter>
    </ClInclude>
    <ClInclude Include="source\dxi\font\FontString.h">
      <Filter>dxi\font</Filter>
    </ClInclude>
    <ClInclude Include="source\dxi\font\Font.h">
      <Filter>dxi\font</Filter>
    </ClInclude>
    <ClInclude Include="source\dxi\font\FontManager.h">
      <Filter>dxi\font</Filter>
    </ClInclude>
    <ClInclude Include="source\dxi\animation\Frame.h">
      <Filter>dxi\animation</Filter>
    </ClInclude>
    <ClInclude Include="source\dxi\animation\Group.h">
      <Filter>dxi\animation</Filter>
    </ClInclude>
    <ClInclude Include="source\dxi\animation\Sequence.h">
      <Filter>dxi\animation</Filter>
    </ClInclude>
    <ClInclude Include="source\dxi\animation\Instance.h">
      <Filter>dxi\animation</Filter>
    </ClInclude>
    <ClCompile Include="source\dxi\pathing\orientation\LookAt.cpp">
      <Filter>dxi\pathing\orientation</Filter>
    </ClCompile>
    <ClCompile Include="source\dxi\pathing\general\Parallel.cpp">
      <Filter>dxi\pathing\general</Filter>
    </ClCompile>
    <ClCompile Include="source\dxi\pathing\general\Split.cpp">
      <Filter>dxi\pathing\general</Filter>
    </ClCompile>
    <ClCompile Include="source\dxi\LOD.cpp">
      <Filter>dxi</Filter>
    </ClCompile>
    <ClCompile Include="source\dxi\Terra.cpp">
      <Filter>dxi</Filter>
    </ClCompile>
    <ClCompile Include="source\dxi\GeometryPlacement.cpp">
      <Filter>dxi</Filter>
    </ClCompile>
  </ItemGroup>
  <ItemGroup>
    <None Include="source\dxi\QGizmoCommon.inl">
      <Filter>dxi</Filter>
    </None>
    <None Include="source\dxi\QPrimitiveGeometry.inl">
      <Filter>dxi</Filter>
    </None>
  </ItemGroup>
  <ItemGroup>
    <Filter Include="dxi">
      <UniqueIdentifier>{311f9848-f65a-49a7-98b6-69a52bb59494}</UniqueIdentifier>
    </Filter>
    <Filter Include="dxi\pathing">
      <UniqueIdentifier>{4fdd4d24-d1be-4140-8171-5e698380afb4}</UniqueIdentifier>
    </Filter>
    <Filter Include="dxi\pathing\position">
      <UniqueIdentifier>{9f295a9d-d1ff-46a2-8809-738a0f5a9135}</UniqueIdentifier>
    </Filter>
    <Filter Include="dxi\animation">
      <UniqueIdentifier>{7b38b965-8172-4168-8994-8e89f7d413e5}</UniqueIdentifier>
    </Filter>
    <Filter Include="dxi\font">
      <UniqueIdentifier>{40d6ae4b-ba0e-45e5-8e9c-a33b38c3dab0}</UniqueIdentifier>
    </Filter>
    <Filter Include="dxi\pathing\orientation">
      <UniqueIdentifier>{ba7a2a07-099f-4faa-87a8-241cb03ffba8}</UniqueIdentifier>
    </Filter>
    <Filter Include="dxi\pathing\general">
      <UniqueIdentifier>{c85af193-a68e-489d-ad4f-84b694a3b012}</UniqueIdentifier>
    </Filter>
  </ItemGroup>
  <ItemGroup>
    <ClInclude Include="source\dxi\pathing\orientation\LookAt.h">
      <Filter>dxi\pathing\orientation</Filter>
    </ClInclude>
    <ClInclude Include="source\dxi\pathing\general\Split.h">
      <Filter>dxi\pathing\general</Filter>
    </ClInclude>
    <ClInclude Include="source\dxi\pathing\general\Parallel.h">
      <Filter>dxi\pathing\general</Filter>
    </ClInclude>
    <ClInclude Include="source\dxi\LOD.h">
      <Filter>dxi</Filter>
    </ClInclude>
    <ClInclude Include="source\dxi\Terra.h">
      <Filter>dxi</Filter>
    </ClInclude>
    <ClInclude Include="source\dxi\GeometryPlacement.h">
      <Filter>dxi</Filter>
    </ClInclude>
  </ItemGroup>
</Project>