<?xml version="1.0" encoding="utf-8"?>
<Project ToolsVersion="4.0" xmlns="http://schemas.microsoft.com/developer/msbuild/2003">
  <ItemGroup>
    <Filter Include="mephy">
      <UniqueIdentifier>{45dda803-61d3-4c2a-90c3-65d1a73017b3}</UniqueIdentifier>
    </Filter>
    <Filter Include="mephy\phy3d">
      <UniqueIdentifier>{f2472455-3ee4-4235-946e-02f9a553c9e7}</UniqueIdentifier>
    </Filter>
    <Filter Include="mephy\phy3d\collider">
      <UniqueIdentifier>{5cb52cd6-096c-4eab-8c0d-04ccdd7ecb95}</UniqueIdentifier>
    </Filter>
  </ItemGroup>
  <ItemGroup>
    <ClInclude Include="MEPhysics.h" />
    <ClInclude Include="mephy\phy3d\collider\BoxCollider3D.h">
      <Filter>mephy\phy3d\collider</Filter>
    </ClInclude>
    <ClInclude Include="mephy\phy3d\collider\ColliderBase3D.h">
      <Filter>mephy\phy3d\collider</Filter>
    </ClInclude>
    <ClInclude Include="mephy\phy3d\SceneComponent3D.h">
      <Filter>mephy\phy3d</Filter>
    </ClInclude>
    <ClInclude Include="mephy\phy3d\GameComponent3D.h">
      <Filter>mephy\phy3d</Filter>
    </ClInclude>
  </ItemGroup>
  <ItemGroup>
    <ClCompile Include="dllmain.cpp" />
    <ClCompile Include="MEPhysics.cpp" />
    <ClCompile Include="mephy\phy3d\collider\ColliderBase3D.cpp">
      <Filter>mephy\phy3d\collider</Filter>
    </ClCompile>
    <ClCompile Include="mephy\phy3d\collider\BoxCollider3D.cpp">
      <Filter>mephy\phy3d\collider</Filter>
    </ClCompile>
    <ClCompile Include="mephy\phy3d\SceneComponent3D.cpp">
      <Filter>mephy\phy3d</Filter>
    </ClCompile>
    <ClCompile Include="mephy\phy3d\GameComponent3D.cpp">
      <Filter>mephy\phy3d</Filter>
    </ClCompile>
  </ItemGroup>
</Project>