<?xml version="1.0" encoding="utf-8"?>
<Project ToolsVersion="4.0" xmlns="http://schemas.microsoft.com/developer/msbuild/2003">
  <ItemGroup>
    <Filter Include="mephy">
      <UniqueIdentifier>{45dda803-61d3-4c2a-90c3-65d1a73017b3}</UniqueIdentifier>
    </Filter>
    <Filter Include="mephy\collider">
      <UniqueIdentifier>{5cb52cd6-096c-4eab-8c0d-04ccdd7ecb95}</UniqueIdentifier>
    </Filter>
  </ItemGroup>
  <ItemGroup>
    <ClInclude Include="MEPhysics.h" />
    <ClInclude Include="mephy\collider\BoxCollider.h">
      <Filter>mephy\collider</Filter>
    </ClInclude>
    <ClInclude Include="mephy\collider\ColliderBase.h">
      <Filter>mephy\collider</Filter>
    </ClInclude>
    <ClInclude Include="mephy\GameComponent.h">
      <Filter>mephy</Filter>
    </ClInclude>
    <ClInclude Include="mephy\SceneComponent.h">
      <Filter>mephy</Filter>
    </ClInclude>
  </ItemGroup>
  <ItemGroup>
    <ClCompile Include="dllmain.cpp" />
    <ClCompile Include="MEPhysics.cpp" />
    <ClCompile Include="mephy\collider\ColliderBase.cpp">
      <Filter>mephy\collider</Filter>
    </ClCompile>
    <ClCompile Include="mephy\collider\BoxCollider.cpp">
      <Filter>mephy\collider</Filter>
    </ClCompile>
    <ClCompile Include="mephy\GameComponent.cpp">
      <Filter>mephy</Filter>
    </ClCompile>
    <ClCompile Include="mephy\SceneComponent.cpp">
      <Filter>mephy</Filter>
    </ClCompile>
  </ItemGroup>
</Project>