<?xml version="1.0" encoding="utf-8"?>
<Project ToolsVersion="4.0" xmlns="http://schemas.microsoft.com/developer/msbuild/2003">
  <ItemGroup>
    <Filter Include="meogl3">
      <UniqueIdentifier>{9f42d1cc-dd4b-4f4b-b0fd-6df69257297d}</UniqueIdentifier>
    </Filter>
  </ItemGroup>
  <ItemGroup>
    <ClInclude Include="meogl3\Texture.h">
      <Filter>meogl3</Filter>
    </ClInclude>
    <ClInclude Include="meogl3\VertexBuffer.h">
      <Filter>meogl3</Filter>
    </ClInclude>
    <ClInclude Include="meogl3\VertexDeclaration.h">
      <Filter>meogl3</Filter>
    </ClInclude>
    <ClInclude Include="meogl3\VertexShader.h">
      <Filter>meogl3</Filter>
    </ClInclude>
    <ClInclude Include="meogl3\WindowsOS.h">
      <Filter>meogl3</Filter>
    </ClInclude>
    <ClInclude Include="meogl3\IndexBuffer.h">
      <Filter>meogl3</Filter>
    </ClInclude>
    <ClInclude Include="meogl3\MEOGL3.h">
      <Filter>meogl3</Filter>
    </ClInclude>
    <ClInclude Include="meogl3\OpenGL.h">
      <Filter>meogl3</Filter>
    </ClInclude>
    <ClInclude Include="meogl3\PixelShader.h">
      <Filter>meogl3</Filter>
    </ClInclude>
    <ClInclude Include="meogl3\Renderer.h">
      <Filter>meogl3</Filter>
    </ClInclude>
  </ItemGroup>
  <ItemGroup>
    <ClCompile Include="meogl3\VertexBuffer.cpp">
      <Filter>meogl3</Filter>
    </ClCompile>
    <ClCompile Include="meogl3\VertexDeclaration.cpp">
      <Filter>meogl3</Filter>
    </ClCompile>
    <ClCompile Include="meogl3\VertexShader.cpp">
      <Filter>meogl3</Filter>
    </ClCompile>
    <ClCompile Include="meogl3\WindowsOS.cpp">
      <Filter>meogl3</Filter>
    </ClCompile>
    <ClCompile Include="meogl3\IndexBuffer.cpp">
      <Filter>meogl3</Filter>
    </ClCompile>
    <ClCompile Include="meogl3\MEOGL3.cpp">
      <Filter>meogl3</Filter>
    </ClCompile>
    <ClCompile Include="meogl3\PixelShader.cpp">
      <Filter>meogl3</Filter>
    </ClCompile>
    <ClCompile Include="meogl3\Renderer.cpp">
      <Filter>meogl3</Filter>
    </ClCompile>
    <ClCompile Include="meogl3\Texture.cpp">
      <Filter>meogl3</Filter>
    </ClCompile>
  </ItemGroup>
</Project>