<?xml version="1.0" encoding="utf-8"?>
<Project ToolsVersion="4.0" xmlns="http://schemas.microsoft.com/developer/msbuild/2003">
  <ItemGroup>
    <ClCompile Include="dllmain.cpp" />
    <ClCompile Include="canvas\Element.cpp">
      <Filter>canvas</Filter>
    </ClCompile>
    <ClCompile Include="canvas\FPS.cpp">
      <Filter>canvas</Filter>
    </ClCompile>
    <ClCompile Include="canvas\Grid.cpp">
      <Filter>canvas</Filter>
    </ClCompile>
    <ClCompile Include="canvas\Image.cpp">
      <Filter>canvas</Filter>
    </ClCompile>
    <ClCompile Include="canvas\Layer.cpp">
      <Filter>canvas</Filter>
    </ClCompile>
    <ClCompile Include="canvas\ListItem.cpp">
      <Filter>canvas</Filter>
    </ClCompile>
    <ClCompile Include="canvas\TextElement.cpp">
      <Filter>canvas</Filter>
    </ClCompile>
    <ClCompile Include="canvas\VList.cpp">
      <Filter>canvas</Filter>
    </ClCompile>
    <ClCompile Include="MECanvas.cpp" />
    <ClCompile Include="canvas\SceneComponent.cpp">
      <Filter>canvas</Filter>
    </ClCompile>
  </ItemGroup>
  <ItemGroup>
    <ClInclude Include="canvas\Element.h">
      <Filter>canvas</Filter>
    </ClInclude>
    <ClInclude Include="canvas\FPS.h">
      <Filter>canvas</Filter>
    </ClInclude>
    <ClInclude Include="canvas\Grid.h">
      <Filter>canvas</Filter>
    </ClInclude>
    <ClInclude Include="canvas\IElement.h">
      <Filter>canvas</Filter>
    </ClInclude>
    <ClInclude Include="canvas\Image.h">
      <Filter>canvas</Filter>
    </ClInclude>
    <ClInclude Include="canvas\Layer.h">
      <Filter>canvas</Filter>
    </ClInclude>
    <ClInclude Include="canvas\ListItem.h">
      <Filter>canvas</Filter>
    </ClInclude>
    <ClInclude Include="canvas\TextElement.h">
      <Filter>canvas</Filter>
    </ClInclude>
    <ClInclude Include="canvas\VList.h">
      <Filter>canvas</Filter>
    </ClInclude>
    <ClInclude Include="canvas\Anchor.h">
      <Filter>canvas</Filter>
    </ClInclude>
    <ClInclude Include="MECanvas.h" />
    <ClInclude Include="canvas\SceneComponent.h">
      <Filter>canvas</Filter>
    </ClInclude>
  </ItemGroup>
  <ItemGroup>
    <Filter Include="canvas">
      <UniqueIdentifier>{8eaf2d96-43dd-4931-a2f4-a443bd8d61a1}</UniqueIdentifier>
    </Filter>
  </ItemGroup>
</Project>