<?xml version="1.0" encoding="utf-8"?>
<Project ToolsVersion="4.0" xmlns="http://schemas.microsoft.com/developer/msbuild/2003">
  <ItemGroup>
    <ClCompile Include="dxiphysx\SceneComponent.cpp">
      <Filter>dxiphysx</Filter>
    </ClCompile>
    <ClCompile Include="dxiphysx\SceneManagerComponent.cpp">
      <Filter>dxiphysx</Filter>
    </ClCompile>
    <ClCompile Include="dxiphysx\Util.cpp">
      <Filter>dxiphysx</Filter>
    </ClCompile>
    <ClCompile Include="dxiphysx\objectcomponent\RigidBody.cpp">
      <Filter>dxiphysx\actor</Filter>
    </ClCompile>
    <ClCompile Include="dllmain.cpp">
      <Filter>dll</Filter>
    </ClCompile>
    <ClCompile Include="DXIPhysX.cpp">
      <Filter>dll</Filter>
    </ClCompile>
    <ClCompile Include="dxiphysx\GameComponent.cpp">
      <Filter>dxiphysx</Filter>
    </ClCompile>
    <ClCompile Include="dxiphysx\objectcomponent\RigidStatic.cpp">
      <Filter>dxiphysx\actor</Filter>
    </ClCompile>
    <ClCompile Include="dxiphysx\objectcomponent\BoxCollider.cpp">
      <Filter>dxiphysx\collider</Filter>
    </ClCompile>
    <ClCompile Include="dxiphysx\objectcomponent\CapsuleCollider.cpp">
      <Filter>dxiphysx\collider</Filter>
    </ClCompile>
    <ClCompile Include="dxiphysx\objectcomponent\ColliderBase.cpp">
      <Filter>dxiphysx\collider</Filter>
    </ClCompile>
    <ClCompile Include="dxiphysx\objectcomponent\HeightFieldCollider.cpp">
      <Filter>dxiphysx\collider</Filter>
    </ClCompile>
    <ClCompile Include="dxiphysx\objectcomponent\SphereCollider.cpp">
      <Filter>dxiphysx\collider</Filter>
    </ClCompile>
    <ClCompile Include="dxiphysx\objectcomponent\CapsuleController.cpp">
      <Filter>dxiphysx\controller</Filter>
    </ClCompile>
    <ClCompile Include="dxiphysx\objectcomponent\ControllerBase.cpp">
      <Filter>dxiphysx\controller</Filter>
    </ClCompile>
  </ItemGroup>
  <ItemGroup>
    <ClInclude Include="dxiphysx\SceneComponent.h">
      <Filter>dxiphysx</Filter>
    </ClInclude>
    <ClInclude Include="dxiphysx\SceneManagerComponent.h">
      <Filter>dxiphysx</Filter>
    </ClInclude>
    <ClInclude Include="dxiphysx\Releaser.h">
      <Filter>dxiphysx</Filter>
    </ClInclude>
    <ClInclude Include="dxiphysx\Util.h">
      <Filter>dxiphysx</Filter>
    </ClInclude>
    <ClInclude Include="dxiphysx\objectcomponent\RigidBody.h">
      <Filter>dxiphysx\actor</Filter>
    </ClInclude>
    <ClInclude Include="DXIPhysX.h">
      <Filter>dll</Filter>
    </ClInclude>
    <ClInclude Include="dxiphysx\GameComponent.h">
      <Filter>dxiphysx</Filter>
    </ClInclude>
    <ClInclude Include="dxiphysx\objectcomponent\RigidStatic.h">
      <Filter>dxiphysx\actor</Filter>
    </ClInclude>
    <ClInclude Include="dxiphysx\objectcomponent\BoxCollider.h">
      <Filter>dxiphysx\collider</Filter>
    </ClInclude>
    <ClInclude Include="dxiphysx\objectcomponent\CapsuleCollider.h">
      <Filter>dxiphysx\collider</Filter>
    </ClInclude>
    <ClInclude Include="dxiphysx\objectcomponent\ColliderBase.h">
      <Filter>dxiphysx\collider</Filter>
    </ClInclude>
    <ClInclude Include="dxiphysx\objectcomponent\HeightFieldCollider.h">
      <Filter>dxiphysx\collider</Filter>
    </ClInclude>
    <ClInclude Include="dxiphysx\objectcomponent\SphereCollider.h">
      <Filter>dxiphysx\collider</Filter>
    </ClInclude>
    <ClInclude Include="dxiphysx\objectcomponent\CapsuleController.h">
      <Filter>dxiphysx\controller</Filter>
    </ClInclude>
    <ClInclude Include="dxiphysx\objectcomponent\ControllerBase.h">
      <Filter>dxiphysx\controller</Filter>
    </ClInclude>
  </ItemGroup>
  <ItemGroup>
    <Filter Include="dxiphysx">
      <UniqueIdentifier>{88641bfe-33ee-43fa-9834-4b8983ef042a}</UniqueIdentifier>
    </Filter>
    <Filter Include="dll">
      <UniqueIdentifier>{1144a2df-ca60-4795-a941-95fa48cbc24c}</UniqueIdentifier>
    </Filter>
    <Filter Include="dxiphysx\collider">
      <UniqueIdentifier>{96eefd3d-5cca-4083-94bd-7fe93e804807}</UniqueIdentifier>
    </Filter>
    <Filter Include="dxiphysx\actor">
      <UniqueIdentifier>{686e1551-6380-40b8-8ce8-c4e3c0905a7d}</UniqueIdentifier>
    </Filter>
    <Filter Include="dxiphysx\controller">
      <UniqueIdentifier>{b8d78d23-568e-4b1c-bbdd-2d702796901e}</UniqueIdentifier>
    </Filter>
  </ItemGroup>
</Project>