
Microsoft Visual Studio Solution File, Format Version 12.00
# Visual Studio 14
VisualStudioVersion = 14.0.25420.1
MinimumVisualStudioVersion = 10.0.40219.1
Project("{8BC9CEB8-8B4A-11D0-8D11-00A0C91BC942}") = "FrontEnd", "FrontEnd\FrontEnd.vcxproj", "{E13BA350-00F1-4695-B0C8-72BE4FAB6D6D}"
	ProjectSection(ProjectDependencies) = postProject
		{4F9ADA5E-C576-42AC-9892-736E3E69C6AA} = {4F9ADA5E-C576-42AC-9892-736E3E69C6AA}
	EndProjectSection
EndProject
Project("{8BC9CEB8-8B4A-11D0-8D11-00A0C91BC942}") = "DX11DLL", "DX11DLL\DX11DLL.vcxproj", "{4F9ADA5E-C576-42AC-9892-736E3E69C6AA}"
EndProject
Project("{FAE04EC0-301F-11D3-BF4B-00C04F79EFBC}") = "WPFFrontEnd", "WPFFrontEnd\WPFFrontEnd.csproj", "{F8EB2C21-7222-4C99-9F42-B5D113AFB6FF}"
	ProjectSection(ProjectDependencies) = postProject
		{4F9ADA5E-C576-42AC-9892-736E3E69C6AA} = {4F9ADA5E-C576-42AC-9892-736E3E69C6AA}
	EndProjectSection
EndProject
Project("{FAE04EC0-301F-11D3-BF4B-00C04F79EFBC}") = "WinFormFrontEnd", "WinFormFrontEnd\WinFormFrontEnd.csproj", "{307D3961-AB52-4C95-BEAC-C0143179A88D}"
EndProject
Global
	GlobalSection(SolutionConfigurationPlatforms) = preSolution
		Debug|Any CPU = Debug|Any CPU
		Debug|x64 = Debug|x64
		Debug|x86 = Debug|x86
		Release|Any CPU = Release|Any CPU
		Release|x64 = Release|x64
		Release|x86 = Release|x86
	EndGlobalSection
	GlobalSection(ProjectConfigurationPlatforms) = postSolution
		{E13BA350-00F1-4695-B0C8-72BE4FAB6D6D}.Debug|Any CPU.ActiveCfg = Debug|Win32
		{E13BA350-00F1-4695-B0C8-72BE4FAB6D6D}.Debug|x64.ActiveCfg = Debug|x64
		{E13BA350-00F1-4695-B0C8-72BE4FAB6D6D}.Debug|x64.Build.0 = Debug|x64
		{E13BA350-00F1-4695-B0C8-72BE4FAB6D6D}.Debug|x86.ActiveCfg = Debug|Win32
		{E13BA350-00F1-4695-B0C8-72BE4FAB6D6D}.Debug|x86.Build.0 = Debug|Win32
		{E13BA350-00F1-4695-B0C8-72BE4FAB6D6D}.Release|Any CPU.ActiveCfg = Release|Win32
		{E13BA350-00F1-4695-B0C8-72BE4FAB6D6D}.Release|x64.ActiveCfg = Release|x64
		{E13BA350-00F1-4695-B0C8-72BE4FAB6D6D}.Release|x64.Build.0 = Release|x64
		{E13BA350-00F1-4695-B0C8-72BE4FAB6D6D}.Release|x86.ActiveCfg = Release|Win32
		{E13BA350-00F1-4695-B0C8-72BE4FAB6D6D}.Release|x86.Build.0 = Release|Win32
		{4F9ADA5E-C576-42AC-9892-736E3E69C6AA}.Debug|Any CPU.ActiveCfg = Debug|Win32
		{4F9ADA5E-C576-42AC-9892-736E3E69C6AA}.Debug|x64.ActiveCfg = Debug|x64
		{4F9ADA5E-C576-42AC-9892-736E3E69C6AA}.Debug|x64.Build.0 = Debug|x64
		{4F9ADA5E-C576-42AC-9892-736E3E69C6AA}.Debug|x86.ActiveCfg = Debug|Win32
		{4F9ADA5E-C576-42AC-9892-736E3E69C6AA}.Debug|x86.Build.0 = Debug|Win32
		{4F9ADA5E-C576-42AC-9892-736E3E69C6AA}.Release|Any CPU.ActiveCfg = Release|Win32
		{4F9ADA5E-C576-42AC-9892-736E3E69C6AA}.Release|x64.ActiveCfg = Release|x64
		{4F9ADA5E-C576-42AC-9892-736E3E69C6AA}.Release|x64.Build.0 = Release|x64
		{4F9ADA5E-C576-42AC-9892-736E3E69C6AA}.Release|x86.ActiveCfg = Release|Win32
		{4F9ADA5E-C576-42AC-9892-736E3E69C6AA}.Release|x86.Build.0 = Release|Win32
		{F8EB2C21-7222-4C99-9F42-B5D113AFB6FF}.Debug|Any CPU.ActiveCfg = Debug|Any CPU
		{F8EB2C21-7222-4C99-9F42-B5D113AFB6FF}.Debug|Any CPU.Build.0 = Debug|Any CPU
		{F8EB2C21-7222-4C99-9F42-B5D113AFB6FF}.Debug|x64.ActiveCfg = Debug|Any CPU
		{F8EB2C21-7222-4C99-9F42-B5D113AFB6FF}.Debug|x64.Build.0 = Debug|Any CPU
		{F8EB2C21-7222-4C99-9F42-B5D113AFB6FF}.Debug|x86.ActiveCfg = Debug|Any CPU
		{F8EB2C21-7222-4C99-9F42-B5D113AFB6FF}.Debug|x86.Build.0 = Debug|Any CPU
		{F8EB2C21-7222-4C99-9F42-B5D113AFB6FF}.Release|Any CPU.ActiveCfg = Release|Any CPU
		{F8EB2C21-7222-4C99-9F42-B5D113AFB6FF}.Release|Any CPU.Build.0 = Release|Any CPU
		{F8EB2C21-7222-4C99-9F42-B5D113AFB6FF}.Release|x64.ActiveCfg = Release|Any CPU
		{F8EB2C21-7222-4C99-9F42-B5D113AFB6FF}.Release|x64.Build.0 = Release|Any CPU
		{F8EB2C21-7222-4C99-9F42-B5D113AFB6FF}.Release|x86.ActiveCfg = Release|Any CPU
		{F8EB2C21-7222-4C99-9F42-B5D113AFB6FF}.Release|x86.Build.0 = Release|Any CPU
		{307D3961-AB52-4C95-BEAC-C0143179A88D}.Debug|Any CPU.ActiveCfg = Debug|Any CPU
		{307D3961-AB52-4C95-BEAC-C0143179A88D}.Debug|Any CPU.Build.0 = Debug|Any CPU
		{307D3961-AB52-4C95-BEAC-C0143179A88D}.Debug|x64.ActiveCfg = Debug|Any CPU
		{307D3961-AB52-4C95-BEAC-C0143179A88D}.Debug|x64.Build.0 = Debug|Any CPU
		{307D3961-AB52-4C95-BEAC-C0143179A88D}.Debug|x86.ActiveCfg = Debug|Any CPU
		{307D3961-AB52-4C95-BEAC-C0143179A88D}.Debug|x86.Build.0 = Debug|Any CPU
		{307D3961-AB52-4C95-BEAC-C0143179A88D}.Release|Any CPU.ActiveCfg = Release|Any CPU
		{307D3961-AB52-4C95-BEAC-C0143179A88D}.Release|Any CPU.Build.0 = Release|Any CPU
		{307D3961-AB52-4C95-BEAC-C0143179A88D}.Release|x64.ActiveCfg = Release|Any CPU
		{307D3961-AB52-4C95-BEAC-C0143179A88D}.Release|x64.Build.0 = Release|Any CPU
		{307D3961-AB52-4C95-BEAC-C0143179A88D}.Release|x86.ActiveCfg = Release|Any CPU
		{307D3961-AB52-4C95-BEAC-C0143179A88D}.Release|x86.Build.0 = Release|Any CPU
	EndGlobalSection
	GlobalSection(SolutionProperties) = preSolution
		HideSolutionNode = FALSE
	EndGlobalSection
EndGlobal
