<?xml version="1.0" encoding="utf-8"?>
<Project ToolsVersion="4.0" xmlns="http://schemas.microsoft.com/developer/msbuild/2003">
  <ItemGroup>
    <Filter Include="dxilua">
      <UniqueIdentifier>{8ad7e456-427b-4d39-b33c-2862f7584d35}</UniqueIdentifier>
    </Filter>
    <Filter Include="dll">
      <UniqueIdentifier>{78801e60-d16a-47b3-b5c9-36c659836dad}</UniqueIdentifier>
    </Filter>
    <Filter Include="dxilua\shape">
      <UniqueIdentifier>{e20edaad-5782-46f5-a9cd-5270462efcbf}</UniqueIdentifier>
    </Filter>
    <Filter Include="dxilua\unify">
      <UniqueIdentifier>{f8591f8a-a2a8-4251-b642-f1e1f74015c0}</UniqueIdentifier>
    </Filter>
  </ItemGroup>
  <ItemGroup>
    <ClInclude Include="DXILuaDLL.h">
      <Filter>dll</Filter>
    </ClInclude>
    <ClInclude Include="dxilua\ExportObject.h">
      <Filter>dxilua</Filter>
    </ClInclude>
    <ClInclude Include="dxilua\ExportGame.h">
      <Filter>dxilua</Filter>
    </ClInclude>
    <ClInclude Include="dxilua\ExportResources.h">
      <Filter>dxilua</Filter>
    </ClInclude>
    <ClInclude Include="dxilua\ExportScene.h">
      <Filter>dxilua</Filter>
    </ClInclude>
    <ClInclude Include="dxilua\ExportDebug.h">
      <Filter>dxilua</Filter>
    </ClInclude>
    <ClInclude Include="dxilua\ExportUpdate.h">
      <Filter>dxilua</Filter>
    </ClInclude>
    <ClInclude Include="dxilua\Module.h">
      <Filter>dxilua</Filter>
    </ClInclude>
    <ClInclude Include="dxilua\CreateState.h">
      <Filter>dxilua</Filter>
    </ClInclude>
    <ClInclude Include="dxilua\ExportTransform.h">
      <Filter>dxilua</Filter>
    </ClInclude>
    <ClInclude Include="dxilua\ExportCameraComponent.h">
      <Filter>dxilua</Filter>
    </ClInclude>
    <ClInclude Include="dxilua\shape\ExportShapeParameters.h">
      <Filter>dxilua\shape</Filter>
    </ClInclude>
    <ClInclude Include="dxilua\unify\ExportColor.h">
      <Filter>dxilua\unify</Filter>
    </ClInclude>
    <ClInclude Include="dxilua\unify\ExportV2.h">
      <Filter>dxilua\unify</Filter>
    </ClInclude>
    <ClInclude Include="dxilua\unify\ExportV3.h">
      <Filter>dxilua\unify</Filter>
    </ClInclude>
    <ClInclude Include="dxilua\ExportGeometry.h">
      <Filter>dxilua</Filter>
    </ClInclude>
    <ClInclude Include="dxilua\unify\ExportSize3.h">
      <Filter>dxilua\unify</Filter>
    </ClInclude>
    <ClInclude Include="dxilua\unify\ExportSize2.h">
      <Filter>dxilua\unify</Filter>
    </ClInclude>
    <ClInclude Include="dxilua\ExportEffect.h">
      <Filter>dxilua</Filter>
    </ClInclude>
    <ClInclude Include="dxilua\unify\ExportMatrix.h">
      <Filter>dxilua\unify</Filter>
    </ClInclude>
    <ClInclude Include="dxilua\Util.h">
      <Filter>dxilua</Filter>
    </ClInclude>
    <ClInclude Include="dxilua\unify\ExportTexCoords.h">
      <Filter>dxilua\unify</Filter>
    </ClInclude>
    <ClInclude Include="dxilua\ExportTerraParameters.h">
      <Filter>dxilua</Filter>
    </ClInclude>
    <ClInclude Include="dxilua\ExportTerra.h">
      <Filter>dxilua</Filter>
    </ClInclude>
    <ClInclude Include="dxilua\ExportTexture.h">
      <Filter>dxilua</Filter>
    </ClInclude>
    <ClInclude Include="dxilua\unify\ExportQuaternion.h">
      <Filter>dxilua\unify</Filter>
    </ClInclude>
    <ClInclude Include="dxilua\ScriptEngine.h">
      <Filter>dxilua</Filter>
    </ClInclude>
    <ClInclude Include="dxilua\unify\ExportAngle.h">
      <Filter>dxilua\unify</Filter>
    </ClInclude>
    <ClInclude Include="dxilua\ExportObjectOrbitMotivator.h">
      <Filter>dxilua</Filter>
    </ClInclude>
    <ClInclude Include="dxilua\ExportObjectInputMotivator.h">
      <Filter>dxilua</Filter>
    </ClInclude>
    <ClInclude Include="dxilua\ExportInputCondition.h">
      <Filter>dxilua</Filter>
    </ClInclude>
    <ClInclude Include="dxilua\ExportInput.h">
      <Filter>dxilua</Filter>
    </ClInclude>
    <ClInclude Include="dxilua\ExportObjectComponent.h">
      <Filter>dxilua</Filter>
    </ClInclude>
    <ClInclude Include="dxilua\ExportInputMotivator.h">
      <Filter>dxilua</Filter>
    </ClInclude>
  </ItemGroup>
  <ItemGroup>
    <ClCompile Include="dllmain.cpp">
      <Filter>dll</Filter>
    </ClCompile>
    <ClCompile Include="DXILuaDLL.cpp">
      <Filter>dll</Filter>
    </ClCompile>
    <ClCompile Include="dxilua\ExportObject.cpp">
      <Filter>dxilua</Filter>
    </ClCompile>
    <ClCompile Include="dxilua\ExportGame.cpp">
      <Filter>dxilua</Filter>
    </ClCompile>
    <ClCompile Include="dxilua\ExportResources.cpp">
      <Filter>dxilua</Filter>
    </ClCompile>
    <ClCompile Include="dxilua\ExportScene.cpp">
      <Filter>dxilua</Filter>
    </ClCompile>
    <ClCompile Include="dxilua\ExportDebug.cpp">
      <Filter>dxilua</Filter>
    </ClCompile>
    <ClCompile Include="dxilua\ExportUpdate.cpp">
      <Filter>dxilua</Filter>
    </ClCompile>
    <ClCompile Include="dxilua\Module.cpp">
      <Filter>dxilua</Filter>
    </ClCompile>
    <ClCompile Include="dxilua\CreateState.cpp">
      <Filter>dxilua</Filter>
    </ClCompile>
    <ClCompile Include="dxilua\ExportTransform.cpp">
      <Filter>dxilua</Filter>
    </ClCompile>
    <ClCompile Include="dxilua\ExportCameraComponent.cpp">
      <Filter>dxilua</Filter>
    </ClCompile>
    <ClCompile Include="dxilua\shape\ExportShapeParameters.cpp">
      <Filter>dxilua\shape</Filter>
    </ClCompile>
    <ClCompile Include="dxilua\unify\ExportV2.cpp">
      <Filter>dxilua\unify</Filter>
    </ClCompile>
    <ClCompile Include="dxilua\unify\ExportV3.cpp">
      <Filter>dxilua\unify</Filter>
    </ClCompile>
    <ClCompile Include="dxilua\unify\ExportColor.cpp">
      <Filter>dxilua\unify</Filter>
    </ClCompile>
    <ClCompile Include="dxilua\ExportGeometry.cpp">
      <Filter>dxilua</Filter>
    </ClCompile>
    <ClCompile Include="dxilua\unify\ExportSize3.cpp">
      <Filter>dxilua\unify</Filter>
    </ClCompile>
    <ClCompile Include="dxilua\unify\ExportSize2.cpp">
      <Filter>dxilua\unify</Filter>
    </ClCompile>
    <ClCompile Include="dxilua\ExportEffect.cpp">
      <Filter>dxilua</Filter>
    </ClCompile>
    <ClCompile Include="dxilua\unify\ExportMatrix.cpp">
      <Filter>dxilua\unify</Filter>
    </ClCompile>
    <ClCompile Include="dxilua\Util.cpp">
      <Filter>dxilua</Filter>
    </ClCompile>
    <ClCompile Include="dxilua\unify\ExportTexCoords.cpp">
      <Filter>dxilua\unify</Filter>
    </ClCompile>
    <ClCompile Include="dxilua\ExportTerraParameters.cpp">
      <Filter>dxilua</Filter>
    </ClCompile>
    <ClCompile Include="dxilua\ExportTerra.cpp">
      <Filter>dxilua</Filter>
    </ClCompile>
    <ClCompile Include="dxilua\ExportTexture.cpp">
      <Filter>dxilua</Filter>
    </ClCompile>
    <ClCompile Include="dxilua\unify\ExportQuaternion.cpp">
      <Filter>dxilua\unify</Filter>
    </ClCompile>
    <ClCompile Include="dxilua\ScriptEngine.cpp">
      <Filter>dxilua</Filter>
    </ClCompile>
    <ClCompile Include="dxilua\unify\ExportAngle.cpp">
      <Filter>dxilua\unify</Filter>
    </ClCompile>
    <ClCompile Include="dxilua\ExportObjectOrbitMotivator.cpp">
      <Filter>dxilua</Filter>
    </ClCompile>
    <ClCompile Include="dxilua\ExportObjectInputMotivator.cpp">
      <Filter>dxilua</Filter>
    </ClCompile>
    <ClCompile Include="dxilua\ExportInputCondition.cpp">
      <Filter>dxilua</Filter>
    </ClCompile>
    <ClCompile Include="dxilua\ExportInput.cpp">
      <Filter>dxilua</Filter>
    </ClCompile>
    <ClCompile Include="dxilua\ExportObjectComponent.cpp">
      <Filter>dxilua</Filter>
    </ClCompile>
    <ClCompile Include="dxilua\ExportInputMotivator.cpp">
      <Filter>dxilua</Filter>
    </ClCompile>
  </ItemGroup>
</Project>