
Microsoft Visual Studio Solution File, Format Version 12.00
# Visual Studio 14
VisualStudioVersion = 14.0.25420.1
MinimumVisualStudioVersion = 10.0.40219.1
Project("{2150E333-8FDC-42A3-9474-1A3956D46DE8}") = "Extensions_move_to_own_repo", "Extensions_move_to_own_repo", "{B3A27F06-CAC5-450B-A6D4-16D6F6007CB2}"
EndProject
Project("{2150E333-8FDC-42A3-9474-1A3956D46DE8}") = "input", "input", "{C376D7D3-C837-479E-B410-DB79DCD504D1}"
EndProject
Project("{2150E333-8FDC-42A3-9474-1A3956D46DE8}") = "scripting", "scripting", "{196C39A4-B1BE-4C2A-B2A8-D3C5E9EE0A0D}"
EndProject
Project("{2150E333-8FDC-42A3-9474-1A3956D46DE8}") = "physics", "physics", "{B82964BD-88EA-4A29-94DD-5273F8C5EDEC}"
EndProject
Project("{2150E333-8FDC-42A3-9474-1A3956D46DE8}") = "Mercury", "Mercury", "{9AC0BAD5-52BD-4E41-B51E-74062D72BCDF}"
EndProject
Project("{8BC9CEB8-8B4A-11D0-8D11-00A0C91BC942}") = "MercuryEngine", "MercuryEngine.vcxproj", "{0E2AF65A-1CD1-4D9C-A142-CF2F4892AFF1}"
	ProjectSection(ProjectDependencies) = postProject
		{B973C604-ADA5-4F9D-B681-BAC20018C501} = {B973C604-ADA5-4F9D-B681-BAC20018C501}
		{AD285766-AD5F-4006-91AA-4919F27EF77B} = {AD285766-AD5F-4006-91AA-4919F27EF77B}
		{B6CB05B8-EB1E-4CC3-AE81-420763273E43} = {B6CB05B8-EB1E-4CC3-AE81-420763273E43}
		{F09333BB-5F8E-4FE5-9B2A-3489DFFD26A5} = {F09333BB-5F8E-4FE5-9B2A-3489DFFD26A5}
	EndProjectSection
EndProject
Project("{2150E333-8FDC-42A3-9474-1A3956D46DE8}") = "Tests", "Tests", "{775AF24E-9BDA-4395-8CE4-0F1E93F33BEE}"
EndProject
Project("{2150E333-8FDC-42A3-9474-1A3956D46DE8}") = "01tests_basics", "01tests_basics", "{8FBE65D3-1810-4D87-939E-2608106330BD}"
EndProject
Project("{2150E333-8FDC-42A3-9474-1A3956D46DE8}") = "02tests_feature", "02tests_feature", "{B8CF3E55-E000-4C0A-9E00-459E6B9AD36C}"
EndProject
Project("{2150E333-8FDC-42A3-9474-1A3956D46DE8}") = "03tests_input", "03tests_input", "{80E8DEAB-C0F1-4852-9331-844296D10C6F}"
EndProject
Project("{2150E333-8FDC-42A3-9474-1A3956D46DE8}") = "04tests_Scene2D", "04tests_Scene2D", "{C3A65629-16B5-4FF8-B0E7-96D0902E8EC6}"
EndProject
Project("{2150E333-8FDC-42A3-9474-1A3956D46DE8}") = "07tests_Physics", "07tests_Physics", "{968C8CD6-13AD-4A86-8C09-8BC598FE5A6C}"
EndProject
Project("{2150E333-8FDC-42A3-9474-1A3956D46DE8}") = "09tests_scripting", "09tests_scripting", "{DFB86669-A887-4256-BF53-E22C6ECFA1A2}"
EndProject
Project("{8BC9CEB8-8B4A-11D0-8D11-00A0C91BC942}") = "01Test01-FiveQuad", "..\..\MercuryTests\01tests_basics\01Test01-FiveQuad\01Test01-FiveQuad.vcxproj", "{3001C03A-F2E7-411A-A332-8DC5477ECBBB}"
	ProjectSection(ProjectDependencies) = postProject
		{7CB2DE04-3C02-4689-9B1B-5F40CFB578F4} = {7CB2DE04-3C02-4689-9B1B-5F40CFB578F4}
		{78A53919-9D3A-435D-AF30-7F08B38C2390} = {78A53919-9D3A-435D-AF30-7F08B38C2390}
		{0E2AF65A-1CD1-4D9C-A142-CF2F4892AFF1} = {0E2AF65A-1CD1-4D9C-A142-CF2F4892AFF1}
		{60313297-04AD-4709-957A-20EF8C6C1230} = {60313297-04AD-4709-957A-20EF8C6C1230}
	EndProjectSection
EndProject
Project("{8BC9CEB8-8B4A-11D0-8D11-00A0C91BC942}") = "02Test01 - TwoWindows", "..\..\MercuryTests\02tests_feature\02Test01 - TwoWindows\02Test01 - TwoWindows.vcxproj", "{419EACD7-76D2-476A-B1A3-8669CE7279F8}"
	ProjectSection(ProjectDependencies) = postProject
		{3001C03A-F2E7-411A-A332-8DC5477ECBBB} = {3001C03A-F2E7-411A-A332-8DC5477ECBBB}
	EndProjectSection
EndProject
Project("{8BC9CEB8-8B4A-11D0-8D11-00A0C91BC942}") = "02Test02 - Loading Meshes", "..\..\MercuryTests\02tests_feature\02Test02 - Loading Meshes\02Test02 - Loading Meshes.vcxproj", "{93A57954-6E78-4D41-9866-6F869E915BC8}"
	ProjectSection(ProjectDependencies) = postProject
		{3001C03A-F2E7-411A-A332-8DC5477ECBBB} = {3001C03A-F2E7-411A-A332-8DC5477ECBBB}
	EndProjectSection
EndProject
Project("{8BC9CEB8-8B4A-11D0-8D11-00A0C91BC942}") = "02Test03 - Quaternions", "..\..\MercuryTests\02tests_feature\02Test03 - Quaternions\02Test03 - Quaternions.vcxproj", "{8F040CEB-D662-4A0B-80A8-67E7C8D7B61C}"
	ProjectSection(ProjectDependencies) = postProject
		{3001C03A-F2E7-411A-A332-8DC5477ECBBB} = {3001C03A-F2E7-411A-A332-8DC5477ECBBB}
	EndProjectSection
EndProject
Project("{8BC9CEB8-8B4A-11D0-8D11-00A0C91BC942}") = "02Test04 - Terra", "..\..\MercuryTests\02tests_feature\02Test04 - Terra\02Test04 - Terra.vcxproj", "{0802F64F-28F0-40DD-B3FD-179074CFF37D}"
	ProjectSection(ProjectDependencies) = postProject
		{3001C03A-F2E7-411A-A332-8DC5477ECBBB} = {3001C03A-F2E7-411A-A332-8DC5477ECBBB}
	EndProjectSection
EndProject
Project("{8BC9CEB8-8B4A-11D0-8D11-00A0C91BC942}") = "02Test05 - LOD", "..\..\MercuryTests\02tests_feature\02Test05 - LOD\02Test05 - LOD.vcxproj", "{6E1DA3AC-6298-4555-B480-A892692F08A1}"
	ProjectSection(ProjectDependencies) = postProject
		{3001C03A-F2E7-411A-A332-8DC5477ECBBB} = {3001C03A-F2E7-411A-A332-8DC5477ECBBB}
		{0E2AF65A-1CD1-4D9C-A142-CF2F4892AFF1} = {0E2AF65A-1CD1-4D9C-A142-CF2F4892AFF1}
	EndProjectSection
EndProject
Project("{8BC9CEB8-8B4A-11D0-8D11-00A0C91BC942}") = "03Test01-Keyboard", "..\..\MercuryTests\03tests_input\03Test01-Keyboard\03Test01-Keyboard.vcxproj", "{D5BC1D10-A24C-456B-95FD-F0CF8294F186}"
	ProjectSection(ProjectDependencies) = postProject
		{3001C03A-F2E7-411A-A332-8DC5477ECBBB} = {3001C03A-F2E7-411A-A332-8DC5477ECBBB}
		{335B7243-367C-4BA2-83E1-726EFED77CC7} = {335B7243-367C-4BA2-83E1-726EFED77CC7}
		{29E6506F-BA76-4C2C-9272-1E882C553E46} = {29E6506F-BA76-4C2C-9272-1E882C553E46}
	EndProjectSection
EndProject
Project("{8BC9CEB8-8B4A-11D0-8D11-00A0C91BC942}") = "03Test02-Mouse", "..\..\MercuryTests\03tests_input\03Test02-Mouse\03Test02-Mouse.vcxproj", "{497A7C19-63A6-49A8-BA10-014BA66C7E73}"
	ProjectSection(ProjectDependencies) = postProject
		{3001C03A-F2E7-411A-A332-8DC5477ECBBB} = {3001C03A-F2E7-411A-A332-8DC5477ECBBB}
		{335B7243-367C-4BA2-83E1-726EFED77CC7} = {335B7243-367C-4BA2-83E1-726EFED77CC7}
		{FAC34C91-B25B-4D6E-BE36-E3E34A746A83} = {FAC34C91-B25B-4D6E-BE36-E3E34A746A83}
		{08595ABF-1C5E-44B6-86A3-57AC751CF71F} = {08595ABF-1C5E-44B6-86A3-57AC751CF71F}
	EndProjectSection
EndProject
Project("{8BC9CEB8-8B4A-11D0-8D11-00A0C91BC942}") = "03Test03-Gamepad", "..\..\MercuryTests\03tests_input\03Test03-Gamepad\03Test03-Gamepad.vcxproj", "{39F7EA91-9958-4AE7-BD08-18DF8AAD437A}"
	ProjectSection(ProjectDependencies) = postProject
		{3001C03A-F2E7-411A-A332-8DC5477ECBBB} = {3001C03A-F2E7-411A-A332-8DC5477ECBBB}
		{335B7243-367C-4BA2-83E1-726EFED77CC7} = {335B7243-367C-4BA2-83E1-726EFED77CC7}
		{08595ABF-1C5E-44B6-86A3-57AC751CF71F} = {08595ABF-1C5E-44B6-86A3-57AC751CF71F}
		{5A01E2EE-39F1-488F-A6EC-0C0C60E06346} = {5A01E2EE-39F1-488F-A6EC-0C0C60E06346}
	EndProjectSection
EndProject
Project("{8BC9CEB8-8B4A-11D0-8D11-00A0C91BC942}") = "03Test04-KeyboardMouseGamepad", "..\..\MercuryTests\03tests_input\03Test04-KeyboardMouseGamepad\03Test04-KeyboardMouseGamepad.vcxproj", "{F68D41A6-195F-4F2B-A367-E163A582F45C}"
	ProjectSection(ProjectDependencies) = postProject
		{D5BC1D10-A24C-456B-95FD-F0CF8294F186} = {D5BC1D10-A24C-456B-95FD-F0CF8294F186}
		{497A7C19-63A6-49A8-BA10-014BA66C7E73} = {497A7C19-63A6-49A8-BA10-014BA66C7E73}
		{3001C03A-F2E7-411A-A332-8DC5477ECBBB} = {3001C03A-F2E7-411A-A332-8DC5477ECBBB}
		{39F7EA91-9958-4AE7-BD08-18DF8AAD437A} = {39F7EA91-9958-4AE7-BD08-18DF8AAD437A}
	EndProjectSection
EndProject
Project("{8BC9CEB8-8B4A-11D0-8D11-00A0C91BC942}") = "04Test01-TextElement", "..\..\MercuryTests\04tests_Scene2D\04Test01-TextElement\04Test01-TextElement.vcxproj", "{5B065BE2-8D0C-47D6-ABD4-F2B10573F77D}"
	ProjectSection(ProjectDependencies) = postProject
		{3001C03A-F2E7-411A-A332-8DC5477ECBBB} = {3001C03A-F2E7-411A-A332-8DC5477ECBBB}
	EndProjectSection
EndProject
Project("{8BC9CEB8-8B4A-11D0-8D11-00A0C91BC942}") = "07Test01 - PhysXHello", "..\..\MercuryTests\07tests_Physics\07Test01 - PhysXHello\07Test01 - PhysXHello.vcxproj", "{217BAB09-0FCB-44AD-AF34-DB7110DD0E81}"
	ProjectSection(ProjectDependencies) = postProject
		{7CB2DE04-3C02-4689-9B1B-5F40CFB578F4} = {7CB2DE04-3C02-4689-9B1B-5F40CFB578F4}
		{78A53919-9D3A-435D-AF30-7F08B38C2390} = {78A53919-9D3A-435D-AF30-7F08B38C2390}
		{3001C03A-F2E7-411A-A332-8DC5477ECBBB} = {3001C03A-F2E7-411A-A332-8DC5477ECBBB}
		{335B7243-367C-4BA2-83E1-726EFED77CC7} = {335B7243-367C-4BA2-83E1-726EFED77CC7}
	EndProjectSection
EndProject
Project("{8BC9CEB8-8B4A-11D0-8D11-00A0C91BC942}") = "09Test01 - Lua", "..\..\MercuryTests\09tests_scripting\09Test01 - Lua\09Test01 - Lua.vcxproj", "{3CEE30F4-B407-48D0-BC5C-4C6E4CB9C9ED}"
	ProjectSection(ProjectDependencies) = postProject
		{7CB2DE04-3C02-4689-9B1B-5F40CFB578F4} = {7CB2DE04-3C02-4689-9B1B-5F40CFB578F4}
		{3001C03A-F2E7-411A-A332-8DC5477ECBBB} = {3001C03A-F2E7-411A-A332-8DC5477ECBBB}
		{335B7243-367C-4BA2-83E1-726EFED77CC7} = {335B7243-367C-4BA2-83E1-726EFED77CC7}
	EndProjectSection
EndProject
Project("{8BC9CEB8-8B4A-11D0-8D11-00A0C91BC942}") = "04Test03-FPS", "..\..\MercuryTests\04tests_Scene2D\04Test03-FPS\04Test03-FPS.vcxproj", "{DB681FB9-B57F-4E30-AF4E-F9FCD4C70C53}"
	ProjectSection(ProjectDependencies) = postProject
		{3001C03A-F2E7-411A-A332-8DC5477ECBBB} = {3001C03A-F2E7-411A-A332-8DC5477ECBBB}
	EndProjectSection
EndProject
Project("{8BC9CEB8-8B4A-11D0-8D11-00A0C91BC942}") = "06Test01 - Mesh Animation", "..\..\MercuryTests\06tests_MeshAnimations\06Test01 - Mesh Animation\06Test01 - Mesh Animation.vcxproj", "{4A4364D4-EF7A-47BA-8580-7C6FF438EEC7}"
	ProjectSection(ProjectDependencies) = postProject
		{3001C03A-F2E7-411A-A332-8DC5477ECBBB} = {3001C03A-F2E7-411A-A332-8DC5477ECBBB}
		{07D050EB-7109-4216-AA34-9005B601550B} = {07D050EB-7109-4216-AA34-9005B601550B}
	EndProjectSection
EndProject
Project("{8BC9CEB8-8B4A-11D0-8D11-00A0C91BC942}") = "01Test05-Mesh", "..\..\MercuryTests\01tests_basics\01Test05-Mesh\01Test05-Mesh.vcxproj", "{C5797AED-B0C2-4CCF-BBEA-3D4E79B3270C}"
	ProjectSection(ProjectDependencies) = postProject
		{3001C03A-F2E7-411A-A332-8DC5477ECBBB} = {3001C03A-F2E7-411A-A332-8DC5477ECBBB}
	EndProjectSection
EndProject
Project("{2150E333-8FDC-42A3-9474-1A3956D46DE8}") = "Games", "Games", "{722BA092-8390-465D-81C3-A7762165BA6D}"
EndProject
Project("{8BC9CEB8-8B4A-11D0-8D11-00A0C91BC942}") = "BlockWorlds", "..\BlockWorlds\BlockWorlds.vcxproj", "{0C19B9EB-9769-4C6B-B91F-D54165F21C35}"
	ProjectSection(ProjectDependencies) = postProject
		{78A53919-9D3A-435D-AF30-7F08B38C2390} = {78A53919-9D3A-435D-AF30-7F08B38C2390}
		{08595ABF-1C5E-44B6-86A3-57AC751CF71F} = {08595ABF-1C5E-44B6-86A3-57AC751CF71F}
	EndProjectSection
EndProject
Project("{8BC9CEB8-8B4A-11D0-8D11-00A0C91BC942}") = "07Test02 - PhysXPlayer", "..\..\MercuryTests\07tests_Physics\07Test02 - PhysXPlayer\07Test02 - PhysXPlayer.vcxproj", "{53E4B1CB-D260-4DAB-8FD6-A616BB047FD2}"
	ProjectSection(ProjectDependencies) = postProject
		{7CB2DE04-3C02-4689-9B1B-5F40CFB578F4} = {7CB2DE04-3C02-4689-9B1B-5F40CFB578F4}
		{78A53919-9D3A-435D-AF30-7F08B38C2390} = {78A53919-9D3A-435D-AF30-7F08B38C2390}
		{3001C03A-F2E7-411A-A332-8DC5477ECBBB} = {3001C03A-F2E7-411A-A332-8DC5477ECBBB}
		{335B7243-367C-4BA2-83E1-726EFED77CC7} = {335B7243-367C-4BA2-83E1-726EFED77CC7}
	EndProjectSection
EndProject
Project("{8BC9CEB8-8B4A-11D0-8D11-00A0C91BC942}") = "02Test08 - Ambient Lighting", "..\..\MercuryTests\02tests_feature\02Test08 - Ambient Lighting\02Test08 - Ambient Lighting.vcxproj", "{676ABF4A-AFA5-4096-A68E-0EC69CCF932A}"
	ProjectSection(ProjectDependencies) = postProject
		{7CB2DE04-3C02-4689-9B1B-5F40CFB578F4} = {7CB2DE04-3C02-4689-9B1B-5F40CFB578F4}
		{78A53919-9D3A-435D-AF30-7F08B38C2390} = {78A53919-9D3A-435D-AF30-7F08B38C2390}
		{3001C03A-F2E7-411A-A332-8DC5477ECBBB} = {3001C03A-F2E7-411A-A332-8DC5477ECBBB}
	EndProjectSection
EndProject
Project("{2150E333-8FDC-42A3-9474-1A3956D46DE8}") = "06tests_MeshAnimations", "06tests_MeshAnimations", "{51281D2F-1252-42F9-B927-BF6D3F9263A8}"
EndProject
Project("{8BC9CEB8-8B4A-11D0-8D11-00A0C91BC942}") = "06Test02 - Mesh Animation Instanced", "..\..\MercuryTests\06tests_MeshAnimations\06Test02 - Mesh Animation Instanced\06Test02 - Mesh Animation Instanced.vcxproj", "{545E66C9-A013-4CD5-AEDA-9FBE9CC34B4E}"
	ProjectSection(ProjectDependencies) = postProject
		{3001C03A-F2E7-411A-A332-8DC5477ECBBB} = {3001C03A-F2E7-411A-A332-8DC5477ECBBB}
	EndProjectSection
EndProject
Project("{8BC9CEB8-8B4A-11D0-8D11-00A0C91BC942}") = "04Test05-InputToggles", "..\..\MercuryTests\04tests_Scene2D\04Test05-InputToggles\04Test05-InputToggles.vcxproj", "{B96594A1-7E84-4632-863A-24F85EADD86C}"
	ProjectSection(ProjectDependencies) = postProject
		{3001C03A-F2E7-411A-A332-8DC5477ECBBB} = {3001C03A-F2E7-411A-A332-8DC5477ECBBB}
		{29E6506F-BA76-4C2C-9272-1E882C553E46} = {29E6506F-BA76-4C2C-9272-1E882C553E46}
		{FAC34C91-B25B-4D6E-BE36-E3E34A746A83} = {FAC34C91-B25B-4D6E-BE36-E3E34A746A83}
		{5A01E2EE-39F1-488F-A6EC-0C0C60E06346} = {5A01E2EE-39F1-488F-A6EC-0C0C60E06346}
	EndProjectSection
EndProject
Project("{8BC9CEB8-8B4A-11D0-8D11-00A0C91BC942}") = "02Test07 - BBox test", "..\..\MercuryTests\02tests_feature\02Test07 - BBox test\02Test07 - BBox test.vcxproj", "{2FF10FD2-5168-4232-8EF2-3A55774F98F4}"
	ProjectSection(ProjectDependencies) = postProject
		{3001C03A-F2E7-411A-A332-8DC5477ECBBB} = {3001C03A-F2E7-411A-A332-8DC5477ECBBB}
	EndProjectSection
EndProject
Project("{8BC9CEB8-8B4A-11D0-8D11-00A0C91BC942}") = "02Test09 - Motivator", "..\..\MercuryTests\02tests_feature\02Test09 - Motivator\02Test09 - Motivator.vcxproj", "{22BE0224-408B-4F0D-9ECE-8053408CA609}"
	ProjectSection(ProjectDependencies) = postProject
		{3001C03A-F2E7-411A-A332-8DC5477ECBBB} = {3001C03A-F2E7-411A-A332-8DC5477ECBBB}
	EndProjectSection
EndProject
Project("{8BC9CEB8-8B4A-11D0-8D11-00A0C91BC942}") = "03Test05-InputSourceMotivator", "..\..\MercuryTests\03tests_input\03Test05-InputSourceMotivator\03Test05-InputSourceMotivator.vcxproj", "{2C62BC59-B18E-4E3A-B402-C9FC490734E5}"
	ProjectSection(ProjectDependencies) = postProject
		{3001C03A-F2E7-411A-A332-8DC5477ECBBB} = {3001C03A-F2E7-411A-A332-8DC5477ECBBB}
	EndProjectSection
EndProject
Project("{8BC9CEB8-8B4A-11D0-8D11-00A0C91BC942}") = "Adventure", "..\Adventure\Adventure.vcxproj", "{55030E14-EA34-48B1-ABE6-1190FC9FF68D}"
	ProjectSection(ProjectDependencies) = postProject
		{73720105-DA19-43B7-A37A-3383ACDA63B4} = {73720105-DA19-43B7-A37A-3383ACDA63B4}
		{528E3F09-BFE4-4651-A773-25A70BD8B0C4} = {528E3F09-BFE4-4651-A773-25A70BD8B0C4}
		{335B7243-367C-4BA2-83E1-726EFED77CC7} = {335B7243-367C-4BA2-83E1-726EFED77CC7}
		{29E6506F-BA76-4C2C-9272-1E882C553E46} = {29E6506F-BA76-4C2C-9272-1E882C553E46}
		{F6616D72-4655-4061-A9C1-75E5C8F7F4B4} = {F6616D72-4655-4061-A9C1-75E5C8F7F4B4}
		{FAE33C86-C5A4-4514-9C4F-2827ED99FA10} = {FAE33C86-C5A4-4514-9C4F-2827ED99FA10}
		{94A44287-4B89-4BAA-81D8-E754F1AB85B1} = {94A44287-4B89-4BAA-81D8-E754F1AB85B1}
		{FAC34C91-B25B-4D6E-BE36-E3E34A746A83} = {FAC34C91-B25B-4D6E-BE36-E3E34A746A83}
		{60313297-04AD-4709-957A-20EF8C6C1230} = {60313297-04AD-4709-957A-20EF8C6C1230}
		{7AED179B-EF9A-40DC-A652-81F556911371} = {7AED179B-EF9A-40DC-A652-81F556911371}
		{08595ABF-1C5E-44B6-86A3-57AC751CF71F} = {08595ABF-1C5E-44B6-86A3-57AC751CF71F}
		{07D050EB-7109-4216-AA34-9005B601550B} = {07D050EB-7109-4216-AA34-9005B601550B}
		{5A01E2EE-39F1-488F-A6EC-0C0C60E06346} = {5A01E2EE-39F1-488F-A6EC-0C0C60E06346}
	EndProjectSection
EndProject
Project("{8BC9CEB8-8B4A-11D0-8D11-00A0C91BC942}") = "MEPhysX", "..\MEPhysX\MEPhysX.vcxproj", "{78A53919-9D3A-435D-AF30-7F08B38C2390}"
	ProjectSection(ProjectDependencies) = postProject
		{0E2AF65A-1CD1-4D9C-A142-CF2F4892AFF1} = {0E2AF65A-1CD1-4D9C-A142-CF2F4892AFF1}
	EndProjectSection
EndProject
Project("{8BC9CEB8-8B4A-11D0-8D11-00A0C91BC942}") = "02Test10 - Octree", "..\..\MercuryTests\02tests_feature\02Test10 - Octree\02Test10 - Octree.vcxproj", "{FC3B60A9-B1A3-4766-9B9B-FFD3EC2630AD}"
	ProjectSection(ProjectDependencies) = postProject
		{3001C03A-F2E7-411A-A332-8DC5477ECBBB} = {3001C03A-F2E7-411A-A332-8DC5477ECBBB}
	EndProjectSection
EndProject
Project("{8BC9CEB8-8B4A-11D0-8D11-00A0C91BC942}") = "MEPhysics", "..\MEPhysics\MEPhysics.vcxproj", "{528E3F09-BFE4-4651-A773-25A70BD8B0C4}"
	ProjectSection(ProjectDependencies) = postProject
		{0E2AF65A-1CD1-4D9C-A142-CF2F4892AFF1} = {0E2AF65A-1CD1-4D9C-A142-CF2F4892AFF1}
	EndProjectSection
EndProject
Project("{8BC9CEB8-8B4A-11D0-8D11-00A0C91BC942}") = "MELua", "..\MELua\MELuaDLL.vcxproj", "{335B7243-367C-4BA2-83E1-726EFED77CC7}"
	ProjectSection(ProjectDependencies) = postProject
		{0E2AF65A-1CD1-4D9C-A142-CF2F4892AFF1} = {0E2AF65A-1CD1-4D9C-A142-CF2F4892AFF1}
		{08595ABF-1C5E-44B6-86A3-57AC751CF71F} = {08595ABF-1C5E-44B6-86A3-57AC751CF71F}
	EndProjectSection
EndProject
Project("{8BC9CEB8-8B4A-11D0-8D11-00A0C91BC942}") = "MELuaPhysXExt", "..\MELuaPhysXExt\MELuaPhysXExt.vcxproj", "{7CB2DE04-3C02-4689-9B1B-5F40CFB578F4}"
	ProjectSection(ProjectDependencies) = postProject
		{78A53919-9D3A-435D-AF30-7F08B38C2390} = {78A53919-9D3A-435D-AF30-7F08B38C2390}
		{335B7243-367C-4BA2-83E1-726EFED77CC7} = {335B7243-367C-4BA2-83E1-726EFED77CC7}
		{0E2AF65A-1CD1-4D9C-A142-CF2F4892AFF1} = {0E2AF65A-1CD1-4D9C-A142-CF2F4892AFF1}
	EndProjectSection
EndProject
Project("{8BC9CEB8-8B4A-11D0-8D11-00A0C91BC942}") = "MEPhysicsLuaExt", "..\MEPhysicsLuaExt\MEPhysicsLuaExt.vcxproj", "{7AED179B-EF9A-40DC-A652-81F556911371}"
	ProjectSection(ProjectDependencies) = postProject
		{528E3F09-BFE4-4651-A773-25A70BD8B0C4} = {528E3F09-BFE4-4651-A773-25A70BD8B0C4}
		{335B7243-367C-4BA2-83E1-726EFED77CC7} = {335B7243-367C-4BA2-83E1-726EFED77CC7}
		{0E2AF65A-1CD1-4D9C-A142-CF2F4892AFF1} = {0E2AF65A-1CD1-4D9C-A142-CF2F4892AFF1}
	EndProjectSection
EndProject
Project("{8BC9CEB8-8B4A-11D0-8D11-00A0C91BC942}") = "02Test11 - Sculpter", "..\..\MercuryTests\02tests_feature\02Test11 - Sculpter\02Test11 - Sculpter.vcxproj", "{FCB5F0F8-E90F-49EA-87E9-7D87693EB58B}"
	ProjectSection(ProjectDependencies) = postProject
		{3001C03A-F2E7-411A-A332-8DC5477ECBBB} = {3001C03A-F2E7-411A-A332-8DC5477ECBBB}
	EndProjectSection
EndProject
Project("{2150E333-8FDC-42A3-9474-1A3956D46DE8}") = "renderers", "renderers", "{AA3E2A1E-2D00-415C-971B-87F290051E39}"
EndProject
Project("{8BC9CEB8-8B4A-11D0-8D11-00A0C91BC942}") = "06Test03 - Mesh Animation DAE", "..\..\MercuryTests\06tests_MeshAnimations\06Test03 - Mesh Animation DAE\06Test03 - Mesh Animation DAE.vcxproj", "{6380F87D-519C-4440-BE67-9A27F2A51C12}"
	ProjectSection(ProjectDependencies) = postProject
		{3001C03A-F2E7-411A-A332-8DC5477ECBBB} = {3001C03A-F2E7-411A-A332-8DC5477ECBBB}
	EndProjectSection
EndProject
Project("{8BC9CEB8-8B4A-11D0-8D11-00A0C91BC942}") = "04Test04-Image", "..\..\MercuryTests\04tests_Scene2D\04Test04-Image\04Test04-Image.vcxproj", "{AAC5793B-171F-48BC-9196-9FB20A813CD0}"
	ProjectSection(ProjectDependencies) = postProject
		{3001C03A-F2E7-411A-A332-8DC5477ECBBB} = {3001C03A-F2E7-411A-A332-8DC5477ECBBB}
	EndProjectSection
EndProject
Project("{8BC9CEB8-8B4A-11D0-8D11-00A0C91BC942}") = "04Test06-GridsAndLists", "..\..\MercuryTests\04tests_Scene2D\04Test06-GridsAndLists\04Test06-GridsAndLists.vcxproj", "{B1E784AC-096D-4285-8278-B4CF77334EA3}"
	ProjectSection(ProjectDependencies) = postProject
		{3001C03A-F2E7-411A-A332-8DC5477ECBBB} = {3001C03A-F2E7-411A-A332-8DC5477ECBBB}
	EndProjectSection
EndProject
Project("{8BC9CEB8-8B4A-11D0-8D11-00A0C91BC942}") = "09Test02 - Lua Send Command", "..\..\MercuryTests\09tests_scripting\09Test02 - Lua Send Command\09Test02 - Lua Send Command.vcxproj", "{00365530-822C-4C31-92CC-FC7B47C374A7}"
	ProjectSection(ProjectDependencies) = postProject
		{3001C03A-F2E7-411A-A332-8DC5477ECBBB} = {3001C03A-F2E7-411A-A332-8DC5477ECBBB}
		{335B7243-367C-4BA2-83E1-726EFED77CC7} = {335B7243-367C-4BA2-83E1-726EFED77CC7}
	EndProjectSection
EndProject
Project("{2150E333-8FDC-42A3-9474-1A3956D46DE8}") = "05tests_Scene3D", "05tests_Scene3D", "{CB01984C-F411-4250-BEA9-211BD430BEF6}"
EndProject
Project("{8BC9CEB8-8B4A-11D0-8D11-00A0C91BC942}") = "05Test01 - Add and Remove Objects", "..\..\MercuryTests\05tests_Scene3D\05Test01 - Add and Remove Objects\05Test01 - Add and Remove Objects.vcxproj", "{D69A7B8F-2294-449F-A48B-56C9086CDAE4}"
	ProjectSection(ProjectDependencies) = postProject
		{3001C03A-F2E7-411A-A332-8DC5477ECBBB} = {3001C03A-F2E7-411A-A332-8DC5477ECBBB}
	EndProjectSection
EndProject
Project("{8BC9CEB8-8B4A-11D0-8D11-00A0C91BC942}") = "05Test02 - Scene of Shapes", "..\..\MercuryTests\05tests_Scene3D\05Test02 - Scene of Shapes\05Test02 - Scene of Shapes.vcxproj", "{47086A1E-628E-49F3-B568-5B8240175FCA}"
	ProjectSection(ProjectDependencies) = postProject
		{3001C03A-F2E7-411A-A332-8DC5477ECBBB} = {3001C03A-F2E7-411A-A332-8DC5477ECBBB}
	EndProjectSection
EndProject
Project("{2150E333-8FDC-42A3-9474-1A3956D46DE8}") = "PhysX", "PhysX", "{9670DD6F-101E-4F15-B0F0-F32B53A21ABB}"
EndProject
Project("{2150E333-8FDC-42A3-9474-1A3956D46DE8}") = "10tests_demos", "10tests_demos", "{C85E8AB3-7065-4E83-86DE-72C0BCE20458}"
EndProject
Project("{8BC9CEB8-8B4A-11D0-8D11-00A0C91BC942}") = "10Test01-Solar", "..\..\MercuryTests\10tests_demos\10Test01-Solar\10Test01-Solar.vcxproj", "{44E98FF9-27E5-41E4-8E19-81B3C131D0C7}"
	ProjectSection(ProjectDependencies) = postProject
		{3001C03A-F2E7-411A-A332-8DC5477ECBBB} = {3001C03A-F2E7-411A-A332-8DC5477ECBBB}
	EndProjectSection
EndProject
Project("{8BC9CEB8-8B4A-11D0-8D11-00A0C91BC942}") = "Unify", "..\..\unify\Unify.vcxproj", "{AD285766-AD5F-4006-91AA-4919F27EF77B}"
EndProject
Project("{8BC9CEB8-8B4A-11D0-8D11-00A0C91BC942}") = "QJson", "..\..\qjson\QJson.vcxproj", "{F09333BB-5F8E-4FE5-9B2A-3489DFFD26A5}"
EndProject
Project("{8BC9CEB8-8B4A-11D0-8D11-00A0C91BC942}") = "QXML", "..\..\qxml\QXML.vcxproj", "{B6CB05B8-EB1E-4CC3-AE81-420763273E43}"
	ProjectSection(ProjectDependencies) = postProject
		{AD285766-AD5F-4006-91AA-4919F27EF77B} = {AD285766-AD5F-4006-91AA-4919F27EF77B}
	EndProjectSection
EndProject
Project("{2150E333-8FDC-42A3-9474-1A3956D46DE8}") = "Extensions", "Extensions", "{7B846EDF-C13A-4C7F-8632-45F3E17ED5F6}"
EndProject
Project("{8BC9CEB8-8B4A-11D0-8D11-00A0C91BC942}") = "MESceneAutoLoader", "..\..\MESceneAutoLoader\MESceneAutoLoader.vcxproj", "{6812C036-05BB-4EA1-899A-7D947F7B5F6B}"
	ProjectSection(ProjectDependencies) = postProject
		{0E2AF65A-1CD1-4D9C-A142-CF2F4892AFF1} = {0E2AF65A-1CD1-4D9C-A142-CF2F4892AFF1}
	EndProjectSection
EndProject
Project("{2150E333-8FDC-42A3-9474-1A3956D46DE8}") = "geometry", "geometry", "{58DAC51C-F0C0-445B-863F-1C6C1AE47694}"
EndProject
Project("{8BC9CEB8-8B4A-11D0-8D11-00A0C91BC942}") = "MEDAELoader", "..\..\MEDaeLoader\MEDAELoader.vcxproj", "{FAE33C86-C5A4-4514-9C4F-2827ED99FA10}"
	ProjectSection(ProjectDependencies) = postProject
		{0E2AF65A-1CD1-4D9C-A142-CF2F4892AFF1} = {0E2AF65A-1CD1-4D9C-A142-CF2F4892AFF1}
		{08595ABF-1C5E-44B6-86A3-57AC751CF71F} = {08595ABF-1C5E-44B6-86A3-57AC751CF71F}
	EndProjectSection
EndProject
Project("{8BC9CEB8-8B4A-11D0-8D11-00A0C91BC942}") = "MEASELoader", "..\..\MEASELoader\MEASELoader.vcxproj", "{07D050EB-7109-4216-AA34-9005B601550B}"
	ProjectSection(ProjectDependencies) = postProject
		{0E2AF65A-1CD1-4D9C-A142-CF2F4892AFF1} = {0E2AF65A-1CD1-4D9C-A142-CF2F4892AFF1}
		{AD285766-AD5F-4006-91AA-4919F27EF77B} = {AD285766-AD5F-4006-91AA-4919F27EF77B}
	EndProjectSection
EndProject
Project("{8BC9CEB8-8B4A-11D0-8D11-00A0C91BC942}") = "01Test06-Failures", "..\..\MercuryTests\01tests_basics\01Test06-Failures\01Test06-Failures.vcxproj", "{034AA5C3-2337-490D-BA9C-C6D8AE020EFE}"
	ProjectSection(ProjectDependencies) = postProject
		{3001C03A-F2E7-411A-A332-8DC5477ECBBB} = {3001C03A-F2E7-411A-A332-8DC5477ECBBB}
	EndProjectSection
EndProject
Project("{2150E333-8FDC-42A3-9474-1A3956D46DE8}") = "editor", "editor", "{32CCFD3A-FCB4-4275-A354-D52D210EB512}"
EndProject
Project("{8BC9CEB8-8B4A-11D0-8D11-00A0C91BC942}") = "MEEditor", "..\..\MEEditor\MEEditor.vcxproj", "{94A44287-4B89-4BAA-81D8-E754F1AB85B1}"
	ProjectSection(ProjectDependencies) = postProject
		{0E2AF65A-1CD1-4D9C-A142-CF2F4892AFF1} = {0E2AF65A-1CD1-4D9C-A142-CF2F4892AFF1}
		{C3F94FE1-D15A-4B00-BBEB-E1E8A87BB55D} = {C3F94FE1-D15A-4B00-BBEB-E1E8A87BB55D}
	EndProjectSection
EndProject
Project("{8BC9CEB8-8B4A-11D0-8D11-00A0C91BC942}") = "MEWinApiBuilder", "..\..\MEWinApiBuilder\MEWinApiBuilder.vcxproj", "{C3F94FE1-D15A-4B00-BBEB-E1E8A87BB55D}"
	ProjectSection(ProjectDependencies) = postProject
		{0E2AF65A-1CD1-4D9C-A142-CF2F4892AFF1} = {0E2AF65A-1CD1-4D9C-A142-CF2F4892AFF1}
	EndProjectSection
EndProject
Project("{8BC9CEB8-8B4A-11D0-8D11-00A0C91BC942}") = "MEGamepad", "..\..\MEGamepad\MEGamepad.vcxproj", "{5A01E2EE-39F1-488F-A6EC-0C0C60E06346}"
	ProjectSection(ProjectDependencies) = postProject
		{0E2AF65A-1CD1-4D9C-A142-CF2F4892AFF1} = {0E2AF65A-1CD1-4D9C-A142-CF2F4892AFF1}
	EndProjectSection
EndProject
Project("{8BC9CEB8-8B4A-11D0-8D11-00A0C91BC942}") = "MEMouse", "..\..\MEMouse\MEMouse.vcxproj", "{FAC34C91-B25B-4D6E-BE36-E3E34A746A83}"
	ProjectSection(ProjectDependencies) = postProject
		{0E2AF65A-1CD1-4D9C-A142-CF2F4892AFF1} = {0E2AF65A-1CD1-4D9C-A142-CF2F4892AFF1}
	EndProjectSection
EndProject
Project("{8BC9CEB8-8B4A-11D0-8D11-00A0C91BC942}") = "MEKeyboard", "..\..\MEKeyboard\MEKeyboard.vcxproj", "{29E6506F-BA76-4C2C-9272-1E882C553E46}"
	ProjectSection(ProjectDependencies) = postProject
		{0E2AF65A-1CD1-4D9C-A142-CF2F4892AFF1} = {0E2AF65A-1CD1-4D9C-A142-CF2F4892AFF1}
	EndProjectSection
EndProject
Project("{8BC9CEB8-8B4A-11D0-8D11-00A0C91BC942}") = "MERendererOGL", "..\..\MERendererOGL\MERendererOGL.vcxproj", "{27D1A8A1-08C7-4ADA-86AB-2366BC044AA5}"
	ProjectSection(ProjectDependencies) = postProject
		{0E2AF65A-1CD1-4D9C-A142-CF2F4892AFF1} = {0E2AF65A-1CD1-4D9C-A142-CF2F4892AFF1}
	EndProjectSection
EndProject
Project("{8BC9CEB8-8B4A-11D0-8D11-00A0C91BC942}") = "ResourceManager", "..\..\ResourceManager\ResourceManager.vcxproj", "{B973C604-ADA5-4F9D-B681-BAC20018C501}"
	ProjectSection(ProjectDependencies) = postProject
		{AD285766-AD5F-4006-91AA-4919F27EF77B} = {AD285766-AD5F-4006-91AA-4919F27EF77B}
		{B6CB05B8-EB1E-4CC3-AE81-420763273E43} = {B6CB05B8-EB1E-4CC3-AE81-420763273E43}
		{F09333BB-5F8E-4FE5-9B2A-3489DFFD26A5} = {F09333BB-5F8E-4FE5-9B2A-3489DFFD26A5}
	EndProjectSection
EndProject
Project("{8BC9CEB8-8B4A-11D0-8D11-00A0C91BC942}") = "MERendererDX9", "..\..\MERendererDX9\MERendererDX9.vcxproj", "{60313297-04AD-4709-957A-20EF8C6C1230}"
	ProjectSection(ProjectDependencies) = postProject
		{73720105-DA19-43B7-A37A-3383ACDA63B4} = {73720105-DA19-43B7-A37A-3383ACDA63B4}
		{0E2AF65A-1CD1-4D9C-A142-CF2F4892AFF1} = {0E2AF65A-1CD1-4D9C-A142-CF2F4892AFF1}
		{F6616D72-4655-4061-A9C1-75E5C8F7F4B4} = {F6616D72-4655-4061-A9C1-75E5C8F7F4B4}
	EndProjectSection
EndProject
Project("{8BC9CEB8-8B4A-11D0-8D11-00A0C91BC942}") = "MEWindowsOS", "..\..\MEWindowsOS\MEWindowsOS.vcxproj", "{F6616D72-4655-4061-A9C1-75E5C8F7F4B4}"
	ProjectSection(ProjectDependencies) = postProject
		{0E2AF65A-1CD1-4D9C-A142-CF2F4892AFF1} = {0E2AF65A-1CD1-4D9C-A142-CF2F4892AFF1}
	EndProjectSection
EndProject
Project("{8BC9CEB8-8B4A-11D0-8D11-00A0C91BC942}") = "MENullExtension", "..\..\MENullExtension\MENullExtension.vcxproj", "{F3C8AF98-79B0-4AAF-B303-9AE6BEC73BF3}"
	ProjectSection(ProjectDependencies) = postProject
		{0E2AF65A-1CD1-4D9C-A142-CF2F4892AFF1} = {0E2AF65A-1CD1-4D9C-A142-CF2F4892AFF1}
	EndProjectSection
EndProject
Project("{8BC9CEB8-8B4A-11D0-8D11-00A0C91BC942}") = "MEWinMain", "..\..\MEWinMain\MEWinMain.vcxproj", "{73720105-DA19-43B7-A37A-3383ACDA63B4}"
	ProjectSection(ProjectDependencies) = postProject
		{0E2AF65A-1CD1-4D9C-A142-CF2F4892AFF1} = {0E2AF65A-1CD1-4D9C-A142-CF2F4892AFF1}
		{F6616D72-4655-4061-A9C1-75E5C8F7F4B4} = {F6616D72-4655-4061-A9C1-75E5C8F7F4B4}
	EndProjectSection
EndProject
Project("{8BC9CEB8-8B4A-11D0-8D11-00A0C91BC942}") = "MERendererDX11", "..\..\MERendererDX11\MERendererDX11.vcxproj", "{08595ABF-1C5E-44B6-86A3-57AC751CF71F}"
	ProjectSection(ProjectDependencies) = postProject
		{73720105-DA19-43B7-A37A-3383ACDA63B4} = {73720105-DA19-43B7-A37A-3383ACDA63B4}
		{0E2AF65A-1CD1-4D9C-A142-CF2F4892AFF1} = {0E2AF65A-1CD1-4D9C-A142-CF2F4892AFF1}
		{F6616D72-4655-4061-A9C1-75E5C8F7F4B4} = {F6616D72-4655-4061-A9C1-75E5C8F7F4B4}
	EndProjectSection
EndProject
Project("{2150E333-8FDC-42A3-9474-1A3956D46DE8}") = "physics", "physics", "{20734C63-CA11-4057-A0DB-FEE9DD4D3631}"
EndProject
Project("{8BC9CEB8-8B4A-11D0-8D11-00A0C91BC942}") = "MEPhy2D", "..\..\MEPhy2D\MEPhy2D.vcxproj", "{DE9AAC2F-471D-42A5-8F55-015A7AB4FEC4}"
	ProjectSection(ProjectDependencies) = postProject
		{73720105-DA19-43B7-A37A-3383ACDA63B4} = {73720105-DA19-43B7-A37A-3383ACDA63B4}
		{0E2AF65A-1CD1-4D9C-A142-CF2F4892AFF1} = {0E2AF65A-1CD1-4D9C-A142-CF2F4892AFF1}
		{F6616D72-4655-4061-A9C1-75E5C8F7F4B4} = {F6616D72-4655-4061-A9C1-75E5C8F7F4B4}
		{60313297-04AD-4709-957A-20EF8C6C1230} = {60313297-04AD-4709-957A-20EF8C6C1230}
		{08595ABF-1C5E-44B6-86A3-57AC751CF71F} = {08595ABF-1C5E-44B6-86A3-57AC751CF71F}
	EndProjectSection
EndProject
Project("{2150E333-8FDC-42A3-9474-1A3956D46DE8}") = "MEPhy2D", "MEPhy2D", "{3755FE95-8760-4380-954E-5E2F4C9B8C15}"
EndProject
Project("{2150E333-8FDC-42A3-9474-1A3956D46DE8}") = "tests", "tests", "{DA83039D-DB5E-4800-A909-08FE01B62F04}"
EndProject
Project("{8BC9CEB8-8B4A-11D0-8D11-00A0C91BC942}") = "01Test03 - Bounce", "..\..\MEPhy2D\01tests\01test03 - MEPhy2D Bounce\01Test03 - Bounce.vcxproj", "{2A0FA694-9858-4E75-BD41-4E67D136A2CC}"
	ProjectSection(ProjectDependencies) = postProject
		{DE9AAC2F-471D-42A5-8F55-015A7AB4FEC4} = {DE9AAC2F-471D-42A5-8F55-015A7AB4FEC4}
	EndProjectSection
EndProject
Project("{8BC9CEB8-8B4A-11D0-8D11-00A0C91BC942}") = "02Test12 - Large Geo Instancing", "..\..\MercuryTests\02tests_feature\02Test12 - Large Geo Instancing\02Test12 - Large Geo Instancing.vcxproj", "{A4C23CAB-AC17-4ADB-A120-E112A9704BB6}"
	ProjectSection(ProjectDependencies) = postProject
		{3001C03A-F2E7-411A-A332-8DC5477ECBBB} = {3001C03A-F2E7-411A-A332-8DC5477ECBBB}
		{0E2AF65A-1CD1-4D9C-A142-CF2F4892AFF1} = {0E2AF65A-1CD1-4D9C-A142-CF2F4892AFF1}
		{08595ABF-1C5E-44B6-86A3-57AC751CF71F} = {08595ABF-1C5E-44B6-86A3-57AC751CF71F}
	EndProjectSection
EndProject
Project("{8BC9CEB8-8B4A-11D0-8D11-00A0C91BC942}") = "02Test06 - Geo Instancing", "..\..\MercuryTests\02tests_feature\02Test06 - Geo Instancing\02Test06 - Geo Instancing.vcxproj", "{03A916A8-3F0C-486E-983D-EE3E9F4BD8EE}"
	ProjectSection(ProjectDependencies) = postProject
		{3001C03A-F2E7-411A-A332-8DC5477ECBBB} = {3001C03A-F2E7-411A-A332-8DC5477ECBBB}
		{0E2AF65A-1CD1-4D9C-A142-CF2F4892AFF1} = {0E2AF65A-1CD1-4D9C-A142-CF2F4892AFF1}
	EndProjectSection
EndProject
Project("{2150E333-8FDC-42A3-9474-1A3956D46DE8}") = "ASE", "ASE", "{8CF39CFA-48FE-4C11-B95D-700F569F7EFB}"
EndProject
Project("{2150E333-8FDC-42A3-9474-1A3956D46DE8}") = "Tests", "Tests", "{3757392C-414B-40ED-A5C8-3CD5A7874D0D}"
EndProject
Project("{2150E333-8FDC-42A3-9474-1A3956D46DE8}") = "02Tests_loading", "02Tests_loading", "{692F7C31-1A6B-4BDC-8A56-A95B5EC6A9ED}"
EndProject
Project("{8BC9CEB8-8B4A-11D0-8D11-00A0C91BC942}") = "02Test01 - Sword", "..\..\MEDaeLoader\Tests\02Tests_loading\02Test01 - Sword\02Test01 - Sword.vcxproj", "{5E8E6D0C-A3C4-4DC3-AFBD-FC384793EA8D}"
	ProjectSection(ProjectDependencies) = postProject
		{FAE33C86-C5A4-4514-9C4F-2827ED99FA10} = {FAE33C86-C5A4-4514-9C4F-2827ED99FA10}
	EndProjectSection
EndProject
Project("{2150E333-8FDC-42A3-9474-1A3956D46DE8}") = "misc", "misc", "{28ED8A6B-790B-4896-B541-BE0E1C6AA544}"
EndProject
Project("{8BC9CEB8-8B4A-11D0-8D11-00A0C91BC942}") = "01Test02-FiveCube", "..\..\MercuryTests\01tests_basics\01Test02-FiveCube\01Test02-FiveCube.vcxproj", "{AFCC06DB-1DAF-444A-A885-D41F56120701}"
	ProjectSection(ProjectDependencies) = postProject
		{3001C03A-F2E7-411A-A332-8DC5477ECBBB} = {3001C03A-F2E7-411A-A332-8DC5477ECBBB}
	EndProjectSection
EndProject
Project("{2150E333-8FDC-42A3-9474-1A3956D46DE8}") = "DAE", "DAE", "{2DE1EEF8-6C50-40F8-A9A9-BEF516042B24}"
EndProject
Global
	GlobalSection(SolutionConfigurationPlatforms) = preSolution
		Debug|Any CPU = Debug|Any CPU
		Debug|Win32 = Debug|Win32
		Debug|x64 = Debug|x64
		Release|Any CPU = Release|Any CPU
		Release|Win32 = Release|Win32
		Release|x64 = Release|x64
	EndGlobalSection
	GlobalSection(ProjectConfigurationPlatforms) = postSolution
		{0E2AF65A-1CD1-4D9C-A142-CF2F4892AFF1}.Debug|Any CPU.ActiveCfg = Debug|Win32
		{0E2AF65A-1CD1-4D9C-A142-CF2F4892AFF1}.Debug|Win32.ActiveCfg = Debug|Win32
		{0E2AF65A-1CD1-4D9C-A142-CF2F4892AFF1}.Debug|Win32.Build.0 = Debug|Win32
		{0E2AF65A-1CD1-4D9C-A142-CF2F4892AFF1}.Debug|x64.ActiveCfg = Debug|Win32
		{0E2AF65A-1CD1-4D9C-A142-CF2F4892AFF1}.Release|Any CPU.ActiveCfg = Release|Win32
		{0E2AF65A-1CD1-4D9C-A142-CF2F4892AFF1}.Release|Win32.ActiveCfg = Release|Win32
		{0E2AF65A-1CD1-4D9C-A142-CF2F4892AFF1}.Release|Win32.Build.0 = Release|Win32
		{0E2AF65A-1CD1-4D9C-A142-CF2F4892AFF1}.Release|x64.ActiveCfg = Release|Win32
		{3001C03A-F2E7-411A-A332-8DC5477ECBBB}.Debug|Any CPU.ActiveCfg = Debug|Win32
		{3001C03A-F2E7-411A-A332-8DC5477ECBBB}.Debug|Win32.ActiveCfg = Debug|Win32
		{3001C03A-F2E7-411A-A332-8DC5477ECBBB}.Debug|Win32.Build.0 = Debug|Win32
		{3001C03A-F2E7-411A-A332-8DC5477ECBBB}.Debug|x64.ActiveCfg = Debug|Win32
		{3001C03A-F2E7-411A-A332-8DC5477ECBBB}.Release|Any CPU.ActiveCfg = Release|Win32
		{3001C03A-F2E7-411A-A332-8DC5477ECBBB}.Release|Win32.ActiveCfg = Release|Win32
		{3001C03A-F2E7-411A-A332-8DC5477ECBBB}.Release|Win32.Build.0 = Release|Win32
		{3001C03A-F2E7-411A-A332-8DC5477ECBBB}.Release|x64.ActiveCfg = Release|Win32
		{419EACD7-76D2-476A-B1A3-8669CE7279F8}.Debug|Any CPU.ActiveCfg = Debug|Win32
		{419EACD7-76D2-476A-B1A3-8669CE7279F8}.Debug|Win32.ActiveCfg = Debug|Win32
		{419EACD7-76D2-476A-B1A3-8669CE7279F8}.Debug|Win32.Build.0 = Debug|Win32
		{419EACD7-76D2-476A-B1A3-8669CE7279F8}.Debug|x64.ActiveCfg = Debug|Win32
		{419EACD7-76D2-476A-B1A3-8669CE7279F8}.Release|Any CPU.ActiveCfg = Release|Win32
		{419EACD7-76D2-476A-B1A3-8669CE7279F8}.Release|Win32.ActiveCfg = Release|Win32
		{419EACD7-76D2-476A-B1A3-8669CE7279F8}.Release|Win32.Build.0 = Release|Win32
		{419EACD7-76D2-476A-B1A3-8669CE7279F8}.Release|x64.ActiveCfg = Release|Win32
		{93A57954-6E78-4D41-9866-6F869E915BC8}.Debug|Any CPU.ActiveCfg = Debug|Win32
		{93A57954-6E78-4D41-9866-6F869E915BC8}.Debug|Win32.ActiveCfg = Debug|Win32
		{93A57954-6E78-4D41-9866-6F869E915BC8}.Debug|Win32.Build.0 = Debug|Win32
		{93A57954-6E78-4D41-9866-6F869E915BC8}.Debug|x64.ActiveCfg = Debug|Win32
		{93A57954-6E78-4D41-9866-6F869E915BC8}.Release|Any CPU.ActiveCfg = Release|Win32
		{93A57954-6E78-4D41-9866-6F869E915BC8}.Release|Win32.ActiveCfg = Release|Win32
		{93A57954-6E78-4D41-9866-6F869E915BC8}.Release|Win32.Build.0 = Release|Win32
		{93A57954-6E78-4D41-9866-6F869E915BC8}.Release|x64.ActiveCfg = Release|Win32
		{8F040CEB-D662-4A0B-80A8-67E7C8D7B61C}.Debug|Any CPU.ActiveCfg = Debug|Win32
		{8F040CEB-D662-4A0B-80A8-67E7C8D7B61C}.Debug|Win32.ActiveCfg = Debug|Win32
		{8F040CEB-D662-4A0B-80A8-67E7C8D7B61C}.Debug|Win32.Build.0 = Debug|Win32
		{8F040CEB-D662-4A0B-80A8-67E7C8D7B61C}.Debug|x64.ActiveCfg = Debug|Win32
		{8F040CEB-D662-4A0B-80A8-67E7C8D7B61C}.Release|Any CPU.ActiveCfg = Release|Win32
		{8F040CEB-D662-4A0B-80A8-67E7C8D7B61C}.Release|Win32.ActiveCfg = Release|Win32
		{8F040CEB-D662-4A0B-80A8-67E7C8D7B61C}.Release|Win32.Build.0 = Release|Win32
		{8F040CEB-D662-4A0B-80A8-67E7C8D7B61C}.Release|x64.ActiveCfg = Release|Win32
		{0802F64F-28F0-40DD-B3FD-179074CFF37D}.Debug|Any CPU.ActiveCfg = Debug|Win32
		{0802F64F-28F0-40DD-B3FD-179074CFF37D}.Debug|Win32.ActiveCfg = Debug|Win32
		{0802F64F-28F0-40DD-B3FD-179074CFF37D}.Debug|Win32.Build.0 = Debug|Win32
		{0802F64F-28F0-40DD-B3FD-179074CFF37D}.Debug|x64.ActiveCfg = Debug|Win32
		{0802F64F-28F0-40DD-B3FD-179074CFF37D}.Release|Any CPU.ActiveCfg = Release|Win32
		{0802F64F-28F0-40DD-B3FD-179074CFF37D}.Release|Win32.ActiveCfg = Release|Win32
		{0802F64F-28F0-40DD-B3FD-179074CFF37D}.Release|Win32.Build.0 = Release|Win32
		{0802F64F-28F0-40DD-B3FD-179074CFF37D}.Release|x64.ActiveCfg = Release|Win32
		{6E1DA3AC-6298-4555-B480-A892692F08A1}.Debug|Any CPU.ActiveCfg = Debug|Win32
		{6E1DA3AC-6298-4555-B480-A892692F08A1}.Debug|Win32.ActiveCfg = Debug|Win32
		{6E1DA3AC-6298-4555-B480-A892692F08A1}.Debug|Win32.Build.0 = Debug|Win32
		{6E1DA3AC-6298-4555-B480-A892692F08A1}.Debug|x64.ActiveCfg = Debug|x64
		{6E1DA3AC-6298-4555-B480-A892692F08A1}.Debug|x64.Build.0 = Debug|x64
		{6E1DA3AC-6298-4555-B480-A892692F08A1}.Release|Any CPU.ActiveCfg = Release|Win32
		{6E1DA3AC-6298-4555-B480-A892692F08A1}.Release|Win32.ActiveCfg = Release|Win32
		{6E1DA3AC-6298-4555-B480-A892692F08A1}.Release|Win32.Build.0 = Release|Win32
		{6E1DA3AC-6298-4555-B480-A892692F08A1}.Release|x64.ActiveCfg = Release|x64
		{6E1DA3AC-6298-4555-B480-A892692F08A1}.Release|x64.Build.0 = Release|x64
		{D5BC1D10-A24C-456B-95FD-F0CF8294F186}.Debug|Any CPU.ActiveCfg = Debug|Win32
		{D5BC1D10-A24C-456B-95FD-F0CF8294F186}.Debug|Win32.ActiveCfg = Debug|Win32
		{D5BC1D10-A24C-456B-95FD-F0CF8294F186}.Debug|Win32.Build.0 = Debug|Win32
		{D5BC1D10-A24C-456B-95FD-F0CF8294F186}.Debug|x64.ActiveCfg = Debug|Win32
		{D5BC1D10-A24C-456B-95FD-F0CF8294F186}.Release|Any CPU.ActiveCfg = Release|Win32
		{D5BC1D10-A24C-456B-95FD-F0CF8294F186}.Release|Win32.ActiveCfg = Release|Win32
		{D5BC1D10-A24C-456B-95FD-F0CF8294F186}.Release|Win32.Build.0 = Release|Win32
		{D5BC1D10-A24C-456B-95FD-F0CF8294F186}.Release|x64.ActiveCfg = Release|Win32
		{497A7C19-63A6-49A8-BA10-014BA66C7E73}.Debug|Any CPU.ActiveCfg = Debug|Win32
		{497A7C19-63A6-49A8-BA10-014BA66C7E73}.Debug|Win32.ActiveCfg = Debug|Win32
		{497A7C19-63A6-49A8-BA10-014BA66C7E73}.Debug|Win32.Build.0 = Debug|Win32
		{497A7C19-63A6-49A8-BA10-014BA66C7E73}.Debug|x64.ActiveCfg = Debug|x64
		{497A7C19-63A6-49A8-BA10-014BA66C7E73}.Debug|x64.Build.0 = Debug|x64
		{497A7C19-63A6-49A8-BA10-014BA66C7E73}.Release|Any CPU.ActiveCfg = Release|Win32
		{497A7C19-63A6-49A8-BA10-014BA66C7E73}.Release|Win32.ActiveCfg = Release|Win32
		{497A7C19-63A6-49A8-BA10-014BA66C7E73}.Release|Win32.Build.0 = Release|Win32
		{497A7C19-63A6-49A8-BA10-014BA66C7E73}.Release|x64.ActiveCfg = Release|x64
		{497A7C19-63A6-49A8-BA10-014BA66C7E73}.Release|x64.Build.0 = Release|x64
		{39F7EA91-9958-4AE7-BD08-18DF8AAD437A}.Debug|Any CPU.ActiveCfg = Debug|Win32
		{39F7EA91-9958-4AE7-BD08-18DF8AAD437A}.Debug|Win32.ActiveCfg = Debug|Win32
		{39F7EA91-9958-4AE7-BD08-18DF8AAD437A}.Debug|Win32.Build.0 = Debug|Win32
		{39F7EA91-9958-4AE7-BD08-18DF8AAD437A}.Debug|x64.ActiveCfg = Debug|x64
		{39F7EA91-9958-4AE7-BD08-18DF8AAD437A}.Debug|x64.Build.0 = Debug|x64
		{39F7EA91-9958-4AE7-BD08-18DF8AAD437A}.Release|Any CPU.ActiveCfg = Release|Win32
		{39F7EA91-9958-4AE7-BD08-18DF8AAD437A}.Release|Win32.ActiveCfg = Release|Win32
		{39F7EA91-9958-4AE7-BD08-18DF8AAD437A}.Release|Win32.Build.0 = Release|Win32
		{39F7EA91-9958-4AE7-BD08-18DF8AAD437A}.Release|x64.ActiveCfg = Release|x64
		{39F7EA91-9958-4AE7-BD08-18DF8AAD437A}.Release|x64.Build.0 = Release|x64
		{F68D41A6-195F-4F2B-A367-E163A582F45C}.Debug|Any CPU.ActiveCfg = Debug|Win32
		{F68D41A6-195F-4F2B-A367-E163A582F45C}.Debug|Win32.ActiveCfg = Debug|Win32
		{F68D41A6-195F-4F2B-A367-E163A582F45C}.Debug|Win32.Build.0 = Debug|Win32
		{F68D41A6-195F-4F2B-A367-E163A582F45C}.Debug|x64.ActiveCfg = Debug|Win32
		{F68D41A6-195F-4F2B-A367-E163A582F45C}.Release|Any CPU.ActiveCfg = Release|Win32
		{F68D41A6-195F-4F2B-A367-E163A582F45C}.Release|Win32.ActiveCfg = Release|Win32
		{F68D41A6-195F-4F2B-A367-E163A582F45C}.Release|Win32.Build.0 = Release|Win32
		{F68D41A6-195F-4F2B-A367-E163A582F45C}.Release|x64.ActiveCfg = Release|Win32
		{5B065BE2-8D0C-47D6-ABD4-F2B10573F77D}.Debug|Any CPU.ActiveCfg = Debug|Win32
		{5B065BE2-8D0C-47D6-ABD4-F2B10573F77D}.Debug|Win32.ActiveCfg = Debug|Win32
		{5B065BE2-8D0C-47D6-ABD4-F2B10573F77D}.Debug|Win32.Build.0 = Debug|Win32
		{5B065BE2-8D0C-47D6-ABD4-F2B10573F77D}.Debug|x64.ActiveCfg = Debug|x64
		{5B065BE2-8D0C-47D6-ABD4-F2B10573F77D}.Debug|x64.Build.0 = Debug|x64
		{5B065BE2-8D0C-47D6-ABD4-F2B10573F77D}.Release|Any CPU.ActiveCfg = Release|Win32
		{5B065BE2-8D0C-47D6-ABD4-F2B10573F77D}.Release|Win32.ActiveCfg = Release|Win32
		{5B065BE2-8D0C-47D6-ABD4-F2B10573F77D}.Release|Win32.Build.0 = Release|Win32
		{5B065BE2-8D0C-47D6-ABD4-F2B10573F77D}.Release|x64.ActiveCfg = Release|x64
		{5B065BE2-8D0C-47D6-ABD4-F2B10573F77D}.Release|x64.Build.0 = Release|x64
		{217BAB09-0FCB-44AD-AF34-DB7110DD0E81}.Debug|Any CPU.ActiveCfg = Debug|Win32
		{217BAB09-0FCB-44AD-AF34-DB7110DD0E81}.Debug|Win32.ActiveCfg = Debug|Win32
		{217BAB09-0FCB-44AD-AF34-DB7110DD0E81}.Debug|Win32.Build.0 = Debug|Win32
		{217BAB09-0FCB-44AD-AF34-DB7110DD0E81}.Debug|x64.ActiveCfg = Debug|x64
		{217BAB09-0FCB-44AD-AF34-DB7110DD0E81}.Debug|x64.Build.0 = Debug|x64
		{217BAB09-0FCB-44AD-AF34-DB7110DD0E81}.Release|Any CPU.ActiveCfg = Release|Win32
		{217BAB09-0FCB-44AD-AF34-DB7110DD0E81}.Release|Win32.ActiveCfg = Release|Win32
		{217BAB09-0FCB-44AD-AF34-DB7110DD0E81}.Release|Win32.Build.0 = Release|Win32
		{217BAB09-0FCB-44AD-AF34-DB7110DD0E81}.Release|x64.ActiveCfg = Release|x64
		{217BAB09-0FCB-44AD-AF34-DB7110DD0E81}.Release|x64.Build.0 = Release|x64
		{3CEE30F4-B407-48D0-BC5C-4C6E4CB9C9ED}.Debug|Any CPU.ActiveCfg = Debug|Win32
		{3CEE30F4-B407-48D0-BC5C-4C6E4CB9C9ED}.Debug|Win32.ActiveCfg = Debug|Win32
		{3CEE30F4-B407-48D0-BC5C-4C6E4CB9C9ED}.Debug|Win32.Build.0 = Debug|Win32
		{3CEE30F4-B407-48D0-BC5C-4C6E4CB9C9ED}.Debug|x64.ActiveCfg = Debug|Win32
		{3CEE30F4-B407-48D0-BC5C-4C6E4CB9C9ED}.Release|Any CPU.ActiveCfg = Release|Win32
		{3CEE30F4-B407-48D0-BC5C-4C6E4CB9C9ED}.Release|Win32.ActiveCfg = Release|Win32
		{3CEE30F4-B407-48D0-BC5C-4C6E4CB9C9ED}.Release|Win32.Build.0 = Release|Win32
		{3CEE30F4-B407-48D0-BC5C-4C6E4CB9C9ED}.Release|x64.ActiveCfg = Release|Win32
		{DB681FB9-B57F-4E30-AF4E-F9FCD4C70C53}.Debug|Any CPU.ActiveCfg = Debug|Win32
		{DB681FB9-B57F-4E30-AF4E-F9FCD4C70C53}.Debug|Win32.ActiveCfg = Debug|Win32
		{DB681FB9-B57F-4E30-AF4E-F9FCD4C70C53}.Debug|Win32.Build.0 = Debug|Win32
		{DB681FB9-B57F-4E30-AF4E-F9FCD4C70C53}.Debug|x64.ActiveCfg = Debug|x64
		{DB681FB9-B57F-4E30-AF4E-F9FCD4C70C53}.Debug|x64.Build.0 = Debug|x64
		{DB681FB9-B57F-4E30-AF4E-F9FCD4C70C53}.Release|Any CPU.ActiveCfg = Release|Win32
		{DB681FB9-B57F-4E30-AF4E-F9FCD4C70C53}.Release|Win32.ActiveCfg = Release|Win32
		{DB681FB9-B57F-4E30-AF4E-F9FCD4C70C53}.Release|Win32.Build.0 = Release|Win32
		{DB681FB9-B57F-4E30-AF4E-F9FCD4C70C53}.Release|x64.ActiveCfg = Release|x64
		{DB681FB9-B57F-4E30-AF4E-F9FCD4C70C53}.Release|x64.Build.0 = Release|x64
		{4A4364D4-EF7A-47BA-8580-7C6FF438EEC7}.Debug|Any CPU.ActiveCfg = Debug|Win32
		{4A4364D4-EF7A-47BA-8580-7C6FF438EEC7}.Debug|Win32.ActiveCfg = Debug|Win32
		{4A4364D4-EF7A-47BA-8580-7C6FF438EEC7}.Debug|Win32.Build.0 = Debug|Win32
		{4A4364D4-EF7A-47BA-8580-7C6FF438EEC7}.Debug|x64.ActiveCfg = Debug|x64
		{4A4364D4-EF7A-47BA-8580-7C6FF438EEC7}.Debug|x64.Build.0 = Debug|x64
		{4A4364D4-EF7A-47BA-8580-7C6FF438EEC7}.Release|Any CPU.ActiveCfg = Release|Win32
		{4A4364D4-EF7A-47BA-8580-7C6FF438EEC7}.Release|Win32.ActiveCfg = Release|Win32
		{4A4364D4-EF7A-47BA-8580-7C6FF438EEC7}.Release|Win32.Build.0 = Release|Win32
		{4A4364D4-EF7A-47BA-8580-7C6FF438EEC7}.Release|x64.ActiveCfg = Release|x64
		{4A4364D4-EF7A-47BA-8580-7C6FF438EEC7}.Release|x64.Build.0 = Release|x64
		{C5797AED-B0C2-4CCF-BBEA-3D4E79B3270C}.Debug|Any CPU.ActiveCfg = Debug|Win32
		{C5797AED-B0C2-4CCF-BBEA-3D4E79B3270C}.Debug|Win32.ActiveCfg = Debug|Win32
		{C5797AED-B0C2-4CCF-BBEA-3D4E79B3270C}.Debug|Win32.Build.0 = Debug|Win32
		{C5797AED-B0C2-4CCF-BBEA-3D4E79B3270C}.Debug|x64.ActiveCfg = Debug|Win32
		{C5797AED-B0C2-4CCF-BBEA-3D4E79B3270C}.Release|Any CPU.ActiveCfg = Release|Win32
		{C5797AED-B0C2-4CCF-BBEA-3D4E79B3270C}.Release|Win32.ActiveCfg = Release|Win32
		{C5797AED-B0C2-4CCF-BBEA-3D4E79B3270C}.Release|Win32.Build.0 = Release|Win32
		{C5797AED-B0C2-4CCF-BBEA-3D4E79B3270C}.Release|x64.ActiveCfg = Release|Win32
		{0C19B9EB-9769-4C6B-B91F-D54165F21C35}.Debug|Any CPU.ActiveCfg = Debug|Win32
		{0C19B9EB-9769-4C6B-B91F-D54165F21C35}.Debug|Win32.ActiveCfg = Debug|Win32
		{0C19B9EB-9769-4C6B-B91F-D54165F21C35}.Debug|Win32.Build.0 = Debug|Win32
		{0C19B9EB-9769-4C6B-B91F-D54165F21C35}.Debug|x64.ActiveCfg = Debug|x64
		{0C19B9EB-9769-4C6B-B91F-D54165F21C35}.Debug|x64.Build.0 = Debug|x64
		{0C19B9EB-9769-4C6B-B91F-D54165F21C35}.Release|Any CPU.ActiveCfg = Release|Win32
		{0C19B9EB-9769-4C6B-B91F-D54165F21C35}.Release|Win32.ActiveCfg = Release|Win32
		{0C19B9EB-9769-4C6B-B91F-D54165F21C35}.Release|Win32.Build.0 = Release|Win32
		{0C19B9EB-9769-4C6B-B91F-D54165F21C35}.Release|x64.ActiveCfg = Release|x64
		{0C19B9EB-9769-4C6B-B91F-D54165F21C35}.Release|x64.Build.0 = Release|x64
		{53E4B1CB-D260-4DAB-8FD6-A616BB047FD2}.Debug|Any CPU.ActiveCfg = Debug|Win32
		{53E4B1CB-D260-4DAB-8FD6-A616BB047FD2}.Debug|Win32.ActiveCfg = Debug|Win32
		{53E4B1CB-D260-4DAB-8FD6-A616BB047FD2}.Debug|Win32.Build.0 = Debug|Win32
		{53E4B1CB-D260-4DAB-8FD6-A616BB047FD2}.Debug|x64.ActiveCfg = Debug|x64
		{53E4B1CB-D260-4DAB-8FD6-A616BB047FD2}.Debug|x64.Build.0 = Debug|x64
		{53E4B1CB-D260-4DAB-8FD6-A616BB047FD2}.Release|Any CPU.ActiveCfg = Release|Win32
		{53E4B1CB-D260-4DAB-8FD6-A616BB047FD2}.Release|Win32.ActiveCfg = Release|Win32
		{53E4B1CB-D260-4DAB-8FD6-A616BB047FD2}.Release|Win32.Build.0 = Release|Win32
		{53E4B1CB-D260-4DAB-8FD6-A616BB047FD2}.Release|x64.ActiveCfg = Release|x64
		{53E4B1CB-D260-4DAB-8FD6-A616BB047FD2}.Release|x64.Build.0 = Release|x64
		{676ABF4A-AFA5-4096-A68E-0EC69CCF932A}.Debug|Any CPU.ActiveCfg = Debug|Win32
		{676ABF4A-AFA5-4096-A68E-0EC69CCF932A}.Debug|Win32.ActiveCfg = Debug|Win32
		{676ABF4A-AFA5-4096-A68E-0EC69CCF932A}.Debug|Win32.Build.0 = Debug|Win32
		{676ABF4A-AFA5-4096-A68E-0EC69CCF932A}.Debug|x64.ActiveCfg = Debug|x64
		{676ABF4A-AFA5-4096-A68E-0EC69CCF932A}.Debug|x64.Build.0 = Debug|x64
		{676ABF4A-AFA5-4096-A68E-0EC69CCF932A}.Release|Any CPU.ActiveCfg = Release|Win32
		{676ABF4A-AFA5-4096-A68E-0EC69CCF932A}.Release|Win32.ActiveCfg = Release|Win32
		{676ABF4A-AFA5-4096-A68E-0EC69CCF932A}.Release|Win32.Build.0 = Release|Win32
		{676ABF4A-AFA5-4096-A68E-0EC69CCF932A}.Release|x64.ActiveCfg = Release|x64
		{676ABF4A-AFA5-4096-A68E-0EC69CCF932A}.Release|x64.Build.0 = Release|x64
		{545E66C9-A013-4CD5-AEDA-9FBE9CC34B4E}.Debug|Any CPU.ActiveCfg = Debug|Win32
		{545E66C9-A013-4CD5-AEDA-9FBE9CC34B4E}.Debug|Win32.ActiveCfg = Debug|Win32
		{545E66C9-A013-4CD5-AEDA-9FBE9CC34B4E}.Debug|Win32.Build.0 = Debug|Win32
		{545E66C9-A013-4CD5-AEDA-9FBE9CC34B4E}.Debug|x64.ActiveCfg = Debug|x64
		{545E66C9-A013-4CD5-AEDA-9FBE9CC34B4E}.Debug|x64.Build.0 = Debug|x64
		{545E66C9-A013-4CD5-AEDA-9FBE9CC34B4E}.Release|Any CPU.ActiveCfg = Release|Win32
		{545E66C9-A013-4CD5-AEDA-9FBE9CC34B4E}.Release|Win32.ActiveCfg = Release|Win32
		{545E66C9-A013-4CD5-AEDA-9FBE9CC34B4E}.Release|Win32.Build.0 = Release|Win32
		{545E66C9-A013-4CD5-AEDA-9FBE9CC34B4E}.Release|x64.ActiveCfg = Release|x64
		{545E66C9-A013-4CD5-AEDA-9FBE9CC34B4E}.Release|x64.Build.0 = Release|x64
		{B96594A1-7E84-4632-863A-24F85EADD86C}.Debug|Any CPU.ActiveCfg = Debug|Win32
		{B96594A1-7E84-4632-863A-24F85EADD86C}.Debug|Win32.ActiveCfg = Debug|Win32
		{B96594A1-7E84-4632-863A-24F85EADD86C}.Debug|Win32.Build.0 = Debug|Win32
		{B96594A1-7E84-4632-863A-24F85EADD86C}.Debug|x64.ActiveCfg = Debug|x64
		{B96594A1-7E84-4632-863A-24F85EADD86C}.Debug|x64.Build.0 = Debug|x64
		{B96594A1-7E84-4632-863A-24F85EADD86C}.Release|Any CPU.ActiveCfg = Release|Win32
		{B96594A1-7E84-4632-863A-24F85EADD86C}.Release|Win32.ActiveCfg = Release|Win32
		{B96594A1-7E84-4632-863A-24F85EADD86C}.Release|Win32.Build.0 = Release|Win32
		{B96594A1-7E84-4632-863A-24F85EADD86C}.Release|x64.ActiveCfg = Release|x64
		{B96594A1-7E84-4632-863A-24F85EADD86C}.Release|x64.Build.0 = Release|x64
		{2FF10FD2-5168-4232-8EF2-3A55774F98F4}.Debug|Any CPU.ActiveCfg = Debug|Win32
		{2FF10FD2-5168-4232-8EF2-3A55774F98F4}.Debug|Win32.ActiveCfg = Debug|Win32
		{2FF10FD2-5168-4232-8EF2-3A55774F98F4}.Debug|Win32.Build.0 = Debug|Win32
		{2FF10FD2-5168-4232-8EF2-3A55774F98F4}.Debug|x64.ActiveCfg = Debug|x64
		{2FF10FD2-5168-4232-8EF2-3A55774F98F4}.Debug|x64.Build.0 = Debug|x64
		{2FF10FD2-5168-4232-8EF2-3A55774F98F4}.Release|Any CPU.ActiveCfg = Release|Win32
		{2FF10FD2-5168-4232-8EF2-3A55774F98F4}.Release|Win32.ActiveCfg = Release|Win32
		{2FF10FD2-5168-4232-8EF2-3A55774F98F4}.Release|Win32.Build.0 = Release|Win32
		{2FF10FD2-5168-4232-8EF2-3A55774F98F4}.Release|x64.ActiveCfg = Release|x64
		{2FF10FD2-5168-4232-8EF2-3A55774F98F4}.Release|x64.Build.0 = Release|x64
		{22BE0224-408B-4F0D-9ECE-8053408CA609}.Debug|Any CPU.ActiveCfg = Debug|Win32
		{22BE0224-408B-4F0D-9ECE-8053408CA609}.Debug|Win32.ActiveCfg = Debug|Win32
		{22BE0224-408B-4F0D-9ECE-8053408CA609}.Debug|Win32.Build.0 = Debug|Win32
		{22BE0224-408B-4F0D-9ECE-8053408CA609}.Debug|x64.ActiveCfg = Debug|x64
		{22BE0224-408B-4F0D-9ECE-8053408CA609}.Debug|x64.Build.0 = Debug|x64
		{22BE0224-408B-4F0D-9ECE-8053408CA609}.Release|Any CPU.ActiveCfg = Release|Win32
		{22BE0224-408B-4F0D-9ECE-8053408CA609}.Release|Win32.ActiveCfg = Release|Win32
		{22BE0224-408B-4F0D-9ECE-8053408CA609}.Release|Win32.Build.0 = Release|Win32
		{22BE0224-408B-4F0D-9ECE-8053408CA609}.Release|x64.ActiveCfg = Release|x64
		{22BE0224-408B-4F0D-9ECE-8053408CA609}.Release|x64.Build.0 = Release|x64
		{2C62BC59-B18E-4E3A-B402-C9FC490734E5}.Debug|Any CPU.ActiveCfg = Debug|Win32
		{2C62BC59-B18E-4E3A-B402-C9FC490734E5}.Debug|Win32.ActiveCfg = Debug|Win32
		{2C62BC59-B18E-4E3A-B402-C9FC490734E5}.Debug|Win32.Build.0 = Debug|Win32
		{2C62BC59-B18E-4E3A-B402-C9FC490734E5}.Debug|x64.ActiveCfg = Debug|x64
		{2C62BC59-B18E-4E3A-B402-C9FC490734E5}.Debug|x64.Build.0 = Debug|x64
		{2C62BC59-B18E-4E3A-B402-C9FC490734E5}.Release|Any CPU.ActiveCfg = Release|Win32
		{2C62BC59-B18E-4E3A-B402-C9FC490734E5}.Release|Win32.ActiveCfg = Release|Win32
		{2C62BC59-B18E-4E3A-B402-C9FC490734E5}.Release|Win32.Build.0 = Release|Win32
		{2C62BC59-B18E-4E3A-B402-C9FC490734E5}.Release|x64.ActiveCfg = Release|x64
		{2C62BC59-B18E-4E3A-B402-C9FC490734E5}.Release|x64.Build.0 = Release|x64
		{55030E14-EA34-48B1-ABE6-1190FC9FF68D}.Debug|Any CPU.ActiveCfg = Debug|Win32
		{55030E14-EA34-48B1-ABE6-1190FC9FF68D}.Debug|Win32.ActiveCfg = Debug|Win32
		{55030E14-EA34-48B1-ABE6-1190FC9FF68D}.Debug|Win32.Build.0 = Debug|Win32
		{55030E14-EA34-48B1-ABE6-1190FC9FF68D}.Debug|x64.ActiveCfg = Debug|x64
		{55030E14-EA34-48B1-ABE6-1190FC9FF68D}.Debug|x64.Build.0 = Debug|x64
		{55030E14-EA34-48B1-ABE6-1190FC9FF68D}.Release|Any CPU.ActiveCfg = Release|Win32
		{55030E14-EA34-48B1-ABE6-1190FC9FF68D}.Release|Win32.ActiveCfg = Release|Win32
		{55030E14-EA34-48B1-ABE6-1190FC9FF68D}.Release|Win32.Build.0 = Release|Win32
		{55030E14-EA34-48B1-ABE6-1190FC9FF68D}.Release|x64.ActiveCfg = Release|x64
		{55030E14-EA34-48B1-ABE6-1190FC9FF68D}.Release|x64.Build.0 = Release|x64
		{78A53919-9D3A-435D-AF30-7F08B38C2390}.Debug|Any CPU.ActiveCfg = Debug|Win32
		{78A53919-9D3A-435D-AF30-7F08B38C2390}.Debug|Win32.ActiveCfg = Debug|Win32
		{78A53919-9D3A-435D-AF30-7F08B38C2390}.Debug|Win32.Build.0 = Debug|Win32
		{78A53919-9D3A-435D-AF30-7F08B38C2390}.Debug|x64.ActiveCfg = Debug|Win32
		{78A53919-9D3A-435D-AF30-7F08B38C2390}.Release|Any CPU.ActiveCfg = Release|Win32
		{78A53919-9D3A-435D-AF30-7F08B38C2390}.Release|Win32.ActiveCfg = Release|Win32
		{78A53919-9D3A-435D-AF30-7F08B38C2390}.Release|Win32.Build.0 = Release|Win32
		{78A53919-9D3A-435D-AF30-7F08B38C2390}.Release|x64.ActiveCfg = Release|Win32
		{FC3B60A9-B1A3-4766-9B9B-FFD3EC2630AD}.Debug|Any CPU.ActiveCfg = Debug|Win32
		{FC3B60A9-B1A3-4766-9B9B-FFD3EC2630AD}.Debug|Win32.ActiveCfg = Debug|Win32
		{FC3B60A9-B1A3-4766-9B9B-FFD3EC2630AD}.Debug|Win32.Build.0 = Debug|Win32
		{FC3B60A9-B1A3-4766-9B9B-FFD3EC2630AD}.Debug|x64.ActiveCfg = Debug|x64
		{FC3B60A9-B1A3-4766-9B9B-FFD3EC2630AD}.Debug|x64.Build.0 = Debug|x64
		{FC3B60A9-B1A3-4766-9B9B-FFD3EC2630AD}.Release|Any CPU.ActiveCfg = Release|Win32
		{FC3B60A9-B1A3-4766-9B9B-FFD3EC2630AD}.Release|Win32.ActiveCfg = Release|Win32
		{FC3B60A9-B1A3-4766-9B9B-FFD3EC2630AD}.Release|Win32.Build.0 = Release|Win32
		{FC3B60A9-B1A3-4766-9B9B-FFD3EC2630AD}.Release|x64.ActiveCfg = Release|x64
		{FC3B60A9-B1A3-4766-9B9B-FFD3EC2630AD}.Release|x64.Build.0 = Release|x64
		{528E3F09-BFE4-4651-A773-25A70BD8B0C4}.Debug|Any CPU.ActiveCfg = Debug|Win32
		{528E3F09-BFE4-4651-A773-25A70BD8B0C4}.Debug|Win32.ActiveCfg = Debug|Win32
		{528E3F09-BFE4-4651-A773-25A70BD8B0C4}.Debug|Win32.Build.0 = Debug|Win32
		{528E3F09-BFE4-4651-A773-25A70BD8B0C4}.Debug|x64.ActiveCfg = Debug|Win32
		{528E3F09-BFE4-4651-A773-25A70BD8B0C4}.Release|Any CPU.ActiveCfg = Release|Win32
		{528E3F09-BFE4-4651-A773-25A70BD8B0C4}.Release|Win32.ActiveCfg = Release|Win32
		{528E3F09-BFE4-4651-A773-25A70BD8B0C4}.Release|Win32.Build.0 = Release|Win32
		{528E3F09-BFE4-4651-A773-25A70BD8B0C4}.Release|x64.ActiveCfg = Release|Win32
		{335B7243-367C-4BA2-83E1-726EFED77CC7}.Debug|Any CPU.ActiveCfg = Debug|Win32
		{335B7243-367C-4BA2-83E1-726EFED77CC7}.Debug|Win32.ActiveCfg = Debug|Win32
		{335B7243-367C-4BA2-83E1-726EFED77CC7}.Debug|Win32.Build.0 = Debug|Win32
		{335B7243-367C-4BA2-83E1-726EFED77CC7}.Debug|x64.ActiveCfg = Debug|Win32
		{335B7243-367C-4BA2-83E1-726EFED77CC7}.Release|Any CPU.ActiveCfg = Release|Win32
		{335B7243-367C-4BA2-83E1-726EFED77CC7}.Release|Win32.ActiveCfg = Release|Win32
		{335B7243-367C-4BA2-83E1-726EFED77CC7}.Release|Win32.Build.0 = Release|Win32
		{335B7243-367C-4BA2-83E1-726EFED77CC7}.Release|x64.ActiveCfg = Release|Win32
		{7CB2DE04-3C02-4689-9B1B-5F40CFB578F4}.Debug|Any CPU.ActiveCfg = Debug|Win32
		{7CB2DE04-3C02-4689-9B1B-5F40CFB578F4}.Debug|Win32.ActiveCfg = Debug|Win32
		{7CB2DE04-3C02-4689-9B1B-5F40CFB578F4}.Debug|Win32.Build.0 = Debug|Win32
		{7CB2DE04-3C02-4689-9B1B-5F40CFB578F4}.Debug|x64.ActiveCfg = Debug|Win32
		{7CB2DE04-3C02-4689-9B1B-5F40CFB578F4}.Release|Any CPU.ActiveCfg = Release|Win32
		{7CB2DE04-3C02-4689-9B1B-5F40CFB578F4}.Release|Win32.ActiveCfg = Release|Win32
		{7CB2DE04-3C02-4689-9B1B-5F40CFB578F4}.Release|Win32.Build.0 = Release|Win32
		{7CB2DE04-3C02-4689-9B1B-5F40CFB578F4}.Release|x64.ActiveCfg = Release|Win32
		{7AED179B-EF9A-40DC-A652-81F556911371}.Debug|Any CPU.ActiveCfg = Debug|Win32
		{7AED179B-EF9A-40DC-A652-81F556911371}.Debug|Win32.ActiveCfg = Debug|Win32
		{7AED179B-EF9A-40DC-A652-81F556911371}.Debug|Win32.Build.0 = Debug|Win32
		{7AED179B-EF9A-40DC-A652-81F556911371}.Debug|x64.ActiveCfg = Debug|Win32
		{7AED179B-EF9A-40DC-A652-81F556911371}.Release|Any CPU.ActiveCfg = Release|Win32
		{7AED179B-EF9A-40DC-A652-81F556911371}.Release|Win32.ActiveCfg = Release|Win32
		{7AED179B-EF9A-40DC-A652-81F556911371}.Release|Win32.Build.0 = Release|Win32
		{7AED179B-EF9A-40DC-A652-81F556911371}.Release|x64.ActiveCfg = Release|Win32
		{FCB5F0F8-E90F-49EA-87E9-7D87693EB58B}.Debug|Any CPU.ActiveCfg = Debug|Win32
		{FCB5F0F8-E90F-49EA-87E9-7D87693EB58B}.Debug|Win32.ActiveCfg = Debug|Win32
		{FCB5F0F8-E90F-49EA-87E9-7D87693EB58B}.Debug|Win32.Build.0 = Debug|Win32
		{FCB5F0F8-E90F-49EA-87E9-7D87693EB58B}.Debug|x64.ActiveCfg = Debug|x64
		{FCB5F0F8-E90F-49EA-87E9-7D87693EB58B}.Debug|x64.Build.0 = Debug|x64
		{FCB5F0F8-E90F-49EA-87E9-7D87693EB58B}.Release|Any CPU.ActiveCfg = Release|Win32
		{FCB5F0F8-E90F-49EA-87E9-7D87693EB58B}.Release|Win32.ActiveCfg = Release|Win32
		{FCB5F0F8-E90F-49EA-87E9-7D87693EB58B}.Release|Win32.Build.0 = Release|Win32
		{FCB5F0F8-E90F-49EA-87E9-7D87693EB58B}.Release|x64.ActiveCfg = Release|x64
		{FCB5F0F8-E90F-49EA-87E9-7D87693EB58B}.Release|x64.Build.0 = Release|x64
		{6380F87D-519C-4440-BE67-9A27F2A51C12}.Debug|Any CPU.ActiveCfg = Debug|Win32
		{6380F87D-519C-4440-BE67-9A27F2A51C12}.Debug|Win32.ActiveCfg = Debug|Win32
		{6380F87D-519C-4440-BE67-9A27F2A51C12}.Debug|Win32.Build.0 = Debug|Win32
		{6380F87D-519C-4440-BE67-9A27F2A51C12}.Debug|x64.ActiveCfg = Debug|x64
		{6380F87D-519C-4440-BE67-9A27F2A51C12}.Debug|x64.Build.0 = Debug|x64
		{6380F87D-519C-4440-BE67-9A27F2A51C12}.Release|Any CPU.ActiveCfg = Release|Win32
		{6380F87D-519C-4440-BE67-9A27F2A51C12}.Release|Win32.ActiveCfg = Release|Win32
		{6380F87D-519C-4440-BE67-9A27F2A51C12}.Release|Win32.Build.0 = Release|Win32
		{6380F87D-519C-4440-BE67-9A27F2A51C12}.Release|x64.ActiveCfg = Release|x64
		{6380F87D-519C-4440-BE67-9A27F2A51C12}.Release|x64.Build.0 = Release|x64
		{AAC5793B-171F-48BC-9196-9FB20A813CD0}.Debug|Any CPU.ActiveCfg = Debug|Win32
		{AAC5793B-171F-48BC-9196-9FB20A813CD0}.Debug|Win32.ActiveCfg = Debug|Win32
		{AAC5793B-171F-48BC-9196-9FB20A813CD0}.Debug|Win32.Build.0 = Debug|Win32
		{AAC5793B-171F-48BC-9196-9FB20A813CD0}.Debug|x64.ActiveCfg = Debug|x64
		{AAC5793B-171F-48BC-9196-9FB20A813CD0}.Debug|x64.Build.0 = Debug|x64
		{AAC5793B-171F-48BC-9196-9FB20A813CD0}.Release|Any CPU.ActiveCfg = Release|Win32
		{AAC5793B-171F-48BC-9196-9FB20A813CD0}.Release|Win32.ActiveCfg = Release|Win32
		{AAC5793B-171F-48BC-9196-9FB20A813CD0}.Release|Win32.Build.0 = Release|Win32
		{AAC5793B-171F-48BC-9196-9FB20A813CD0}.Release|x64.ActiveCfg = Release|x64
		{AAC5793B-171F-48BC-9196-9FB20A813CD0}.Release|x64.Build.0 = Release|x64
		{B1E784AC-096D-4285-8278-B4CF77334EA3}.Debug|Any CPU.ActiveCfg = Debug|Win32
		{B1E784AC-096D-4285-8278-B4CF77334EA3}.Debug|Win32.ActiveCfg = Debug|Win32
		{B1E784AC-096D-4285-8278-B4CF77334EA3}.Debug|Win32.Build.0 = Debug|Win32
		{B1E784AC-096D-4285-8278-B4CF77334EA3}.Debug|x64.ActiveCfg = Debug|x64
		{B1E784AC-096D-4285-8278-B4CF77334EA3}.Debug|x64.Build.0 = Debug|x64
		{B1E784AC-096D-4285-8278-B4CF77334EA3}.Release|Any CPU.ActiveCfg = Release|Win32
		{B1E784AC-096D-4285-8278-B4CF77334EA3}.Release|Win32.ActiveCfg = Release|Win32
		{B1E784AC-096D-4285-8278-B4CF77334EA3}.Release|Win32.Build.0 = Release|Win32
		{B1E784AC-096D-4285-8278-B4CF77334EA3}.Release|x64.ActiveCfg = Release|x64
		{B1E784AC-096D-4285-8278-B4CF77334EA3}.Release|x64.Build.0 = Release|x64
		{00365530-822C-4C31-92CC-FC7B47C374A7}.Debug|Any CPU.ActiveCfg = Debug|Win32
		{00365530-822C-4C31-92CC-FC7B47C374A7}.Debug|Win32.ActiveCfg = Debug|Win32
		{00365530-822C-4C31-92CC-FC7B47C374A7}.Debug|Win32.Build.0 = Debug|Win32
		{00365530-822C-4C31-92CC-FC7B47C374A7}.Debug|x64.ActiveCfg = Debug|Win32
		{00365530-822C-4C31-92CC-FC7B47C374A7}.Release|Any CPU.ActiveCfg = Release|Win32
		{00365530-822C-4C31-92CC-FC7B47C374A7}.Release|Win32.ActiveCfg = Release|Win32
		{00365530-822C-4C31-92CC-FC7B47C374A7}.Release|Win32.Build.0 = Release|Win32
		{00365530-822C-4C31-92CC-FC7B47C374A7}.Release|x64.ActiveCfg = Release|Win32
		{D69A7B8F-2294-449F-A48B-56C9086CDAE4}.Debug|Any CPU.ActiveCfg = Debug|Win32
		{D69A7B8F-2294-449F-A48B-56C9086CDAE4}.Debug|Win32.ActiveCfg = Debug|Win32
		{D69A7B8F-2294-449F-A48B-56C9086CDAE4}.Debug|Win32.Build.0 = Debug|Win32
		{D69A7B8F-2294-449F-A48B-56C9086CDAE4}.Debug|x64.ActiveCfg = Debug|x64
		{D69A7B8F-2294-449F-A48B-56C9086CDAE4}.Debug|x64.Build.0 = Debug|x64
		{D69A7B8F-2294-449F-A48B-56C9086CDAE4}.Release|Any CPU.ActiveCfg = Release|Win32
		{D69A7B8F-2294-449F-A48B-56C9086CDAE4}.Release|Win32.ActiveCfg = Release|Win32
		{D69A7B8F-2294-449F-A48B-56C9086CDAE4}.Release|Win32.Build.0 = Release|Win32
		{D69A7B8F-2294-449F-A48B-56C9086CDAE4}.Release|x64.ActiveCfg = Release|x64
		{D69A7B8F-2294-449F-A48B-56C9086CDAE4}.Release|x64.Build.0 = Release|x64
		{47086A1E-628E-49F3-B568-5B8240175FCA}.Debug|Any CPU.ActiveCfg = Debug|Win32
		{47086A1E-628E-49F3-B568-5B8240175FCA}.Debug|Win32.ActiveCfg = Debug|Win32
		{47086A1E-628E-49F3-B568-5B8240175FCA}.Debug|Win32.Build.0 = Debug|Win32
		{47086A1E-628E-49F3-B568-5B8240175FCA}.Debug|x64.ActiveCfg = Debug|x64
		{47086A1E-628E-49F3-B568-5B8240175FCA}.Debug|x64.Build.0 = Debug|x64
		{47086A1E-628E-49F3-B568-5B8240175FCA}.Release|Any CPU.ActiveCfg = Release|Win32
		{47086A1E-628E-49F3-B568-5B8240175FCA}.Release|Win32.ActiveCfg = Release|Win32
		{47086A1E-628E-49F3-B568-5B8240175FCA}.Release|Win32.Build.0 = Release|Win32
		{47086A1E-628E-49F3-B568-5B8240175FCA}.Release|x64.ActiveCfg = Release|x64
		{47086A1E-628E-49F3-B568-5B8240175FCA}.Release|x64.Build.0 = Release|x64
		{44E98FF9-27E5-41E4-8E19-81B3C131D0C7}.Debug|Any CPU.ActiveCfg = Debug|Win32
		{44E98FF9-27E5-41E4-8E19-81B3C131D0C7}.Debug|Win32.ActiveCfg = Debug|Win32
		{44E98FF9-27E5-41E4-8E19-81B3C131D0C7}.Debug|Win32.Build.0 = Debug|Win32
		{44E98FF9-27E5-41E4-8E19-81B3C131D0C7}.Debug|x64.ActiveCfg = Debug|x64
		{44E98FF9-27E5-41E4-8E19-81B3C131D0C7}.Debug|x64.Build.0 = Debug|x64
		{44E98FF9-27E5-41E4-8E19-81B3C131D0C7}.Release|Any CPU.ActiveCfg = Release|Win32
		{44E98FF9-27E5-41E4-8E19-81B3C131D0C7}.Release|Win32.ActiveCfg = Release|Win32
		{44E98FF9-27E5-41E4-8E19-81B3C131D0C7}.Release|Win32.Build.0 = Release|Win32
		{44E98FF9-27E5-41E4-8E19-81B3C131D0C7}.Release|x64.ActiveCfg = Release|x64
		{44E98FF9-27E5-41E4-8E19-81B3C131D0C7}.Release|x64.Build.0 = Release|x64
		{AD285766-AD5F-4006-91AA-4919F27EF77B}.Debug|Any CPU.ActiveCfg = Debug|Win32
		{AD285766-AD5F-4006-91AA-4919F27EF77B}.Debug|Win32.ActiveCfg = Debug|Win32
		{AD285766-AD5F-4006-91AA-4919F27EF77B}.Debug|Win32.Build.0 = Debug|Win32
		{AD285766-AD5F-4006-91AA-4919F27EF77B}.Debug|x64.ActiveCfg = Debug|Win32
		{AD285766-AD5F-4006-91AA-4919F27EF77B}.Release|Any CPU.ActiveCfg = Release|Win32
		{AD285766-AD5F-4006-91AA-4919F27EF77B}.Release|Win32.ActiveCfg = Release|Win32
		{AD285766-AD5F-4006-91AA-4919F27EF77B}.Release|Win32.Build.0 = Release|Win32
		{AD285766-AD5F-4006-91AA-4919F27EF77B}.Release|x64.ActiveCfg = Release|Win32
		{F09333BB-5F8E-4FE5-9B2A-3489DFFD26A5}.Debug|Any CPU.ActiveCfg = Debug|Win32
		{F09333BB-5F8E-4FE5-9B2A-3489DFFD26A5}.Debug|Win32.ActiveCfg = Debug|Win32
		{F09333BB-5F8E-4FE5-9B2A-3489DFFD26A5}.Debug|Win32.Build.0 = Debug|Win32
		{F09333BB-5F8E-4FE5-9B2A-3489DFFD26A5}.Debug|x64.ActiveCfg = Debug|Win32
		{F09333BB-5F8E-4FE5-9B2A-3489DFFD26A5}.Release|Any CPU.ActiveCfg = Release|Win32
		{F09333BB-5F8E-4FE5-9B2A-3489DFFD26A5}.Release|Win32.ActiveCfg = Release|Win32
		{F09333BB-5F8E-4FE5-9B2A-3489DFFD26A5}.Release|Win32.Build.0 = Release|Win32
		{F09333BB-5F8E-4FE5-9B2A-3489DFFD26A5}.Release|x64.ActiveCfg = Release|Win32
		{B6CB05B8-EB1E-4CC3-AE81-420763273E43}.Debug|Any CPU.ActiveCfg = Debug|Win32
		{B6CB05B8-EB1E-4CC3-AE81-420763273E43}.Debug|Win32.ActiveCfg = Debug|Win32
		{B6CB05B8-EB1E-4CC3-AE81-420763273E43}.Debug|Win32.Build.0 = Debug|Win32
		{B6CB05B8-EB1E-4CC3-AE81-420763273E43}.Debug|x64.ActiveCfg = Debug|Win32
		{B6CB05B8-EB1E-4CC3-AE81-420763273E43}.Release|Any CPU.ActiveCfg = Release|Win32
		{B6CB05B8-EB1E-4CC3-AE81-420763273E43}.Release|Win32.ActiveCfg = Release|Win32
		{B6CB05B8-EB1E-4CC3-AE81-420763273E43}.Release|Win32.Build.0 = Release|Win32
		{B6CB05B8-EB1E-4CC3-AE81-420763273E43}.Release|x64.ActiveCfg = Release|Win32
		{6812C036-05BB-4EA1-899A-7D947F7B5F6B}.Debug|Any CPU.ActiveCfg = Debug|Win32
		{6812C036-05BB-4EA1-899A-7D947F7B5F6B}.Debug|Win32.ActiveCfg = Debug|Win32
		{6812C036-05BB-4EA1-899A-7D947F7B5F6B}.Debug|Win32.Build.0 = Debug|Win32
		{6812C036-05BB-4EA1-899A-7D947F7B5F6B}.Debug|x64.ActiveCfg = Debug|Win32
		{6812C036-05BB-4EA1-899A-7D947F7B5F6B}.Release|Any CPU.ActiveCfg = Release|Win32
		{6812C036-05BB-4EA1-899A-7D947F7B5F6B}.Release|Win32.ActiveCfg = Release|Win32
		{6812C036-05BB-4EA1-899A-7D947F7B5F6B}.Release|Win32.Build.0 = Release|Win32
		{6812C036-05BB-4EA1-899A-7D947F7B5F6B}.Release|x64.ActiveCfg = Release|Win32
		{FAE33C86-C5A4-4514-9C4F-2827ED99FA10}.Debug|Any CPU.ActiveCfg = Debug|Win32
		{FAE33C86-C5A4-4514-9C4F-2827ED99FA10}.Debug|Win32.ActiveCfg = Debug|Win32
		{FAE33C86-C5A4-4514-9C4F-2827ED99FA10}.Debug|Win32.Build.0 = Debug|Win32
		{FAE33C86-C5A4-4514-9C4F-2827ED99FA10}.Debug|x64.ActiveCfg = Debug|Win32
		{FAE33C86-C5A4-4514-9C4F-2827ED99FA10}.Release|Any CPU.ActiveCfg = Release|Win32
		{FAE33C86-C5A4-4514-9C4F-2827ED99FA10}.Release|Win32.ActiveCfg = Release|Win32
		{FAE33C86-C5A4-4514-9C4F-2827ED99FA10}.Release|Win32.Build.0 = Release|Win32
		{FAE33C86-C5A4-4514-9C4F-2827ED99FA10}.Release|x64.ActiveCfg = Release|Win32
		{07D050EB-7109-4216-AA34-9005B601550B}.Debug|Any CPU.ActiveCfg = Debug|Win32
		{07D050EB-7109-4216-AA34-9005B601550B}.Debug|Win32.ActiveCfg = Debug|Win32
		{07D050EB-7109-4216-AA34-9005B601550B}.Debug|Win32.Build.0 = Debug|Win32
		{07D050EB-7109-4216-AA34-9005B601550B}.Debug|x64.ActiveCfg = Debug|Win32
		{07D050EB-7109-4216-AA34-9005B601550B}.Release|Any CPU.ActiveCfg = Release|Win32
		{07D050EB-7109-4216-AA34-9005B601550B}.Release|Win32.ActiveCfg = Release|Win32
		{07D050EB-7109-4216-AA34-9005B601550B}.Release|Win32.Build.0 = Release|Win32
		{07D050EB-7109-4216-AA34-9005B601550B}.Release|x64.ActiveCfg = Release|Win32
		{034AA5C3-2337-490D-BA9C-C6D8AE020EFE}.Debug|Any CPU.ActiveCfg = Debug|Win32
		{034AA5C3-2337-490D-BA9C-C6D8AE020EFE}.Debug|Win32.ActiveCfg = Debug|Win32
		{034AA5C3-2337-490D-BA9C-C6D8AE020EFE}.Debug|Win32.Build.0 = Debug|Win32
		{034AA5C3-2337-490D-BA9C-C6D8AE020EFE}.Debug|x64.ActiveCfg = Debug|Win32
		{034AA5C3-2337-490D-BA9C-C6D8AE020EFE}.Release|Any CPU.ActiveCfg = Release|Win32
		{034AA5C3-2337-490D-BA9C-C6D8AE020EFE}.Release|Win32.ActiveCfg = Release|Win32
		{034AA5C3-2337-490D-BA9C-C6D8AE020EFE}.Release|Win32.Build.0 = Release|Win32
		{034AA5C3-2337-490D-BA9C-C6D8AE020EFE}.Release|x64.ActiveCfg = Release|Win32
		{94A44287-4B89-4BAA-81D8-E754F1AB85B1}.Debug|Any CPU.ActiveCfg = Debug|Win32
		{94A44287-4B89-4BAA-81D8-E754F1AB85B1}.Debug|Win32.ActiveCfg = Debug|Win32
		{94A44287-4B89-4BAA-81D8-E754F1AB85B1}.Debug|Win32.Build.0 = Debug|Win32
		{94A44287-4B89-4BAA-81D8-E754F1AB85B1}.Debug|x64.ActiveCfg = Debug|Win32
		{94A44287-4B89-4BAA-81D8-E754F1AB85B1}.Release|Any CPU.ActiveCfg = Release|Win32
		{94A44287-4B89-4BAA-81D8-E754F1AB85B1}.Release|Win32.ActiveCfg = Release|Win32
		{94A44287-4B89-4BAA-81D8-E754F1AB85B1}.Release|Win32.Build.0 = Release|Win32
		{94A44287-4B89-4BAA-81D8-E754F1AB85B1}.Release|x64.ActiveCfg = Release|Win32
		{C3F94FE1-D15A-4B00-BBEB-E1E8A87BB55D}.Debug|Any CPU.ActiveCfg = Debug|Win32
		{C3F94FE1-D15A-4B00-BBEB-E1E8A87BB55D}.Debug|Win32.ActiveCfg = Debug|Win32
		{C3F94FE1-D15A-4B00-BBEB-E1E8A87BB55D}.Debug|Win32.Build.0 = Debug|Win32
		{C3F94FE1-D15A-4B00-BBEB-E1E8A87BB55D}.Debug|x64.ActiveCfg = Debug|Win32
		{C3F94FE1-D15A-4B00-BBEB-E1E8A87BB55D}.Release|Any CPU.ActiveCfg = Release|Win32
		{C3F94FE1-D15A-4B00-BBEB-E1E8A87BB55D}.Release|Win32.ActiveCfg = Release|Win32
		{C3F94FE1-D15A-4B00-BBEB-E1E8A87BB55D}.Release|Win32.Build.0 = Release|Win32
		{C3F94FE1-D15A-4B00-BBEB-E1E8A87BB55D}.Release|x64.ActiveCfg = Release|Win32
		{5A01E2EE-39F1-488F-A6EC-0C0C60E06346}.Debug|Any CPU.ActiveCfg = Debug|Win32
		{5A01E2EE-39F1-488F-A6EC-0C0C60E06346}.Debug|Win32.ActiveCfg = Debug|Win32
		{5A01E2EE-39F1-488F-A6EC-0C0C60E06346}.Debug|Win32.Build.0 = Debug|Win32
		{5A01E2EE-39F1-488F-A6EC-0C0C60E06346}.Debug|x64.ActiveCfg = Debug|Win32
		{5A01E2EE-39F1-488F-A6EC-0C0C60E06346}.Release|Any CPU.ActiveCfg = Release|Win32
		{5A01E2EE-39F1-488F-A6EC-0C0C60E06346}.Release|Win32.ActiveCfg = Release|Win32
		{5A01E2EE-39F1-488F-A6EC-0C0C60E06346}.Release|Win32.Build.0 = Release|Win32
		{5A01E2EE-39F1-488F-A6EC-0C0C60E06346}.Release|x64.ActiveCfg = Release|Win32
		{FAC34C91-B25B-4D6E-BE36-E3E34A746A83}.Debug|Any CPU.ActiveCfg = Debug|Win32
		{FAC34C91-B25B-4D6E-BE36-E3E34A746A83}.Debug|Win32.ActiveCfg = Debug|Win32
		{FAC34C91-B25B-4D6E-BE36-E3E34A746A83}.Debug|Win32.Build.0 = Debug|Win32
		{FAC34C91-B25B-4D6E-BE36-E3E34A746A83}.Debug|x64.ActiveCfg = Debug|Win32
		{FAC34C91-B25B-4D6E-BE36-E3E34A746A83}.Release|Any CPU.ActiveCfg = Release|Win32
		{FAC34C91-B25B-4D6E-BE36-E3E34A746A83}.Release|Win32.ActiveCfg = Release|Win32
		{FAC34C91-B25B-4D6E-BE36-E3E34A746A83}.Release|Win32.Build.0 = Release|Win32
		{FAC34C91-B25B-4D6E-BE36-E3E34A746A83}.Release|x64.ActiveCfg = Release|Win32
		{29E6506F-BA76-4C2C-9272-1E882C553E46}.Debug|Any CPU.ActiveCfg = Debug|Win32
		{29E6506F-BA76-4C2C-9272-1E882C553E46}.Debug|Win32.ActiveCfg = Debug|Win32
		{29E6506F-BA76-4C2C-9272-1E882C553E46}.Debug|Win32.Build.0 = Debug|Win32
		{29E6506F-BA76-4C2C-9272-1E882C553E46}.Debug|x64.ActiveCfg = Debug|Win32
		{29E6506F-BA76-4C2C-9272-1E882C553E46}.Release|Any CPU.ActiveCfg = Release|Win32
		{29E6506F-BA76-4C2C-9272-1E882C553E46}.Release|Win32.ActiveCfg = Release|Win32
		{29E6506F-BA76-4C2C-9272-1E882C553E46}.Release|Win32.Build.0 = Release|Win32
		{29E6506F-BA76-4C2C-9272-1E882C553E46}.Release|x64.ActiveCfg = Release|Win32
		{27D1A8A1-08C7-4ADA-86AB-2366BC044AA5}.Debug|Any CPU.ActiveCfg = Debug|Win32
		{27D1A8A1-08C7-4ADA-86AB-2366BC044AA5}.Debug|Win32.ActiveCfg = Debug|Win32
		{27D1A8A1-08C7-4ADA-86AB-2366BC044AA5}.Debug|Win32.Build.0 = Debug|Win32
		{27D1A8A1-08C7-4ADA-86AB-2366BC044AA5}.Debug|x64.ActiveCfg = Debug|x64
		{27D1A8A1-08C7-4ADA-86AB-2366BC044AA5}.Debug|x64.Build.0 = Debug|x64
		{27D1A8A1-08C7-4ADA-86AB-2366BC044AA5}.Release|Any CPU.ActiveCfg = Release|Win32
		{27D1A8A1-08C7-4ADA-86AB-2366BC044AA5}.Release|Win32.ActiveCfg = Release|Win32
		{27D1A8A1-08C7-4ADA-86AB-2366BC044AA5}.Release|Win32.Build.0 = Release|Win32
		{27D1A8A1-08C7-4ADA-86AB-2366BC044AA5}.Release|x64.ActiveCfg = Release|x64
		{27D1A8A1-08C7-4ADA-86AB-2366BC044AA5}.Release|x64.Build.0 = Release|x64
		{B973C604-ADA5-4F9D-B681-BAC20018C501}.Debug|Any CPU.ActiveCfg = Debug|Win32
		{B973C604-ADA5-4F9D-B681-BAC20018C501}.Debug|Win32.ActiveCfg = Debug|Win32
		{B973C604-ADA5-4F9D-B681-BAC20018C501}.Debug|Win32.Build.0 = Debug|Win32
		{B973C604-ADA5-4F9D-B681-BAC20018C501}.Debug|x64.ActiveCfg = Debug|Win32
		{B973C604-ADA5-4F9D-B681-BAC20018C501}.Release|Any CPU.ActiveCfg = Release|Win32
		{B973C604-ADA5-4F9D-B681-BAC20018C501}.Release|Win32.ActiveCfg = Release|Win32
		{B973C604-ADA5-4F9D-B681-BAC20018C501}.Release|Win32.Build.0 = Release|Win32
		{B973C604-ADA5-4F9D-B681-BAC20018C501}.Release|x64.ActiveCfg = Release|Win32
		{60313297-04AD-4709-957A-20EF8C6C1230}.Debug|Any CPU.ActiveCfg = Debug|Win32
		{60313297-04AD-4709-957A-20EF8C6C1230}.Debug|Win32.ActiveCfg = Debug|Win32
		{60313297-04AD-4709-957A-20EF8C6C1230}.Debug|Win32.Build.0 = Debug|Win32
		{60313297-04AD-4709-957A-20EF8C6C1230}.Debug|x64.ActiveCfg = Debug|Win32
		{60313297-04AD-4709-957A-20EF8C6C1230}.Release|Any CPU.ActiveCfg = Release|Win32
		{60313297-04AD-4709-957A-20EF8C6C1230}.Release|Win32.ActiveCfg = Release|Win32
		{60313297-04AD-4709-957A-20EF8C6C1230}.Release|Win32.Build.0 = Release|Win32
		{60313297-04AD-4709-957A-20EF8C6C1230}.Release|x64.ActiveCfg = Release|Win32
		{F6616D72-4655-4061-A9C1-75E5C8F7F4B4}.Debug|Any CPU.ActiveCfg = Debug|Win32
		{F6616D72-4655-4061-A9C1-75E5C8F7F4B4}.Debug|Win32.ActiveCfg = Debug|Win32
		{F6616D72-4655-4061-A9C1-75E5C8F7F4B4}.Debug|Win32.Build.0 = Debug|Win32
		{F6616D72-4655-4061-A9C1-75E5C8F7F4B4}.Debug|x64.ActiveCfg = Debug|Win32
		{F6616D72-4655-4061-A9C1-75E5C8F7F4B4}.Release|Any CPU.ActiveCfg = Release|Win32
		{F6616D72-4655-4061-A9C1-75E5C8F7F4B4}.Release|Win32.ActiveCfg = Release|Win32
		{F6616D72-4655-4061-A9C1-75E5C8F7F4B4}.Release|Win32.Build.0 = Release|Win32
		{F6616D72-4655-4061-A9C1-75E5C8F7F4B4}.Release|x64.ActiveCfg = Release|Win32
		{F3C8AF98-79B0-4AAF-B303-9AE6BEC73BF3}.Debug|Any CPU.ActiveCfg = Debug|Win32
		{F3C8AF98-79B0-4AAF-B303-9AE6BEC73BF3}.Debug|Win32.ActiveCfg = Debug|Win32
		{F3C8AF98-79B0-4AAF-B303-9AE6BEC73BF3}.Debug|Win32.Build.0 = Debug|Win32
		{F3C8AF98-79B0-4AAF-B303-9AE6BEC73BF3}.Debug|x64.ActiveCfg = Debug|Win32
		{F3C8AF98-79B0-4AAF-B303-9AE6BEC73BF3}.Release|Any CPU.ActiveCfg = Release|Win32
		{F3C8AF98-79B0-4AAF-B303-9AE6BEC73BF3}.Release|Win32.ActiveCfg = Release|Win32
		{F3C8AF98-79B0-4AAF-B303-9AE6BEC73BF3}.Release|Win32.Build.0 = Release|Win32
		{F3C8AF98-79B0-4AAF-B303-9AE6BEC73BF3}.Release|x64.ActiveCfg = Release|Win32
		{73720105-DA19-43B7-A37A-3383ACDA63B4}.Debug|Any CPU.ActiveCfg = Debug|Win32
		{73720105-DA19-43B7-A37A-3383ACDA63B4}.Debug|Win32.ActiveCfg = Debug|Win32
		{73720105-DA19-43B7-A37A-3383ACDA63B4}.Debug|Win32.Build.0 = Debug|Win32
		{73720105-DA19-43B7-A37A-3383ACDA63B4}.Debug|x64.ActiveCfg = Debug|Win32
		{73720105-DA19-43B7-A37A-3383ACDA63B4}.Release|Any CPU.ActiveCfg = Release|Win32
		{73720105-DA19-43B7-A37A-3383ACDA63B4}.Release|Win32.ActiveCfg = Release|Win32
		{73720105-DA19-43B7-A37A-3383ACDA63B4}.Release|Win32.Build.0 = Release|Win32
		{73720105-DA19-43B7-A37A-3383ACDA63B4}.Release|x64.ActiveCfg = Release|Win32
		{08595ABF-1C5E-44B6-86A3-57AC751CF71F}.Debug|Any CPU.ActiveCfg = Debug|Win32
		{08595ABF-1C5E-44B6-86A3-57AC751CF71F}.Debug|Win32.ActiveCfg = Debug|Win32
		{08595ABF-1C5E-44B6-86A3-57AC751CF71F}.Debug|Win32.Build.0 = Debug|Win32
		{08595ABF-1C5E-44B6-86A3-57AC751CF71F}.Debug|x64.ActiveCfg = Debug|Win32
		{08595ABF-1C5E-44B6-86A3-57AC751CF71F}.Release|Any CPU.ActiveCfg = Release|Win32
		{08595ABF-1C5E-44B6-86A3-57AC751CF71F}.Release|Win32.ActiveCfg = Release|Win32
		{08595ABF-1C5E-44B6-86A3-57AC751CF71F}.Release|Win32.Build.0 = Release|Win32
		{08595ABF-1C5E-44B6-86A3-57AC751CF71F}.Release|x64.ActiveCfg = Release|Win32
		{DE9AAC2F-471D-42A5-8F55-015A7AB4FEC4}.Debug|Any CPU.ActiveCfg = Debug|Win32
		{DE9AAC2F-471D-42A5-8F55-015A7AB4FEC4}.Debug|Win32.ActiveCfg = Debug|Win32
		{DE9AAC2F-471D-42A5-8F55-015A7AB4FEC4}.Debug|Win32.Build.0 = Debug|Win32
		{DE9AAC2F-471D-42A5-8F55-015A7AB4FEC4}.Debug|x64.ActiveCfg = Debug|Win32
		{DE9AAC2F-471D-42A5-8F55-015A7AB4FEC4}.Release|Any CPU.ActiveCfg = Release|Win32
		{DE9AAC2F-471D-42A5-8F55-015A7AB4FEC4}.Release|Win32.ActiveCfg = Release|Win32
		{DE9AAC2F-471D-42A5-8F55-015A7AB4FEC4}.Release|Win32.Build.0 = Release|Win32
		{DE9AAC2F-471D-42A5-8F55-015A7AB4FEC4}.Release|x64.ActiveCfg = Release|Win32
		{2A0FA694-9858-4E75-BD41-4E67D136A2CC}.Debug|Any CPU.ActiveCfg = Debug|Win32
		{2A0FA694-9858-4E75-BD41-4E67D136A2CC}.Debug|Win32.ActiveCfg = Debug|Win32
		{2A0FA694-9858-4E75-BD41-4E67D136A2CC}.Debug|Win32.Build.0 = Debug|Win32
		{2A0FA694-9858-4E75-BD41-4E67D136A2CC}.Debug|x64.ActiveCfg = Debug|Win32
		{2A0FA694-9858-4E75-BD41-4E67D136A2CC}.Release|Any CPU.ActiveCfg = Release|Win32
		{2A0FA694-9858-4E75-BD41-4E67D136A2CC}.Release|Win32.ActiveCfg = Release|Win32
		{2A0FA694-9858-4E75-BD41-4E67D136A2CC}.Release|Win32.Build.0 = Release|Win32
		{2A0FA694-9858-4E75-BD41-4E67D136A2CC}.Release|x64.ActiveCfg = Release|Win32
		{A4C23CAB-AC17-4ADB-A120-E112A9704BB6}.Debug|Any CPU.ActiveCfg = Debug|Win32
		{A4C23CAB-AC17-4ADB-A120-E112A9704BB6}.Debug|Win32.ActiveCfg = Debug|Win32
		{A4C23CAB-AC17-4ADB-A120-E112A9704BB6}.Debug|Win32.Build.0 = Debug|Win32
		{A4C23CAB-AC17-4ADB-A120-E112A9704BB6}.Debug|x64.ActiveCfg = Debug|x64
		{A4C23CAB-AC17-4ADB-A120-E112A9704BB6}.Debug|x64.Build.0 = Debug|x64
		{A4C23CAB-AC17-4ADB-A120-E112A9704BB6}.Release|Any CPU.ActiveCfg = Release|Win32
		{A4C23CAB-AC17-4ADB-A120-E112A9704BB6}.Release|Win32.ActiveCfg = Release|Win32
		{A4C23CAB-AC17-4ADB-A120-E112A9704BB6}.Release|Win32.Build.0 = Release|Win32
		{A4C23CAB-AC17-4ADB-A120-E112A9704BB6}.Release|x64.ActiveCfg = Release|x64
		{A4C23CAB-AC17-4ADB-A120-E112A9704BB6}.Release|x64.Build.0 = Release|x64
		{03A916A8-3F0C-486E-983D-EE3E9F4BD8EE}.Debug|Any CPU.ActiveCfg = Debug|Win32
		{03A916A8-3F0C-486E-983D-EE3E9F4BD8EE}.Debug|Win32.ActiveCfg = Debug|Win32
		{03A916A8-3F0C-486E-983D-EE3E9F4BD8EE}.Debug|Win32.Build.0 = Debug|Win32
		{03A916A8-3F0C-486E-983D-EE3E9F4BD8EE}.Debug|x64.ActiveCfg = Debug|x64
		{03A916A8-3F0C-486E-983D-EE3E9F4BD8EE}.Debug|x64.Build.0 = Debug|x64
		{03A916A8-3F0C-486E-983D-EE3E9F4BD8EE}.Release|Any CPU.ActiveCfg = Release|Win32
		{03A916A8-3F0C-486E-983D-EE3E9F4BD8EE}.Release|Win32.ActiveCfg = Release|Win32
		{03A916A8-3F0C-486E-983D-EE3E9F4BD8EE}.Release|Win32.Build.0 = Release|Win32
		{03A916A8-3F0C-486E-983D-EE3E9F4BD8EE}.Release|x64.ActiveCfg = Release|x64
		{03A916A8-3F0C-486E-983D-EE3E9F4BD8EE}.Release|x64.Build.0 = Release|x64
		{5E8E6D0C-A3C4-4DC3-AFBD-FC384793EA8D}.Debug|Any CPU.ActiveCfg = Debug|Win32
		{5E8E6D0C-A3C4-4DC3-AFBD-FC384793EA8D}.Debug|Win32.ActiveCfg = Debug|Win32
		{5E8E6D0C-A3C4-4DC3-AFBD-FC384793EA8D}.Debug|Win32.Build.0 = Debug|Win32
		{5E8E6D0C-A3C4-4DC3-AFBD-FC384793EA8D}.Debug|x64.ActiveCfg = Debug|x64
		{5E8E6D0C-A3C4-4DC3-AFBD-FC384793EA8D}.Debug|x64.Build.0 = Debug|x64
		{5E8E6D0C-A3C4-4DC3-AFBD-FC384793EA8D}.Release|Any CPU.ActiveCfg = Release|Win32
		{5E8E6D0C-A3C4-4DC3-AFBD-FC384793EA8D}.Release|Win32.ActiveCfg = Release|Win32
		{5E8E6D0C-A3C4-4DC3-AFBD-FC384793EA8D}.Release|Win32.Build.0 = Release|Win32
		{5E8E6D0C-A3C4-4DC3-AFBD-FC384793EA8D}.Release|x64.ActiveCfg = Release|x64
		{5E8E6D0C-A3C4-4DC3-AFBD-FC384793EA8D}.Release|x64.Build.0 = Release|x64
		{AFCC06DB-1DAF-444A-A885-D41F56120701}.Debug|Any CPU.ActiveCfg = Debug|Win32
		{AFCC06DB-1DAF-444A-A885-D41F56120701}.Debug|Win32.ActiveCfg = Debug|Win32
		{AFCC06DB-1DAF-444A-A885-D41F56120701}.Debug|Win32.Build.0 = Debug|Win32
		{AFCC06DB-1DAF-444A-A885-D41F56120701}.Debug|x64.ActiveCfg = Debug|Win32
		{AFCC06DB-1DAF-444A-A885-D41F56120701}.Release|Any CPU.ActiveCfg = Release|Win32
		{AFCC06DB-1DAF-444A-A885-D41F56120701}.Release|Win32.ActiveCfg = Release|Win32
		{AFCC06DB-1DAF-444A-A885-D41F56120701}.Release|Win32.Build.0 = Release|Win32
		{AFCC06DB-1DAF-444A-A885-D41F56120701}.Release|x64.ActiveCfg = Release|Win32
	EndGlobalSection
	GlobalSection(SolutionProperties) = preSolution
		HideSolutionNode = FALSE
	EndGlobalSection
	GlobalSection(NestedProjects) = preSolution
		{B3A27F06-CAC5-450B-A6D4-16D6F6007CB2} = {7B846EDF-C13A-4C7F-8632-45F3E17ED5F6}
		{C376D7D3-C837-479E-B410-DB79DCD504D1} = {7B846EDF-C13A-4C7F-8632-45F3E17ED5F6}
		{196C39A4-B1BE-4C2A-B2A8-D3C5E9EE0A0D} = {B3A27F06-CAC5-450B-A6D4-16D6F6007CB2}
		{B82964BD-88EA-4A29-94DD-5273F8C5EDEC} = {B3A27F06-CAC5-450B-A6D4-16D6F6007CB2}
		{0E2AF65A-1CD1-4D9C-A142-CF2F4892AFF1} = {9AC0BAD5-52BD-4E41-B51E-74062D72BCDF}
		{775AF24E-9BDA-4395-8CE4-0F1E93F33BEE} = {9AC0BAD5-52BD-4E41-B51E-74062D72BCDF}
		{8FBE65D3-1810-4D87-939E-2608106330BD} = {775AF24E-9BDA-4395-8CE4-0F1E93F33BEE}
		{B8CF3E55-E000-4C0A-9E00-459E6B9AD36C} = {775AF24E-9BDA-4395-8CE4-0F1E93F33BEE}
		{80E8DEAB-C0F1-4852-9331-844296D10C6F} = {775AF24E-9BDA-4395-8CE4-0F1E93F33BEE}
		{C3A65629-16B5-4FF8-B0E7-96D0902E8EC6} = {775AF24E-9BDA-4395-8CE4-0F1E93F33BEE}
		{968C8CD6-13AD-4A86-8C09-8BC598FE5A6C} = {775AF24E-9BDA-4395-8CE4-0F1E93F33BEE}
		{DFB86669-A887-4256-BF53-E22C6ECFA1A2} = {775AF24E-9BDA-4395-8CE4-0F1E93F33BEE}
		{3001C03A-F2E7-411A-A332-8DC5477ECBBB} = {8FBE65D3-1810-4D87-939E-2608106330BD}
		{419EACD7-76D2-476A-B1A3-8669CE7279F8} = {B8CF3E55-E000-4C0A-9E00-459E6B9AD36C}
		{93A57954-6E78-4D41-9866-6F869E915BC8} = {B8CF3E55-E000-4C0A-9E00-459E6B9AD36C}
		{8F040CEB-D662-4A0B-80A8-67E7C8D7B61C} = {B8CF3E55-E000-4C0A-9E00-459E6B9AD36C}
		{0802F64F-28F0-40DD-B3FD-179074CFF37D} = {B8CF3E55-E000-4C0A-9E00-459E6B9AD36C}
		{6E1DA3AC-6298-4555-B480-A892692F08A1} = {B8CF3E55-E000-4C0A-9E00-459E6B9AD36C}
		{D5BC1D10-A24C-456B-95FD-F0CF8294F186} = {80E8DEAB-C0F1-4852-9331-844296D10C6F}
		{497A7C19-63A6-49A8-BA10-014BA66C7E73} = {80E8DEAB-C0F1-4852-9331-844296D10C6F}
		{39F7EA91-9958-4AE7-BD08-18DF8AAD437A} = {80E8DEAB-C0F1-4852-9331-844296D10C6F}
		{F68D41A6-195F-4F2B-A367-E163A582F45C} = {80E8DEAB-C0F1-4852-9331-844296D10C6F}
		{5B065BE2-8D0C-47D6-ABD4-F2B10573F77D} = {C3A65629-16B5-4FF8-B0E7-96D0902E8EC6}
		{217BAB09-0FCB-44AD-AF34-DB7110DD0E81} = {968C8CD6-13AD-4A86-8C09-8BC598FE5A6C}
		{3CEE30F4-B407-48D0-BC5C-4C6E4CB9C9ED} = {DFB86669-A887-4256-BF53-E22C6ECFA1A2}
		{DB681FB9-B57F-4E30-AF4E-F9FCD4C70C53} = {C3A65629-16B5-4FF8-B0E7-96D0902E8EC6}
		{4A4364D4-EF7A-47BA-8580-7C6FF438EEC7} = {51281D2F-1252-42F9-B927-BF6D3F9263A8}
		{C5797AED-B0C2-4CCF-BBEA-3D4E79B3270C} = {8FBE65D3-1810-4D87-939E-2608106330BD}
		{722BA092-8390-465D-81C3-A7762165BA6D} = {9AC0BAD5-52BD-4E41-B51E-74062D72BCDF}
		{0C19B9EB-9769-4C6B-B91F-D54165F21C35} = {722BA092-8390-465D-81C3-A7762165BA6D}
		{53E4B1CB-D260-4DAB-8FD6-A616BB047FD2} = {968C8CD6-13AD-4A86-8C09-8BC598FE5A6C}
		{676ABF4A-AFA5-4096-A68E-0EC69CCF932A} = {B8CF3E55-E000-4C0A-9E00-459E6B9AD36C}
		{51281D2F-1252-42F9-B927-BF6D3F9263A8} = {775AF24E-9BDA-4395-8CE4-0F1E93F33BEE}
		{545E66C9-A013-4CD5-AEDA-9FBE9CC34B4E} = {51281D2F-1252-42F9-B927-BF6D3F9263A8}
		{B96594A1-7E84-4632-863A-24F85EADD86C} = {C3A65629-16B5-4FF8-B0E7-96D0902E8EC6}
		{2FF10FD2-5168-4232-8EF2-3A55774F98F4} = {B8CF3E55-E000-4C0A-9E00-459E6B9AD36C}
		{22BE0224-408B-4F0D-9ECE-8053408CA609} = {B8CF3E55-E000-4C0A-9E00-459E6B9AD36C}
		{2C62BC59-B18E-4E3A-B402-C9FC490734E5} = {80E8DEAB-C0F1-4852-9331-844296D10C6F}
		{55030E14-EA34-48B1-ABE6-1190FC9FF68D} = {722BA092-8390-465D-81C3-A7762165BA6D}
		{78A53919-9D3A-435D-AF30-7F08B38C2390} = {9670DD6F-101E-4F15-B0F0-F32B53A21ABB}
		{FC3B60A9-B1A3-4766-9B9B-FFD3EC2630AD} = {B8CF3E55-E000-4C0A-9E00-459E6B9AD36C}
		{528E3F09-BFE4-4651-A773-25A70BD8B0C4} = {B82964BD-88EA-4A29-94DD-5273F8C5EDEC}
		{335B7243-367C-4BA2-83E1-726EFED77CC7} = {196C39A4-B1BE-4C2A-B2A8-D3C5E9EE0A0D}
		{7CB2DE04-3C02-4689-9B1B-5F40CFB578F4} = {9670DD6F-101E-4F15-B0F0-F32B53A21ABB}
		{7AED179B-EF9A-40DC-A652-81F556911371} = {196C39A4-B1BE-4C2A-B2A8-D3C5E9EE0A0D}
		{FCB5F0F8-E90F-49EA-87E9-7D87693EB58B} = {B8CF3E55-E000-4C0A-9E00-459E6B9AD36C}
		{AA3E2A1E-2D00-415C-971B-87F290051E39} = {7B846EDF-C13A-4C7F-8632-45F3E17ED5F6}
		{6380F87D-519C-4440-BE67-9A27F2A51C12} = {51281D2F-1252-42F9-B927-BF6D3F9263A8}
		{AAC5793B-171F-48BC-9196-9FB20A813CD0} = {C3A65629-16B5-4FF8-B0E7-96D0902E8EC6}
		{B1E784AC-096D-4285-8278-B4CF77334EA3} = {C3A65629-16B5-4FF8-B0E7-96D0902E8EC6}
		{00365530-822C-4C31-92CC-FC7B47C374A7} = {DFB86669-A887-4256-BF53-E22C6ECFA1A2}
		{CB01984C-F411-4250-BEA9-211BD430BEF6} = {775AF24E-9BDA-4395-8CE4-0F1E93F33BEE}
		{D69A7B8F-2294-449F-A48B-56C9086CDAE4} = {CB01984C-F411-4250-BEA9-211BD430BEF6}
		{47086A1E-628E-49F3-B568-5B8240175FCA} = {CB01984C-F411-4250-BEA9-211BD430BEF6}
		{9670DD6F-101E-4F15-B0F0-F32B53A21ABB} = {B82964BD-88EA-4A29-94DD-5273F8C5EDEC}
		{C85E8AB3-7065-4E83-86DE-72C0BCE20458} = {775AF24E-9BDA-4395-8CE4-0F1E93F33BEE}
		{44E98FF9-27E5-41E4-8E19-81B3C131D0C7} = {C85E8AB3-7065-4E83-86DE-72C0BCE20458}
		{7B846EDF-C13A-4C7F-8632-45F3E17ED5F6} = {9AC0BAD5-52BD-4E41-B51E-74062D72BCDF}
		{6812C036-05BB-4EA1-899A-7D947F7B5F6B} = {28ED8A6B-790B-4896-B541-BE0E1C6AA544}
		{58DAC51C-F0C0-445B-863F-1C6C1AE47694} = {7B846EDF-C13A-4C7F-8632-45F3E17ED5F6}
		{FAE33C86-C5A4-4514-9C4F-2827ED99FA10} = {2DE1EEF8-6C50-40F8-A9A9-BEF516042B24}
		{07D050EB-7109-4216-AA34-9005B601550B} = {8CF39CFA-48FE-4C11-B95D-700F569F7EFB}
		{034AA5C3-2337-490D-BA9C-C6D8AE020EFE} = {8FBE65D3-1810-4D87-939E-2608106330BD}
		{32CCFD3A-FCB4-4275-A354-D52D210EB512} = {7B846EDF-C13A-4C7F-8632-45F3E17ED5F6}
		{94A44287-4B89-4BAA-81D8-E754F1AB85B1} = {32CCFD3A-FCB4-4275-A354-D52D210EB512}
		{5A01E2EE-39F1-488F-A6EC-0C0C60E06346} = {C376D7D3-C837-479E-B410-DB79DCD504D1}
		{FAC34C91-B25B-4D6E-BE36-E3E34A746A83} = {C376D7D3-C837-479E-B410-DB79DCD504D1}
		{29E6506F-BA76-4C2C-9272-1E882C553E46} = {C376D7D3-C837-479E-B410-DB79DCD504D1}
		{27D1A8A1-08C7-4ADA-86AB-2366BC044AA5} = {AA3E2A1E-2D00-415C-971B-87F290051E39}
		{60313297-04AD-4709-957A-20EF8C6C1230} = {AA3E2A1E-2D00-415C-971B-87F290051E39}
		{F6616D72-4655-4061-A9C1-75E5C8F7F4B4} = {9AC0BAD5-52BD-4E41-B51E-74062D72BCDF}
		{F3C8AF98-79B0-4AAF-B303-9AE6BEC73BF3} = {28ED8A6B-790B-4896-B541-BE0E1C6AA544}
		{73720105-DA19-43B7-A37A-3383ACDA63B4} = {9AC0BAD5-52BD-4E41-B51E-74062D72BCDF}
		{08595ABF-1C5E-44B6-86A3-57AC751CF71F} = {AA3E2A1E-2D00-415C-971B-87F290051E39}
		{20734C63-CA11-4057-A0DB-FEE9DD4D3631} = {7B846EDF-C13A-4C7F-8632-45F3E17ED5F6}
		{DE9AAC2F-471D-42A5-8F55-015A7AB4FEC4} = {3755FE95-8760-4380-954E-5E2F4C9B8C15}
		{3755FE95-8760-4380-954E-5E2F4C9B8C15} = {20734C63-CA11-4057-A0DB-FEE9DD4D3631}
		{DA83039D-DB5E-4800-A909-08FE01B62F04} = {3755FE95-8760-4380-954E-5E2F4C9B8C15}
		{2A0FA694-9858-4E75-BD41-4E67D136A2CC} = {DA83039D-DB5E-4800-A909-08FE01B62F04}
		{A4C23CAB-AC17-4ADB-A120-E112A9704BB6} = {B8CF3E55-E000-4C0A-9E00-459E6B9AD36C}
		{03A916A8-3F0C-486E-983D-EE3E9F4BD8EE} = {B8CF3E55-E000-4C0A-9E00-459E6B9AD36C}
		{8CF39CFA-48FE-4C11-B95D-700F569F7EFB} = {58DAC51C-F0C0-445B-863F-1C6C1AE47694}
		{3757392C-414B-40ED-A5C8-3CD5A7874D0D} = {8CF39CFA-48FE-4C11-B95D-700F569F7EFB}
		{692F7C31-1A6B-4BDC-8A56-A95B5EC6A9ED} = {3757392C-414B-40ED-A5C8-3CD5A7874D0D}
		{5E8E6D0C-A3C4-4DC3-AFBD-FC384793EA8D} = {692F7C31-1A6B-4BDC-8A56-A95B5EC6A9ED}
		{28ED8A6B-790B-4896-B541-BE0E1C6AA544} = {7B846EDF-C13A-4C7F-8632-45F3E17ED5F6}
		{AFCC06DB-1DAF-444A-A885-D41F56120701} = {8FBE65D3-1810-4D87-939E-2608106330BD}
		{2DE1EEF8-6C50-40F8-A9A9-BEF516042B24} = {58DAC51C-F0C0-445B-863F-1C6C1AE47694}
	EndGlobalSection
EndGlobal
