
Microsoft Visual Studio Solution File, Format Version 10.00
# Visual Studio 2008
Project("{8BC9CEB8-8B4A-11D0-8D11-00A0C91BC942}") = "01A-BasicWindowedDirectX", "01A-BasicWindowedDirectX.vcproj", "{92C60B41-DDFB-4B3B-ADEB-743EE7AD7FA6}"
	ProjectSection(ProjectDependencies) = postProject
		{E7013DBE-7C14-434D-8DA2-0918504FDEB5} = {E7013DBE-7C14-434D-8DA2-0918504FDEB5}
	EndProjectSection
EndProject
Project("{8BC9CEB8-8B4A-11D0-8D11-00A0C91BC942}") = "TesterBase", "..\..\..\TesterBase\TesterBase.vcproj", "{E7013DBE-7C14-434D-8DA2-0918504FDEB5}"
EndProject
Global
	GlobalSection(SolutionConfigurationPlatforms) = preSolution
		Debug|Win32 = Debug|Win32
		Release|Win32 = Release|Win32
	EndGlobalSection
	GlobalSection(ProjectConfigurationPlatforms) = postSolution
		{92C60B41-DDFB-4B3B-ADEB-743EE7AD7FA6}.Debug|Win32.ActiveCfg = Debug|Win32
		{92C60B41-DDFB-4B3B-ADEB-743EE7AD7FA6}.Debug|Win32.Build.0 = Debug|Win32
		{92C60B41-DDFB-4B3B-ADEB-743EE7AD7FA6}.Release|Win32.ActiveCfg = Release|Win32
		{92C60B41-DDFB-4B3B-ADEB-743EE7AD7FA6}.Release|Win32.Build.0 = Release|Win32
		{E7013DBE-7C14-434D-8DA2-0918504FDEB5}.Debug|Win32.ActiveCfg = Debug|Win32
		{E7013DBE-7C14-434D-8DA2-0918504FDEB5}.Debug|Win32.Build.0 = Debug|Win32
		{E7013DBE-7C14-434D-8DA2-0918504FDEB5}.Release|Win32.ActiveCfg = Release|Win32
		{E7013DBE-7C14-434D-8DA2-0918504FDEB5}.Release|Win32.Build.0 = Release|Win32
	EndGlobalSection
	GlobalSection(SolutionProperties) = preSolution
		HideSolutionNode = FALSE
	EndGlobalSection
EndGlobal
